
Microsoft Visual Studio Solution File, Format Version 12.00
# Visual Studio 2012
VisualStudioVersion = 12.0.30501.0
MinimumVisualStudioVersion = 10.0.40219.1
Project("{FAE04EC0-301F-11D3-BF4B-00C04F79EFBC}") = "TablesLists", "TablesLists\TablesLists.csproj", "{A4DA5795-D785-40ED-B594-BA4AFE0176B9}"
EndProject
Project("{2150E333-8FDC-42A3-9474-1A3956D46DE8}") = "Targets", "Targets", "{3B2B1F3D-96E6-4316-96F6-E3190BE80DCB}"
EndProject
Project("{FAE04EC0-301F-11D3-BF4B-00C04F79EFBC}") = "TablesLists.Android", "TablesLists.Android\TablesLists.Android.csproj", "{74CDE82C-CB76-4BF7-AD53-627014FE0547}"
EndProject
Project("{FAE04EC0-301F-11D3-BF4B-00C04F79EFBC}") = "TablesLists.iOS", "TablesLists.iOS\TablesLists.iOS.csproj", "{6E4C83DD-6F0E-40F2-90FB-B8FCF6D11417}"
EndProject
Project("{FAE04EC0-301F-11D3-BF4B-00C04F79EFBC}") = "TablesLists.WinPhone", "TablesLists.WinPhone\TablesLists.WinPhone.csproj", "{E478F53C-9189-4C93-81F2-9F40CCAE0FD9}"
EndProject
Global
	GlobalSection(SolutionConfigurationPlatforms) = preSolution
		Ad-Hoc|Any CPU = Ad-Hoc|Any CPU
		Ad-Hoc|ARM = Ad-Hoc|ARM
		Ad-Hoc|iPhone = Ad-Hoc|iPhone
		Ad-Hoc|iPhoneSimulator = Ad-Hoc|iPhoneSimulator
		Ad-Hoc|Mixed Platforms = Ad-Hoc|Mixed Platforms
		Ad-Hoc|x86 = Ad-Hoc|x86
		AppStore|Any CPU = AppStore|Any CPU
		AppStore|ARM = AppStore|ARM
		AppStore|iPhone = AppStore|iPhone
		AppStore|iPhoneSimulator = AppStore|iPhoneSimulator
		AppStore|Mixed Platforms = AppStore|Mixed Platforms
		AppStore|x86 = AppStore|x86
		Debug|Any CPU = Debug|Any CPU
		Debug|ARM = Debug|ARM
		Debug|iPhone = Debug|iPhone
		Debug|iPhoneSimulator = Debug|iPhoneSimulator
		Debug|Mixed Platforms = Debug|Mixed Platforms
		Debug|x86 = Debug|x86
		Release|Any CPU = Release|Any CPU
		Release|ARM = Release|ARM
		Release|iPhone = Release|iPhone
		Release|iPhoneSimulator = Release|iPhoneSimulator
		Release|Mixed Platforms = Release|Mixed Platforms
		Release|x86 = Release|x86
	EndGlobalSection
	GlobalSection(ProjectConfigurationPlatforms) = postSolution
		{6E4C83DD-6F0E-40F2-90FB-B8FCF6D11417}.Ad-Hoc|Any CPU.ActiveCfg = Ad-Hoc|iPhoneSimulator
		{6E4C83DD-6F0E-40F2-90FB-B8FCF6D11417}.Ad-Hoc|ARM.ActiveCfg = Ad-Hoc|iPhoneSimulator
		{6E4C83DD-6F0E-40F2-90FB-B8FCF6D11417}.Ad-Hoc|iPhone.ActiveCfg = Ad-Hoc|iPhone
		{6E4C83DD-6F0E-40F2-90FB-B8FCF6D11417}.Ad-Hoc|iPhone.Build.0 = Ad-Hoc|iPhone
		{6E4C83DD-6F0E-40F2-90FB-B8FCF6D11417}.Ad-Hoc|iPhoneSimulator.ActiveCfg = Ad-Hoc|iPhoneSimulator
		{6E4C83DD-6F0E-40F2-90FB-B8FCF6D11417}.Ad-Hoc|iPhoneSimulator.Build.0 = Ad-Hoc|iPhoneSimulator
		{6E4C83DD-6F0E-40F2-90FB-B8FCF6D11417}.Ad-Hoc|iPhoneSimulator.Deploy.0 = Ad-Hoc|iPhoneSimulator
		{6E4C83DD-6F0E-40F2-90FB-B8FCF6D11417}.Ad-Hoc|Mixed Platforms.ActiveCfg = Ad-Hoc|iPhoneSimulator
		{6E4C83DD-6F0E-40F2-90FB-B8FCF6D11417}.Ad-Hoc|Mixed Platforms.Build.0 = Ad-Hoc|iPhoneSimulator
		{6E4C83DD-6F0E-40F2-90FB-B8FCF6D11417}.Ad-Hoc|Mixed Platforms.Deploy.0 = Ad-Hoc|iPhoneSimulator
		{6E4C83DD-6F0E-40F2-90FB-B8FCF6D11417}.Ad-Hoc|x86.ActiveCfg = Ad-Hoc|iPhoneSimulator
		{6E4C83DD-6F0E-40F2-90FB-B8FCF6D11417}.AppStore|Any CPU.ActiveCfg = AppStore|iPhoneSimulator
		{6E4C83DD-6F0E-40F2-90FB-B8FCF6D11417}.AppStore|ARM.ActiveCfg = AppStore|iPhoneSimulator
		{6E4C83DD-6F0E-40F2-90FB-B8FCF6D11417}.AppStore|iPhone.ActiveCfg = AppStore|iPhone
		{6E4C83DD-6F0E-40F2-90FB-B8FCF6D11417}.AppStore|iPhone.Build.0 = AppStore|iPhone
		{6E4C83DD-6F0E-40F2-90FB-B8FCF6D11417}.AppStore|iPhoneSimulator.ActiveCfg = AppStore|iPhoneSimulator
		{6E4C83DD-6F0E-40F2-90FB-B8FCF6D11417}.AppStore|iPhoneSimulator.Build.0 = AppStore|iPhoneSimulator
		{6E4C83DD-6F0E-40F2-90FB-B8FCF6D11417}.AppStore|iPhoneSimulator.Deploy.0 = AppStore|iPhoneSimulator
		{6E4C83DD-6F0E-40F2-90FB-B8FCF6D11417}.AppStore|Mixed Platforms.ActiveCfg = AppStore|iPhoneSimulator
		{6E4C83DD-6F0E-40F2-90FB-B8FCF6D11417}.AppStore|Mixed Platforms.Build.0 = AppStore|iPhoneSimulator
		{6E4C83DD-6F0E-40F2-90FB-B8FCF6D11417}.AppStore|Mixed Platforms.Deploy.0 = AppStore|iPhoneSimulator
		{6E4C83DD-6F0E-40F2-90FB-B8FCF6D11417}.AppStore|x86.ActiveCfg = AppStore|iPhoneSimulator
		{6E4C83DD-6F0E-40F2-90FB-B8FCF6D11417}.Debug|Any CPU.ActiveCfg = Debug|iPhoneSimulator
		{6E4C83DD-6F0E-40F2-90FB-B8FCF6D11417}.Debug|Any CPU.Build.0 = Debug|iPhoneSimulator
		{6E4C83DD-6F0E-40F2-90FB-B8FCF6D11417}.Debug|ARM.ActiveCfg = Debug|iPhone
		{6E4C83DD-6F0E-40F2-90FB-B8FCF6D11417}.Debug|iPhone.ActiveCfg = Debug|iPhone
		{6E4C83DD-6F0E-40F2-90FB-B8FCF6D11417}.Debug|iPhone.Build.0 = Debug|iPhone
		{6E4C83DD-6F0E-40F2-90FB-B8FCF6D11417}.Debug|iPhoneSimulator.ActiveCfg = Debug|iPhoneSimulator
		{6E4C83DD-6F0E-40F2-90FB-B8FCF6D11417}.Debug|iPhoneSimulator.Build.0 = Debug|iPhoneSimulator
		{6E4C83DD-6F0E-40F2-90FB-B8FCF6D11417}.Debug|Mixed Platforms.ActiveCfg = Debug|iPhone
		{6E4C83DD-6F0E-40F2-90FB-B8FCF6D11417}.Debug|Mixed Platforms.Build.0 = Debug|iPhone
		{6E4C83DD-6F0E-40F2-90FB-B8FCF6D11417}.Debug|Mixed Platforms.Deploy.0 = Debug|iPhone
		{6E4C83DD-6F0E-40F2-90FB-B8FCF6D11417}.Debug|x86.ActiveCfg = Debug|iPhone
		{6E4C83DD-6F0E-40F2-90FB-B8FCF6D11417}.Release|Any CPU.ActiveCfg = Release|iPhoneSimulator
		{6E4C83DD-6F0E-40F2-90FB-B8FCF6D11417}.Release|Any CPU.Build.0 = Release|iPhoneSimulator
		{6E4C83DD-6F0E-40F2-90FB-B8FCF6D11417}.Release|ARM.ActiveCfg = Release|iPhone
		{6E4C83DD-6F0E-40F2-90FB-B8FCF6D11417}.Release|iPhone.ActiveCfg = Release|iPhone
		{6E4C83DD-6F0E-40F2-90FB-B8FCF6D11417}.Release|iPhone.Build.0 = Release|iPhone
		{6E4C83DD-6F0E-40F2-90FB-B8FCF6D11417}.Release|iPhoneSimulator.ActiveCfg = Release|iPhoneSimulator
		{6E4C83DD-6F0E-40F2-90FB-B8FCF6D11417}.Release|iPhoneSimulator.Build.0 = Release|iPhoneSimulator
		{6E4C83DD-6F0E-40F2-90FB-B8FCF6D11417}.Release|Mixed Platforms.ActiveCfg = Release|iPhone
		{6E4C83DD-6F0E-40F2-90FB-B8FCF6D11417}.Release|Mixed Platforms.Build.0 = Release|iPhone
		{6E4C83DD-6F0E-40F2-90FB-B8FCF6D11417}.Release|Mixed Platforms.Deploy.0 = Release|iPhone
		{6E4C83DD-6F0E-40F2-90FB-B8FCF6D11417}.Release|x86.ActiveCfg = Release|iPhone
		{74CDE82C-CB76-4BF7-AD53-627014FE0547}.Ad-Hoc|Any CPU.ActiveCfg = Release|Any CPU
		{74CDE82C-CB76-4BF7-AD53-627014FE0547}.Ad-Hoc|Any CPU.Build.0 = Release|Any CPU
		{74CDE82C-CB76-4BF7-AD53-627014FE0547}.Ad-Hoc|Any CPU.Deploy.0 = Release|Any CPU
		{74CDE82C-CB76-4BF7-AD53-627014FE0547}.Ad-Hoc|ARM.ActiveCfg = Release|Any CPU
		{74CDE82C-CB76-4BF7-AD53-627014FE0547}.Ad-Hoc|iPhone.ActiveCfg = Debug|Any CPU
		{74CDE82C-CB76-4BF7-AD53-627014FE0547}.Ad-Hoc|iPhone.Build.0 = Debug|Any CPU
		{74CDE82C-CB76-4BF7-AD53-627014FE0547}.Ad-Hoc|iPhoneSimulator.ActiveCfg = Release|Any CPU
		{74CDE82C-CB76-4BF7-AD53-627014FE0547}.Ad-Hoc|Mixed Platforms.ActiveCfg = Release|Any CPU
		{74CDE82C-CB76-4BF7-AD53-627014FE0547}.Ad-Hoc|Mixed Platforms.Build.0 = Release|Any CPU
		{74CDE82C-CB76-4BF7-AD53-627014FE0547}.Ad-Hoc|Mixed Platforms.Deploy.0 = Release|Any CPU
		{74CDE82C-CB76-4BF7-AD53-627014FE0547}.Ad-Hoc|x86.ActiveCfg = Release|Any CPU
		{74CDE82C-CB76-4BF7-AD53-627014FE0547}.AppStore|Any CPU.ActiveCfg = Release|Any CPU
		{74CDE82C-CB76-4BF7-AD53-627014FE0547}.AppStore|Any CPU.Build.0 = Release|Any CPU
		{74CDE82C-CB76-4BF7-AD53-627014FE0547}.AppStore|Any CPU.Deploy.0 = Release|Any CPU
		{74CDE82C-CB76-4BF7-AD53-627014FE0547}.AppStore|ARM.ActiveCfg = Release|Any CPU
		{74CDE82C-CB76-4BF7-AD53-627014FE0547}.AppStore|iPhone.ActiveCfg = Debug|Any CPU
		{74CDE82C-CB76-4BF7-AD53-627014FE0547}.AppStore|iPhone.Build.0 = Debug|Any CPU
		{74CDE82C-CB76-4BF7-AD53-627014FE0547}.AppStore|iPhoneSimulator.ActiveCfg = Release|Any CPU
		{74CDE82C-CB76-4BF7-AD53-627014FE0547}.AppStore|Mixed Platforms.ActiveCfg = Release|Any CPU
		{74CDE82C-CB76-4BF7-AD53-627014FE0547}.AppStore|Mixed Platforms.Build.0 = Release|Any CPU
		{74CDE82C-CB76-4BF7-AD53-627014FE0547}.AppStore|Mixed Platforms.Deploy.0 = Release|Any CPU
		{74CDE82C-CB76-4BF7-AD53-627014FE0547}.AppStore|x86.ActiveCfg = Release|Any CPU
		{74CDE82C-CB76-4BF7-AD53-627014FE0547}.Debug|Any CPU.ActiveCfg = Debug|Any CPU
		{74CDE82C-CB76-4BF7-AD53-627014FE0547}.Debug|Any CPU.Build.0 = Debug|Any CPU
		{74CDE82C-CB76-4BF7-AD53-627014FE0547}.Debug|ARM.ActiveCfg = Debug|Any CPU
		{74CDE82C-CB76-4BF7-AD53-627014FE0547}.Debug|iPhone.ActiveCfg = Debug|Any CPU
		{74CDE82C-CB76-4BF7-AD53-627014FE0547}.Debug|iPhone.Build.0 = Debug|Any CPU
		{74CDE82C-CB76-4BF7-AD53-627014FE0547}.Debug|iPhoneSimulator.ActiveCfg = Debug|Any CPU
		{74CDE82C-CB76-4BF7-AD53-627014FE0547}.Debug|iPhoneSimulator.Build.0 = Debug|Any CPU
		{74CDE82C-CB76-4BF7-AD53-627014FE0547}.Debug|Mixed Platforms.ActiveCfg = Debug|Any CPU
		{74CDE82C-CB76-4BF7-AD53-627014FE0547}.Debug|Mixed Platforms.Build.0 = Debug|Any CPU
		{74CDE82C-CB76-4BF7-AD53-627014FE0547}.Debug|Mixed Platforms.Deploy.0 = Debug|Any CPU
		{74CDE82C-CB76-4BF7-AD53-627014FE0547}.Debug|x86.ActiveCfg = Debug|Any CPU
		{74CDE82C-CB76-4BF7-AD53-627014FE0547}.Release|Any CPU.ActiveCfg = Release|Any CPU
		{74CDE82C-CB76-4BF7-AD53-627014FE0547}.Release|Any CPU.Build.0 = Release|Any CPU
		{74CDE82C-CB76-4BF7-AD53-627014FE0547}.Release|ARM.ActiveCfg = Release|Any CPU
		{74CDE82C-CB76-4BF7-AD53-627014FE0547}.Release|iPhone.ActiveCfg = Release|Any CPU
		{74CDE82C-CB76-4BF7-AD53-627014FE0547}.Release|iPhone.Build.0 = Release|Any CPU
		{74CDE82C-CB76-4BF7-AD53-627014FE0547}.Release|iPhoneSimulator.ActiveCfg = Release|Any CPU
		{74CDE82C-CB76-4BF7-AD53-627014FE0547}.Release|iPhoneSimulator.Build.0 = Release|Any CPU
		{74CDE82C-CB76-4BF7-AD53-627014FE0547}.Release|Mixed Platforms.ActiveCfg = Release|Any CPU
		{74CDE82C-CB76-4BF7-AD53-627014FE0547}.Release|Mixed Platforms.Build.0 = Release|Any CPU
		{74CDE82C-CB76-4BF7-AD53-627014FE0547}.Release|Mixed Platforms.Deploy.0 = Release|Any CPU
		{74CDE82C-CB76-4BF7-AD53-627014FE0547}.Release|x86.ActiveCfg = Release|Any CPU
		{A4DA5795-D785-40ED-B594-BA4AFE0176B9}.Ad-Hoc|Any CPU.ActiveCfg = Release|Any CPU
		{A4DA5795-D785-40ED-B594-BA4AFE0176B9}.Ad-Hoc|Any CPU.Build.0 = Release|Any CPU
		{A4DA5795-D785-40ED-B594-BA4AFE0176B9}.Ad-Hoc|ARM.ActiveCfg = Release|Any CPU
		{A4DA5795-D785-40ED-B594-BA4AFE0176B9}.Ad-Hoc|iPhone.ActiveCfg = Debug|Any CPU
		{A4DA5795-D785-40ED-B594-BA4AFE0176B9}.Ad-Hoc|iPhone.Build.0 = Debug|Any CPU
		{A4DA5795-D785-40ED-B594-BA4AFE0176B9}.Ad-Hoc|iPhoneSimulator.ActiveCfg = Release|Any CPU
		{A4DA5795-D785-40ED-B594-BA4AFE0176B9}.Ad-Hoc|Mixed Platforms.ActiveCfg = Release|Any CPU
		{A4DA5795-D785-40ED-B594-BA4AFE0176B9}.Ad-Hoc|Mixed Platforms.Build.0 = Release|Any CPU
		{A4DA5795-D785-40ED-B594-BA4AFE0176B9}.Ad-Hoc|x86.ActiveCfg = Release|Any CPU
		{A4DA5795-D785-40ED-B594-BA4AFE0176B9}.AppStore|Any CPU.ActiveCfg = Release|Any CPU
		{A4DA5795-D785-40ED-B594-BA4AFE0176B9}.AppStore|Any CPU.Build.0 = Release|Any CPU
		{A4DA5795-D785-40ED-B594-BA4AFE0176B9}.AppStore|ARM.ActiveCfg = Release|Any CPU
		{A4DA5795-D785-40ED-B594-BA4AFE0176B9}.AppStore|iPhone.ActiveCfg = Debug|Any CPU
		{A4DA5795-D785-40ED-B594-BA4AFE0176B9}.AppStore|iPhone.Build.0 = Debug|Any CPU
		{A4DA5795-D785-40ED-B594-BA4AFE0176B9}.AppStore|iPhoneSimulator.ActiveCfg = Release|Any CPU
		{A4DA5795-D785-40ED-B594-BA4AFE0176B9}.AppStore|Mixed Platforms.ActiveCfg = Release|Any CPU
		{A4DA5795-D785-40ED-B594-BA4AFE0176B9}.AppStore|Mixed Platforms.Build.0 = Release|Any CPU
		{A4DA5795-D785-40ED-B594-BA4AFE0176B9}.AppStore|x86.ActiveCfg = Release|Any CPU
		{A4DA5795-D785-40ED-B594-BA4AFE0176B9}.Debug|Any CPU.ActiveCfg = Debug|Any CPU
		{A4DA5795-D785-40ED-B594-BA4AFE0176B9}.Debug|Any CPU.Build.0 = Debug|Any CPU
		{A4DA5795-D785-40ED-B594-BA4AFE0176B9}.Debug|ARM.ActiveCfg = Debug|Any CPU
		{A4DA5795-D785-40ED-B594-BA4AFE0176B9}.Debug|iPhone.ActiveCfg = Debug|Any CPU
		{A4DA5795-D785-40ED-B594-BA4AFE0176B9}.Debug|iPhone.Build.0 = Debug|Any CPU
		{A4DA5795-D785-40ED-B594-BA4AFE0176B9}.Debug|iPhoneSimulator.ActiveCfg = Debug|Any CPU
		{A4DA5795-D785-40ED-B594-BA4AFE0176B9}.Debug|iPhoneSimulator.Build.0 = Debug|Any CPU
		{A4DA5795-D785-40ED-B594-BA4AFE0176B9}.Debug|Mixed Platforms.ActiveCfg = Debug|Any CPU
		{A4DA5795-D785-40ED-B594-BA4AFE0176B9}.Debug|Mixed Platforms.Build.0 = Debug|Any CPU
		{A4DA5795-D785-40ED-B594-BA4AFE0176B9}.Debug|x86.ActiveCfg = Debug|Any CPU
		{A4DA5795-D785-40ED-B594-BA4AFE0176B9}.Release|Any CPU.ActiveCfg = Release|Any CPU
		{A4DA5795-D785-40ED-B594-BA4AFE0176B9}.Release|Any CPU.Build.0 = Release|Any CPU
		{A4DA5795-D785-40ED-B594-BA4AFE0176B9}.Release|ARM.ActiveCfg = Release|Any CPU
		{A4DA5795-D785-40ED-B594-BA4AFE0176B9}.Release|iPhone.ActiveCfg = Release|Any CPU
		{A4DA5795-D785-40ED-B594-BA4AFE0176B9}.Release|iPhone.Build.0 = Release|Any CPU
		{A4DA5795-D785-40ED-B594-BA4AFE0176B9}.Release|iPhoneSimulator.ActiveCfg = Release|Any CPU
		{A4DA5795-D785-40ED-B594-BA4AFE0176B9}.Release|iPhoneSimulator.Build.0 = Release|Any CPU
		{A4DA5795-D785-40ED-B594-BA4AFE0176B9}.Release|Mixed Platforms.ActiveCfg = Release|Any CPU
		{A4DA5795-D785-40ED-B594-BA4AFE0176B9}.Release|Mixed Platforms.Build.0 = Release|Any CPU
		{A4DA5795-D785-40ED-B594-BA4AFE0176B9}.Release|x86.ActiveCfg = Release|Any CPU
		{E478F53C-9189-4C93-81F2-9F40CCAE0FD9}.Ad-Hoc|Any CPU.ActiveCfg = Release|Any CPU
		{E478F53C-9189-4C93-81F2-9F40CCAE0FD9}.Ad-Hoc|Any CPU.Build.0 = Release|Any CPU
		{E478F53C-9189-4C93-81F2-9F40CCAE0FD9}.Ad-Hoc|Any CPU.Deploy.0 = Release|Any CPU
		{E478F53C-9189-4C93-81F2-9F40CCAE0FD9}.Ad-Hoc|ARM.ActiveCfg = Release|ARM
		{E478F53C-9189-4C93-81F2-9F40CCAE0FD9}.Ad-Hoc|ARM.Build.0 = Release|ARM
		{E478F53C-9189-4C93-81F2-9F40CCAE0FD9}.Ad-Hoc|ARM.Deploy.0 = Release|ARM
		{E478F53C-9189-4C93-81F2-9F40CCAE0FD9}.Ad-Hoc|iPhone.ActiveCfg = Release|Any CPU
		{E478F53C-9189-4C93-81F2-9F40CCAE0FD9}.Ad-Hoc|iPhoneSimulator.ActiveCfg = Release|Any CPU
		{E478F53C-9189-4C93-81F2-9F40CCAE0FD9}.Ad-Hoc|Mixed Platforms.ActiveCfg = Release|x86
		{E478F53C-9189-4C93-81F2-9F40CCAE0FD9}.Ad-Hoc|Mixed Platforms.Build.0 = Release|x86
		{E478F53C-9189-4C93-81F2-9F40CCAE0FD9}.Ad-Hoc|Mixed Platforms.Deploy.0 = Release|x86
		{E478F53C-9189-4C93-81F2-9F40CCAE0FD9}.Ad-Hoc|x86.ActiveCfg = Release|x86
		{E478F53C-9189-4C93-81F2-9F40CCAE0FD9}.Ad-Hoc|x86.Build.0 = Release|x86
		{E478F53C-9189-4C93-81F2-9F40CCAE0FD9}.Ad-Hoc|x86.Deploy.0 = Release|x86
		{E478F53C-9189-4C93-81F2-9F40CCAE0FD9}.AppStore|Any CPU.ActiveCfg = Release|Any CPU
		{E478F53C-9189-4C93-81F2-9F40CCAE0FD9}.AppStore|Any CPU.Build.0 = Release|Any CPU
		{E478F53C-9189-4C93-81F2-9F40CCAE0FD9}.AppStore|Any CPU.Deploy.0 = Release|Any CPU
		{E478F53C-9189-4C93-81F2-9F40CCAE0FD9}.AppStore|ARM.ActiveCfg = Release|ARM
		{E478F53C-9189-4C93-81F2-9F40CCAE0FD9}.AppStore|ARM.Build.0 = Release|ARM
		{E478F53C-9189-4C93-81F2-9F40CCAE0FD9}.AppStore|ARM.Deploy.0 = Release|ARM
		{E478F53C-9189-4C93-81F2-9F40CCAE0FD9}.AppStore|iPhone.ActiveCfg = Release|Any CPU
		{E478F53C-9189-4C93-81F2-9F40CCAE0FD9}.AppStore|iPhoneSimulator.ActiveCfg = Release|Any CPU
		{E478F53C-9189-4C93-81F2-9F40CCAE0FD9}.AppStore|Mixed Platforms.ActiveCfg = Release|x86
		{E478F53C-9189-4C93-81F2-9F40CCAE0FD9}.AppStore|Mixed Platforms.Build.0 = Release|x86
		{E478F53C-9189-4C93-81F2-9F40CCAE0FD9}.AppStore|Mixed Platforms.Deploy.0 = Release|x86
		{E478F53C-9189-4C93-81F2-9F40CCAE0FD9}.AppStore|x86.ActiveCfg = Release|x86
		{E478F53C-9189-4C93-81F2-9F40CCAE0FD9}.AppStore|x86.Build.0 = Release|x86
		{E478F53C-9189-4C93-81F2-9F40CCAE0FD9}.AppStore|x86.Deploy.0 = Release|x86
		{E478F53C-9189-4C93-81F2-9F40CCAE0FD9}.Debug|Any CPU.ActiveCfg = Debug|Any CPU
		{E478F53C-9189-4C93-81F2-9F40CCAE0FD9}.Debug|Any CPU.Build.0 = Debug|Any CPU
		{E478F53C-9189-4C93-81F2-9F40CCAE0FD9}.Debug|Any CPU.Deploy.0 = Debug|Any CPU
		{E478F53C-9189-4C93-81F2-9F40CCAE0FD9}.Debug|ARM.ActiveCfg = Debug|ARM
		{E478F53C-9189-4C93-81F2-9F40CCAE0FD9}.Debug|ARM.Build.0 = Debug|ARM
		{E478F53C-9189-4C93-81F2-9F40CCAE0FD9}.Debug|ARM.Deploy.0 = Debug|ARM
		{E478F53C-9189-4C93-81F2-9F40CCAE0FD9}.Debug|iPhone.ActiveCfg = Debug|Any CPU
		{E478F53C-9189-4C93-81F2-9F40CCAE0FD9}.Debug|iPhoneSimulator.ActiveCfg = Debug|Any CPU
		{E478F53C-9189-4C93-81F2-9F40CCAE0FD9}.Debug|Mixed Platforms.ActiveCfg = Debug|x86
		{E478F53C-9189-4C93-81F2-9F40CCAE0FD9}.Debug|Mixed Platforms.Build.0 = Debug|x86
		{E478F53C-9189-4C93-81F2-9F40CCAE0FD9}.Debug|Mixed Platforms.Deploy.0 = Debug|x86
		{E478F53C-9189-4C93-81F2-9F40CCAE0FD9}.Debug|x86.ActiveCfg = Debug|x86
		{E478F53C-9189-4C93-81F2-9F40CCAE0FD9}.Debug|x86.Build.0 = Debug|x86
		{E478F53C-9189-4C93-81F2-9F40CCAE0FD9}.Debug|x86.Deploy.0 = Debug|x86
		{E478F53C-9189-4C93-81F2-9F40CCAE0FD9}.Release|Any CPU.ActiveCfg = Release|Any CPU
		{E478F53C-9189-4C93-81F2-9F40CCAE0FD9}.Release|Any CPU.Build.0 = Release|Any CPU
		{E478F53C-9189-4C93-81F2-9F40CCAE0FD9}.Release|Any CPU.Deploy.0 = Release|Any CPU
		{E478F53C-9189-4C93-81F2-9F40CCAE0FD9}.Release|ARM.ActiveCfg = Release|ARM
		{E478F53C-9189-4C93-81F2-9F40CCAE0FD9}.Release|ARM.Build.0 = Release|ARM
		{E478F53C-9189-4C93-81F2-9F40CCAE0FD9}.Release|ARM.Deploy.0 = Release|ARM
		{E478F53C-9189-4C93-81F2-9F40CCAE0FD9}.Release|iPhone.ActiveCfg = Release|Any CPU
		{E478F53C-9189-4C93-81F2-9F40CCAE0FD9}.Release|iPhoneSimulator.ActiveCfg = Release|Any CPU
		{E478F53C-9189-4C93-81F2-9F40CCAE0FD9}.Release|Mixed Platforms.ActiveCfg = Release|x86
		{E478F53C-9189-4C93-81F2-9F40CCAE0FD9}.Release|Mixed Platforms.Build.0 = Release|x86
		{E478F53C-9189-4C93-81F2-9F40CCAE0FD9}.Release|Mixed Platforms.Deploy.0 = Release|x86
		{E478F53C-9189-4C93-81F2-9F40CCAE0FD9}.Release|x86.ActiveCfg = Release|x86
		{E478F53C-9189-4C93-81F2-9F40CCAE0FD9}.Release|x86.Build.0 = Release|x86
		{E478F53C-9189-4C93-81F2-9F40CCAE0FD9}.Release|x86.Deploy.0 = Release|x86
	EndGlobalSection
	GlobalSection(NestedProjects) = preSolution
		{74CDE82C-CB76-4BF7-AD53-627014FE0547} = {3B2B1F3D-96E6-4316-96F6-E3190BE80DCB}
		{6E4C83DD-6F0E-40F2-90FB-B8FCF6D11417} = {3B2B1F3D-96E6-4316-96F6-E3190BE80DCB}
		{E478F53C-9189-4C93-81F2-9F40CCAE0FD9} = {3B2B1F3D-96E6-4316-96F6-E3190BE80DCB}
	EndGlobalSection
	GlobalSection(MonoDevelopProperties) = preSolution
		StartupItem = TablesLists.Android\TablesLists.Android.csproj
	EndGlobalSection
	GlobalSection(SolutionProperties) = preSolution
		HideSolutionNode = FALSE
	EndGlobalSection
EndGlobal
