
Microsoft Visual Studio Solution File, Format Version 12.00
# Visual Studio 14
VisualStudioVersion = 14.0.24720.0
MinimumVisualStudioVersion = 10.0.40219.1
Project("{FAE04EC0-301F-11D3-BF4B-00C04F79EFBC}") = "TextSample", "TextSample\TextSample.csproj", "{DB9935AE-D9EF-4DB5-9935-6F6E9D8A902C}"
EndProject
Project("{FAE04EC0-301F-11D3-BF4B-00C04F79EFBC}") = "TextSample.iOS", "iOS\TextSample.iOS.csproj", "{6F60EB9D-E872-4228-936E-175E998D6F93}"
EndProject
Project("{FAE04EC0-301F-11D3-BF4B-00C04F79EFBC}") = "TextSample.Droid", "Droid\TextSample.Droid.csproj", "{66D0C42E-A431-4232-955D-FD9FE6F5FA6F}"
EndProject
Project("{FAE04EC0-301F-11D3-BF4B-00C04F79EFBC}") = "TextSample.UWP", "UWP\TextSample.UWP.csproj", "{B4EF1877-7094-44CC-93FB-3CF8FDC99DD8}"
EndProject
Global
	GlobalSection(SolutionConfigurationPlatforms) = preSolution
		Debug|Any CPU = Debug|Any CPU
		Debug|ARM = Debug|ARM
		Debug|iPhone = Debug|iPhone
		Debug|iPhoneSimulator = Debug|iPhoneSimulator
		Debug|Mixed Platforms = Debug|Mixed Platforms
		Debug|x64 = Debug|x64
		Debug|x86 = Debug|x86
		Release|Any CPU = Release|Any CPU
		Release|ARM = Release|ARM
		Release|iPhone = Release|iPhone
		Release|iPhoneSimulator = Release|iPhoneSimulator
		Release|Mixed Platforms = Release|Mixed Platforms
		Release|x64 = Release|x64
		Release|x86 = Release|x86
	EndGlobalSection
	GlobalSection(ProjectConfigurationPlatforms) = postSolution
		{DB9935AE-D9EF-4DB5-9935-6F6E9D8A902C}.Debug|Any CPU.ActiveCfg = Debug|Any CPU
		{DB9935AE-D9EF-4DB5-9935-6F6E9D8A902C}.Debug|Any CPU.Build.0 = Debug|Any CPU
		{DB9935AE-D9EF-4DB5-9935-6F6E9D8A902C}.Debug|ARM.ActiveCfg = Debug|Any CPU
		{DB9935AE-D9EF-4DB5-9935-6F6E9D8A902C}.Debug|iPhone.ActiveCfg = Debug|Any CPU
		{DB9935AE-D9EF-4DB5-9935-6F6E9D8A902C}.Debug|iPhone.Build.0 = Debug|Any CPU
		{DB9935AE-D9EF-4DB5-9935-6F6E9D8A902C}.Debug|iPhoneSimulator.ActiveCfg = Debug|Any CPU
		{DB9935AE-D9EF-4DB5-9935-6F6E9D8A902C}.Debug|iPhoneSimulator.Build.0 = Debug|Any CPU
		{DB9935AE-D9EF-4DB5-9935-6F6E9D8A902C}.Debug|Mixed Platforms.ActiveCfg = Debug|Any CPU
		{DB9935AE-D9EF-4DB5-9935-6F6E9D8A902C}.Debug|Mixed Platforms.Build.0 = Debug|Any CPU
		{DB9935AE-D9EF-4DB5-9935-6F6E9D8A902C}.Debug|x64.ActiveCfg = Debug|Any CPU
		{DB9935AE-D9EF-4DB5-9935-6F6E9D8A902C}.Debug|x64.Build.0 = Debug|Any CPU
		{DB9935AE-D9EF-4DB5-9935-6F6E9D8A902C}.Debug|x86.ActiveCfg = Debug|Any CPU
		{DB9935AE-D9EF-4DB5-9935-6F6E9D8A902C}.Release|Any CPU.ActiveCfg = Release|Any CPU
		{DB9935AE-D9EF-4DB5-9935-6F6E9D8A902C}.Release|Any CPU.Build.0 = Release|Any CPU
		{DB9935AE-D9EF-4DB5-9935-6F6E9D8A902C}.Release|ARM.ActiveCfg = Release|Any CPU
		{DB9935AE-D9EF-4DB5-9935-6F6E9D8A902C}.Release|iPhone.ActiveCfg = Release|Any CPU
		{DB9935AE-D9EF-4DB5-9935-6F6E9D8A902C}.Release|iPhone.Build.0 = Release|Any CPU
		{DB9935AE-D9EF-4DB5-9935-6F6E9D8A902C}.Release|iPhoneSimulator.ActiveCfg = Release|Any CPU
		{DB9935AE-D9EF-4DB5-9935-6F6E9D8A902C}.Release|iPhoneSimulator.Build.0 = Release|Any CPU
		{DB9935AE-D9EF-4DB5-9935-6F6E9D8A902C}.Release|Mixed Platforms.ActiveCfg = Release|Any CPU
		{DB9935AE-D9EF-4DB5-9935-6F6E9D8A902C}.Release|Mixed Platforms.Build.0 = Release|Any CPU
		{DB9935AE-D9EF-4DB5-9935-6F6E9D8A902C}.Release|x64.ActiveCfg = Release|Any CPU
		{DB9935AE-D9EF-4DB5-9935-6F6E9D8A902C}.Release|x64.Build.0 = Release|Any CPU
		{DB9935AE-D9EF-4DB5-9935-6F6E9D8A902C}.Release|x86.ActiveCfg = Release|Any CPU
		{6F60EB9D-E872-4228-936E-175E998D6F93}.Debug|Any CPU.ActiveCfg = Debug|iPhoneSimulator
		{6F60EB9D-E872-4228-936E-175E998D6F93}.Debug|Any CPU.Build.0 = Debug|iPhoneSimulator
		{6F60EB9D-E872-4228-936E-175E998D6F93}.Debug|ARM.ActiveCfg = Debug|iPhone
		{6F60EB9D-E872-4228-936E-175E998D6F93}.Debug|iPhone.ActiveCfg = Debug|iPhone
		{6F60EB9D-E872-4228-936E-175E998D6F93}.Debug|iPhone.Build.0 = Debug|iPhone
		{6F60EB9D-E872-4228-936E-175E998D6F93}.Debug|iPhoneSimulator.ActiveCfg = Debug|iPhoneSimulator
		{6F60EB9D-E872-4228-936E-175E998D6F93}.Debug|iPhoneSimulator.Build.0 = Debug|iPhoneSimulator
		{6F60EB9D-E872-4228-936E-175E998D6F93}.Debug|Mixed Platforms.ActiveCfg = Debug|iPhone
		{6F60EB9D-E872-4228-936E-175E998D6F93}.Debug|Mixed Platforms.Build.0 = Debug|iPhone
		{6F60EB9D-E872-4228-936E-175E998D6F93}.Debug|x64.ActiveCfg = Debug|iPhone
		{6F60EB9D-E872-4228-936E-175E998D6F93}.Debug|x86.ActiveCfg = Debug|iPhone
		{6F60EB9D-E872-4228-936E-175E998D6F93}.Release|Any CPU.ActiveCfg = Release|iPhone
		{6F60EB9D-E872-4228-936E-175E998D6F93}.Release|Any CPU.Build.0 = Release|iPhone
		{6F60EB9D-E872-4228-936E-175E998D6F93}.Release|ARM.ActiveCfg = Release|iPhoneSimulator
		{6F60EB9D-E872-4228-936E-175E998D6F93}.Release|iPhone.ActiveCfg = Release|iPhone
		{6F60EB9D-E872-4228-936E-175E998D6F93}.Release|iPhone.Build.0 = Release|iPhone
		{6F60EB9D-E872-4228-936E-175E998D6F93}.Release|iPhoneSimulator.ActiveCfg = Release|iPhoneSimulator
		{6F60EB9D-E872-4228-936E-175E998D6F93}.Release|iPhoneSimulator.Build.0 = Release|iPhoneSimulator
		{6F60EB9D-E872-4228-936E-175E998D6F93}.Release|Mixed Platforms.ActiveCfg = Release|iPhoneSimulator
		{6F60EB9D-E872-4228-936E-175E998D6F93}.Release|Mixed Platforms.Build.0 = Release|iPhoneSimulator
		{6F60EB9D-E872-4228-936E-175E998D6F93}.Release|x64.ActiveCfg = Release|iPhoneSimulator
		{6F60EB9D-E872-4228-936E-175E998D6F93}.Release|x86.ActiveCfg = Release|iPhoneSimulator
		{66D0C42E-A431-4232-955D-FD9FE6F5FA6F}.Debug|Any CPU.ActiveCfg = Debug|Any CPU
		{66D0C42E-A431-4232-955D-FD9FE6F5FA6F}.Debug|Any CPU.Build.0 = Debug|Any CPU
		{66D0C42E-A431-4232-955D-FD9FE6F5FA6F}.Debug|ARM.ActiveCfg = Debug|Any CPU
		{66D0C42E-A431-4232-955D-FD9FE6F5FA6F}.Debug|iPhone.ActiveCfg = Debug|Any CPU
		{66D0C42E-A431-4232-955D-FD9FE6F5FA6F}.Debug|iPhone.Build.0 = Debug|Any CPU
		{66D0C42E-A431-4232-955D-FD9FE6F5FA6F}.Debug|iPhoneSimulator.ActiveCfg = Debug|Any CPU
		{66D0C42E-A431-4232-955D-FD9FE6F5FA6F}.Debug|iPhoneSimulator.Build.0 = Debug|Any CPU
		{66D0C42E-A431-4232-955D-FD9FE6F5FA6F}.Debug|Mixed Platforms.ActiveCfg = Debug|Any CPU
		{66D0C42E-A431-4232-955D-FD9FE6F5FA6F}.Debug|Mixed Platforms.Build.0 = Debug|Any CPU
		{66D0C42E-A431-4232-955D-FD9FE6F5FA6F}.Debug|Mixed Platforms.Deploy.0 = Debug|Any CPU
		{66D0C42E-A431-4232-955D-FD9FE6F5FA6F}.Debug|x64.ActiveCfg = Debug|Any CPU
		{66D0C42E-A431-4232-955D-FD9FE6F5FA6F}.Debug|x64.Build.0 = Debug|Any CPU
		{66D0C42E-A431-4232-955D-FD9FE6F5FA6F}.Debug|x64.Deploy.0 = Debug|Any CPU
		{66D0C42E-A431-4232-955D-FD9FE6F5FA6F}.Debug|x86.ActiveCfg = Debug|Any CPU
		{66D0C42E-A431-4232-955D-FD9FE6F5FA6F}.Release|Any CPU.ActiveCfg = Release|Any CPU
		{66D0C42E-A431-4232-955D-FD9FE6F5FA6F}.Release|Any CPU.Build.0 = Release|Any CPU
		{66D0C42E-A431-4232-955D-FD9FE6F5FA6F}.Release|ARM.ActiveCfg = Release|Any CPU
		{66D0C42E-A431-4232-955D-FD9FE6F5FA6F}.Release|iPhone.ActiveCfg = Release|Any CPU
		{66D0C42E-A431-4232-955D-FD9FE6F5FA6F}.Release|iPhone.Build.0 = Release|Any CPU
		{66D0C42E-A431-4232-955D-FD9FE6F5FA6F}.Release|iPhoneSimulator.ActiveCfg = Release|Any CPU
		{66D0C42E-A431-4232-955D-FD9FE6F5FA6F}.Release|iPhoneSimulator.Build.0 = Release|Any CPU
		{66D0C42E-A431-4232-955D-FD9FE6F5FA6F}.Release|Mixed Platforms.ActiveCfg = Release|Any CPU
		{66D0C42E-A431-4232-955D-FD9FE6F5FA6F}.Release|Mixed Platforms.Build.0 = Release|Any CPU
		{66D0C42E-A431-4232-955D-FD9FE6F5FA6F}.Release|Mixed Platforms.Deploy.0 = Release|Any CPU
		{66D0C42E-A431-4232-955D-FD9FE6F5FA6F}.Release|x64.ActiveCfg = Release|Any CPU
		{66D0C42E-A431-4232-955D-FD9FE6F5FA6F}.Release|x64.Build.0 = Release|Any CPU
		{66D0C42E-A431-4232-955D-FD9FE6F5FA6F}.Release|x64.Deploy.0 = Release|Any CPU
		{66D0C42E-A431-4232-955D-FD9FE6F5FA6F}.Release|x86.ActiveCfg = Release|Any CPU
		{B4EF1877-7094-44CC-93FB-3CF8FDC99DD8}.Debug|Any CPU.ActiveCfg = Debug|x86
		{B4EF1877-7094-44CC-93FB-3CF8FDC99DD8}.Debug|ARM.ActiveCfg = Debug|ARM
		{B4EF1877-7094-44CC-93FB-3CF8FDC99DD8}.Debug|ARM.Build.0 = Debug|ARM
		{B4EF1877-7094-44CC-93FB-3CF8FDC99DD8}.Debug|ARM.Deploy.0 = Debug|ARM
		{B4EF1877-7094-44CC-93FB-3CF8FDC99DD8}.Debug|iPhone.ActiveCfg = Debug|x86
		{B4EF1877-7094-44CC-93FB-3CF8FDC99DD8}.Debug|iPhoneSimulator.ActiveCfg = Debug|x86
		{B4EF1877-7094-44CC-93FB-3CF8FDC99DD8}.Debug|Mixed Platforms.ActiveCfg = Debug|x86
		{B4EF1877-7094-44CC-93FB-3CF8FDC99DD8}.Debug|Mixed Platforms.Build.0 = Debug|x86
		{B4EF1877-7094-44CC-93FB-3CF8FDC99DD8}.Debug|Mixed Platforms.Deploy.0 = Debug|x86
		{B4EF1877-7094-44CC-93FB-3CF8FDC99DD8}.Debug|x64.ActiveCfg = Debug|x64
		{B4EF1877-7094-44CC-93FB-3CF8FDC99DD8}.Debug|x64.Build.0 = Debug|x64
		{B4EF1877-7094-44CC-93FB-3CF8FDC99DD8}.Debug|x64.Deploy.0 = Debug|x64
		{B4EF1877-7094-44CC-93FB-3CF8FDC99DD8}.Debug|x86.ActiveCfg = Debug|x86
		{B4EF1877-7094-44CC-93FB-3CF8FDC99DD8}.Debug|x86.Build.0 = Debug|x86
		{B4EF1877-7094-44CC-93FB-3CF8FDC99DD8}.Debug|x86.Deploy.0 = Debug|x86
		{B4EF1877-7094-44CC-93FB-3CF8FDC99DD8}.Release|Any CPU.ActiveCfg = Release|x86
		{B4EF1877-7094-44CC-93FB-3CF8FDC99DD8}.Release|ARM.ActiveCfg = Release|ARM
		{B4EF1877-7094-44CC-93FB-3CF8FDC99DD8}.Release|ARM.Build.0 = Release|ARM
		{B4EF1877-7094-44CC-93FB-3CF8FDC99DD8}.Release|ARM.Deploy.0 = Release|ARM
		{B4EF1877-7094-44CC-93FB-3CF8FDC99DD8}.Release|iPhone.ActiveCfg = Release|x86
		{B4EF1877-7094-44CC-93FB-3CF8FDC99DD8}.Release|iPhoneSimulator.ActiveCfg = Release|x86
		{B4EF1877-7094-44CC-93FB-3CF8FDC99DD8}.Release|Mixed Platforms.ActiveCfg = Release|x86
		{B4EF1877-7094-44CC-93FB-3CF8FDC99DD8}.Release|Mixed Platforms.Build.0 = Release|x86
		{B4EF1877-7094-44CC-93FB-3CF8FDC99DD8}.Release|Mixed Platforms.Deploy.0 = Release|x86
		{B4EF1877-7094-44CC-93FB-3CF8FDC99DD8}.Release|x64.ActiveCfg = Release|x64
		{B4EF1877-7094-44CC-93FB-3CF8FDC99DD8}.Release|x64.Build.0 = Release|x64
		{B4EF1877-7094-44CC-93FB-3CF8FDC99DD8}.Release|x64.Deploy.0 = Release|x64
		{B4EF1877-7094-44CC-93FB-3CF8FDC99DD8}.Release|x86.ActiveCfg = Release|x86
		{B4EF1877-7094-44CC-93FB-3CF8FDC99DD8}.Release|x86.Build.0 = Release|x86
		{B4EF1877-7094-44CC-93FB-3CF8FDC99DD8}.Release|x86.Deploy.0 = Release|x86
	EndGlobalSection
	GlobalSection(SolutionProperties) = preSolution
		HideSolutionNode = FALSE
	EndGlobalSection
EndGlobal
