Microsoft Visual Studio Solution File, Format Version 12.00
# Visual Studio 14
VisualStudioVersion = 14.0.24720.0
MinimumVisualStudioVersion = 10.0.40219.1
Project("{FAE04EC0-301F-11D3-BF4B-00C04F79EFBC}") = "SimpleColorPicker", "SimpleColorPicker\SimpleColorPicker.csproj", "{FA39D65F-8208-48D4-8555-B8FBA4BB0FC3}"
EndProject
Project("{FAE04EC0-301F-11D3-BF4B-00C04F79EFBC}") = "SimpleColorPicker.iOS", "iOS\SimpleColorPicker.iOS.csproj", "{B2CA1ABA-C8ED-482A-A187-9DA651FDD691}"
EndProject
Project("{FAE04EC0-301F-11D3-BF4B-00C04F79EFBC}") = "SimpleColorPicker.Droid", "Droid\SimpleColorPicker.Droid.csproj", "{D74084F6-C58F-4979-8CC5-9AF69E9030E9}"
EndProject
Project("{FAE04EC0-301F-11D3-BF4B-00C04F79EFBC}") = "SimpleColorPicker.UWP", "UWP\SimpleColorPicker.UWP.csproj", "{1E581C37-D893-4523-9B34-EAD32325B4F7}"
EndProject
Global
	GlobalSection(SolutionConfigurationPlatforms) = preSolution
		Ad-Hoc|Any CPU = Ad-Hoc|Any CPU
		Ad-Hoc|ARM = Ad-Hoc|ARM
		Ad-Hoc|iPhone = Ad-Hoc|iPhone
		Ad-Hoc|iPhoneSimulator = Ad-Hoc|iPhoneSimulator
		Ad-Hoc|x64 = Ad-Hoc|x64
		Ad-Hoc|x86 = Ad-Hoc|x86
		AppStore|Any CPU = AppStore|Any CPU
		AppStore|ARM = AppStore|ARM
		AppStore|iPhone = AppStore|iPhone
		AppStore|iPhoneSimulator = AppStore|iPhoneSimulator
		AppStore|x64 = AppStore|x64
		AppStore|x86 = AppStore|x86
		Debug|Any CPU = Debug|Any CPU
		Debug|ARM = Debug|ARM
		Debug|iPhone = Debug|iPhone
		Debug|iPhoneSimulator = Debug|iPhoneSimulator
		Debug|x64 = Debug|x64
		Debug|x86 = Debug|x86
		Release|Any CPU = Release|Any CPU
		Release|ARM = Release|ARM
		Release|iPhone = Release|iPhone
		Release|iPhoneSimulator = Release|iPhoneSimulator
		Release|x64 = Release|x64
		Release|x86 = Release|x86
	EndGlobalSection
	GlobalSection(ProjectConfigurationPlatforms) = postSolution
		{FA39D65F-8208-48D4-8555-B8FBA4BB0FC3}.Ad-Hoc|Any CPU.ActiveCfg = Debug|Any CPU
		{FA39D65F-8208-48D4-8555-B8FBA4BB0FC3}.Ad-Hoc|Any CPU.Build.0 = Debug|Any CPU
		{FA39D65F-8208-48D4-8555-B8FBA4BB0FC3}.Ad-Hoc|Any CPU.Deploy.0 = Debug|Any CPU
		{FA39D65F-8208-48D4-8555-B8FBA4BB0FC3}.Ad-Hoc|ARM.ActiveCfg = Debug|Any CPU
		{FA39D65F-8208-48D4-8555-B8FBA4BB0FC3}.Ad-Hoc|ARM.Build.0 = Debug|Any CPU
		{FA39D65F-8208-48D4-8555-B8FBA4BB0FC3}.Ad-Hoc|ARM.Deploy.0 = Debug|Any CPU
		{FA39D65F-8208-48D4-8555-B8FBA4BB0FC3}.Ad-Hoc|iPhone.ActiveCfg = Debug|Any CPU
		{FA39D65F-8208-48D4-8555-B8FBA4BB0FC3}.Ad-Hoc|iPhone.Build.0 = Debug|Any CPU
		{FA39D65F-8208-48D4-8555-B8FBA4BB0FC3}.Ad-Hoc|iPhone.Deploy.0 = Debug|Any CPU
		{FA39D65F-8208-48D4-8555-B8FBA4BB0FC3}.Ad-Hoc|iPhoneSimulator.ActiveCfg = Debug|Any CPU
		{FA39D65F-8208-48D4-8555-B8FBA4BB0FC3}.Ad-Hoc|iPhoneSimulator.Build.0 = Debug|Any CPU
		{FA39D65F-8208-48D4-8555-B8FBA4BB0FC3}.Ad-Hoc|iPhoneSimulator.Deploy.0 = Debug|Any CPU
		{FA39D65F-8208-48D4-8555-B8FBA4BB0FC3}.Ad-Hoc|x64.ActiveCfg = Debug|Any CPU
		{FA39D65F-8208-48D4-8555-B8FBA4BB0FC3}.Ad-Hoc|x64.Build.0 = Debug|Any CPU
		{FA39D65F-8208-48D4-8555-B8FBA4BB0FC3}.Ad-Hoc|x64.Deploy.0 = Debug|Any CPU
		{FA39D65F-8208-48D4-8555-B8FBA4BB0FC3}.Ad-Hoc|x86.ActiveCfg = Debug|Any CPU
		{FA39D65F-8208-48D4-8555-B8FBA4BB0FC3}.Ad-Hoc|x86.Build.0 = Debug|Any CPU
		{FA39D65F-8208-48D4-8555-B8FBA4BB0FC3}.Ad-Hoc|x86.Deploy.0 = Debug|Any CPU
		{FA39D65F-8208-48D4-8555-B8FBA4BB0FC3}.AppStore|Any CPU.ActiveCfg = Debug|Any CPU
		{FA39D65F-8208-48D4-8555-B8FBA4BB0FC3}.AppStore|Any CPU.Build.0 = Debug|Any CPU
		{FA39D65F-8208-48D4-8555-B8FBA4BB0FC3}.AppStore|Any CPU.Deploy.0 = Debug|Any CPU
		{FA39D65F-8208-48D4-8555-B8FBA4BB0FC3}.AppStore|ARM.ActiveCfg = Debug|Any CPU
		{FA39D65F-8208-48D4-8555-B8FBA4BB0FC3}.AppStore|ARM.Build.0 = Debug|Any CPU
		{FA39D65F-8208-48D4-8555-B8FBA4BB0FC3}.AppStore|ARM.Deploy.0 = Debug|Any CPU
		{FA39D65F-8208-48D4-8555-B8FBA4BB0FC3}.AppStore|iPhone.ActiveCfg = Debug|Any CPU
		{FA39D65F-8208-48D4-8555-B8FBA4BB0FC3}.AppStore|iPhone.Build.0 = Debug|Any CPU
		{FA39D65F-8208-48D4-8555-B8FBA4BB0FC3}.AppStore|iPhone.Deploy.0 = Debug|Any CPU
		{FA39D65F-8208-48D4-8555-B8FBA4BB0FC3}.AppStore|iPhoneSimulator.ActiveCfg = Debug|Any CPU
		{FA39D65F-8208-48D4-8555-B8FBA4BB0FC3}.AppStore|iPhoneSimulator.Build.0 = Debug|Any CPU
		{FA39D65F-8208-48D4-8555-B8FBA4BB0FC3}.AppStore|iPhoneSimulator.Deploy.0 = Debug|Any CPU
		{FA39D65F-8208-48D4-8555-B8FBA4BB0FC3}.AppStore|x64.ActiveCfg = Debug|Any CPU
		{FA39D65F-8208-48D4-8555-B8FBA4BB0FC3}.AppStore|x64.Build.0 = Debug|Any CPU
		{FA39D65F-8208-48D4-8555-B8FBA4BB0FC3}.AppStore|x64.Deploy.0 = Debug|Any CPU
		{FA39D65F-8208-48D4-8555-B8FBA4BB0FC3}.AppStore|x86.ActiveCfg = Debug|Any CPU
		{FA39D65F-8208-48D4-8555-B8FBA4BB0FC3}.AppStore|x86.Build.0 = Debug|Any CPU
		{FA39D65F-8208-48D4-8555-B8FBA4BB0FC3}.AppStore|x86.Deploy.0 = Debug|Any CPU
		{FA39D65F-8208-48D4-8555-B8FBA4BB0FC3}.Debug|Any CPU.ActiveCfg = Debug|Any CPU
		{FA39D65F-8208-48D4-8555-B8FBA4BB0FC3}.Debug|Any CPU.Build.0 = Debug|Any CPU
		{FA39D65F-8208-48D4-8555-B8FBA4BB0FC3}.Debug|Any CPU.Deploy.0 = Debug|Any CPU
		{FA39D65F-8208-48D4-8555-B8FBA4BB0FC3}.Debug|ARM.ActiveCfg = Debug|Any CPU
		{FA39D65F-8208-48D4-8555-B8FBA4BB0FC3}.Debug|ARM.Build.0 = Debug|Any CPU
		{FA39D65F-8208-48D4-8555-B8FBA4BB0FC3}.Debug|ARM.Deploy.0 = Debug|Any CPU
		{FA39D65F-8208-48D4-8555-B8FBA4BB0FC3}.Debug|iPhone.ActiveCfg = Debug|Any CPU
		{FA39D65F-8208-48D4-8555-B8FBA4BB0FC3}.Debug|iPhone.Build.0 = Debug|Any CPU
		{FA39D65F-8208-48D4-8555-B8FBA4BB0FC3}.Debug|iPhone.Deploy.0 = Debug|Any CPU
		{FA39D65F-8208-48D4-8555-B8FBA4BB0FC3}.Debug|iPhoneSimulator.ActiveCfg = Debug|Any CPU
		{FA39D65F-8208-48D4-8555-B8FBA4BB0FC3}.Debug|iPhoneSimulator.Build.0 = Debug|Any CPU
		{FA39D65F-8208-48D4-8555-B8FBA4BB0FC3}.Debug|iPhoneSimulator.Deploy.0 = Debug|Any CPU
		{FA39D65F-8208-48D4-8555-B8FBA4BB0FC3}.Debug|x64.ActiveCfg = Debug|Any CPU
		{FA39D65F-8208-48D4-8555-B8FBA4BB0FC3}.Debug|x64.Build.0 = Debug|Any CPU
		{FA39D65F-8208-48D4-8555-B8FBA4BB0FC3}.Debug|x64.Deploy.0 = Debug|Any CPU
		{FA39D65F-8208-48D4-8555-B8FBA4BB0FC3}.Debug|x86.ActiveCfg = Debug|Any CPU
		{FA39D65F-8208-48D4-8555-B8FBA4BB0FC3}.Debug|x86.Build.0 = Debug|Any CPU
		{FA39D65F-8208-48D4-8555-B8FBA4BB0FC3}.Debug|x86.Deploy.0 = Debug|Any CPU
		{FA39D65F-8208-48D4-8555-B8FBA4BB0FC3}.Release|Any CPU.ActiveCfg = Release|Any CPU
		{FA39D65F-8208-48D4-8555-B8FBA4BB0FC3}.Release|Any CPU.Build.0 = Release|Any CPU
		{FA39D65F-8208-48D4-8555-B8FBA4BB0FC3}.Release|Any CPU.Deploy.0 = Release|Any CPU
		{FA39D65F-8208-48D4-8555-B8FBA4BB0FC3}.Release|ARM.ActiveCfg = Release|Any CPU
		{FA39D65F-8208-48D4-8555-B8FBA4BB0FC3}.Release|ARM.Build.0 = Release|Any CPU
		{FA39D65F-8208-48D4-8555-B8FBA4BB0FC3}.Release|ARM.Deploy.0 = Release|Any CPU
		{FA39D65F-8208-48D4-8555-B8FBA4BB0FC3}.Release|iPhone.ActiveCfg = Release|Any CPU
		{FA39D65F-8208-48D4-8555-B8FBA4BB0FC3}.Release|iPhone.Build.0 = Release|Any CPU
		{FA39D65F-8208-48D4-8555-B8FBA4BB0FC3}.Release|iPhone.Deploy.0 = Release|Any CPU
		{FA39D65F-8208-48D4-8555-B8FBA4BB0FC3}.Release|iPhoneSimulator.ActiveCfg = Release|Any CPU
		{FA39D65F-8208-48D4-8555-B8FBA4BB0FC3}.Release|iPhoneSimulator.Build.0 = Release|Any CPU
		{FA39D65F-8208-48D4-8555-B8FBA4BB0FC3}.Release|iPhoneSimulator.Deploy.0 = Release|Any CPU
		{FA39D65F-8208-48D4-8555-B8FBA4BB0FC3}.Release|x64.ActiveCfg = Release|Any CPU
		{FA39D65F-8208-48D4-8555-B8FBA4BB0FC3}.Release|x64.Build.0 = Release|Any CPU
		{FA39D65F-8208-48D4-8555-B8FBA4BB0FC3}.Release|x64.Deploy.0 = Release|Any CPU
		{FA39D65F-8208-48D4-8555-B8FBA4BB0FC3}.Release|x86.ActiveCfg = Release|Any CPU
		{FA39D65F-8208-48D4-8555-B8FBA4BB0FC3}.Release|x86.Build.0 = Release|Any CPU
		{FA39D65F-8208-48D4-8555-B8FBA4BB0FC3}.Release|x86.Deploy.0 = Release|Any CPU
		{B2CA1ABA-C8ED-482A-A187-9DA651FDD691}.Ad-Hoc|Any CPU.ActiveCfg = Ad-Hoc|iPhone
		{B2CA1ABA-C8ED-482A-A187-9DA651FDD691}.Ad-Hoc|Any CPU.Build.0 = Ad-Hoc|iPhone
		{B2CA1ABA-C8ED-482A-A187-9DA651FDD691}.Ad-Hoc|Any CPU.Deploy.0 = Ad-Hoc|iPhone
		{B2CA1ABA-C8ED-482A-A187-9DA651FDD691}.Ad-Hoc|ARM.ActiveCfg = Ad-Hoc|iPhone
		{B2CA1ABA-C8ED-482A-A187-9DA651FDD691}.Ad-Hoc|ARM.Build.0 = Ad-Hoc|iPhone
		{B2CA1ABA-C8ED-482A-A187-9DA651FDD691}.Ad-Hoc|ARM.Deploy.0 = Ad-Hoc|iPhone
		{B2CA1ABA-C8ED-482A-A187-9DA651FDD691}.Ad-Hoc|iPhone.ActiveCfg = Ad-Hoc|iPhone
		{B2CA1ABA-C8ED-482A-A187-9DA651FDD691}.Ad-Hoc|iPhone.Build.0 = Ad-Hoc|iPhone
		{B2CA1ABA-C8ED-482A-A187-9DA651FDD691}.Ad-Hoc|iPhone.Deploy.0 = Ad-Hoc|iPhone
		{B2CA1ABA-C8ED-482A-A187-9DA651FDD691}.Ad-Hoc|iPhoneSimulator.ActiveCfg = Ad-Hoc|iPhoneSimulator
		{B2CA1ABA-C8ED-482A-A187-9DA651FDD691}.Ad-Hoc|iPhoneSimulator.Build.0 = Ad-Hoc|iPhoneSimulator
		{B2CA1ABA-C8ED-482A-A187-9DA651FDD691}.Ad-Hoc|iPhoneSimulator.Deploy.0 = Ad-Hoc|iPhoneSimulator
		{B2CA1ABA-C8ED-482A-A187-9DA651FDD691}.Ad-Hoc|x64.ActiveCfg = Ad-Hoc|iPhone
		{B2CA1ABA-C8ED-482A-A187-9DA651FDD691}.Ad-Hoc|x64.Build.0 = Ad-Hoc|iPhone
		{B2CA1ABA-C8ED-482A-A187-9DA651FDD691}.Ad-Hoc|x64.Deploy.0 = Ad-Hoc|iPhone
		{B2CA1ABA-C8ED-482A-A187-9DA651FDD691}.Ad-Hoc|x86.ActiveCfg = Ad-Hoc|iPhone
		{B2CA1ABA-C8ED-482A-A187-9DA651FDD691}.Ad-Hoc|x86.Build.0 = Ad-Hoc|iPhone
		{B2CA1ABA-C8ED-482A-A187-9DA651FDD691}.Ad-Hoc|x86.Deploy.0 = Ad-Hoc|iPhone
		{B2CA1ABA-C8ED-482A-A187-9DA651FDD691}.AppStore|Any CPU.ActiveCfg = AppStore|iPhone
		{B2CA1ABA-C8ED-482A-A187-9DA651FDD691}.AppStore|Any CPU.Build.0 = AppStore|iPhone
		{B2CA1ABA-C8ED-482A-A187-9DA651FDD691}.AppStore|Any CPU.Deploy.0 = AppStore|iPhone
		{B2CA1ABA-C8ED-482A-A187-9DA651FDD691}.AppStore|ARM.ActiveCfg = AppStore|iPhone
		{B2CA1ABA-C8ED-482A-A187-9DA651FDD691}.AppStore|ARM.Build.0 = AppStore|iPhone
		{B2CA1ABA-C8ED-482A-A187-9DA651FDD691}.AppStore|ARM.Deploy.0 = AppStore|iPhone
		{B2CA1ABA-C8ED-482A-A187-9DA651FDD691}.AppStore|iPhone.ActiveCfg = AppStore|iPhone
		{B2CA1ABA-C8ED-482A-A187-9DA651FDD691}.AppStore|iPhone.Build.0 = AppStore|iPhone
		{B2CA1ABA-C8ED-482A-A187-9DA651FDD691}.AppStore|iPhone.Deploy.0 = AppStore|iPhone
		{B2CA1ABA-C8ED-482A-A187-9DA651FDD691}.AppStore|iPhoneSimulator.ActiveCfg = AppStore|iPhoneSimulator
		{B2CA1ABA-C8ED-482A-A187-9DA651FDD691}.AppStore|iPhoneSimulator.Build.0 = AppStore|iPhoneSimulator
		{B2CA1ABA-C8ED-482A-A187-9DA651FDD691}.AppStore|iPhoneSimulator.Deploy.0 = AppStore|iPhoneSimulator
		{B2CA1ABA-C8ED-482A-A187-9DA651FDD691}.AppStore|x64.ActiveCfg = AppStore|iPhone
		{B2CA1ABA-C8ED-482A-A187-9DA651FDD691}.AppStore|x64.Build.0 = AppStore|iPhone
		{B2CA1ABA-C8ED-482A-A187-9DA651FDD691}.AppStore|x64.Deploy.0 = AppStore|iPhone
		{B2CA1ABA-C8ED-482A-A187-9DA651FDD691}.AppStore|x86.ActiveCfg = AppStore|iPhone
		{B2CA1ABA-C8ED-482A-A187-9DA651FDD691}.AppStore|x86.Build.0 = AppStore|iPhone
		{B2CA1ABA-C8ED-482A-A187-9DA651FDD691}.AppStore|x86.Deploy.0 = AppStore|iPhone
		{B2CA1ABA-C8ED-482A-A187-9DA651FDD691}.Debug|Any CPU.ActiveCfg = Debug|iPhoneSimulator
		{B2CA1ABA-C8ED-482A-A187-9DA651FDD691}.Debug|Any CPU.Build.0 = Debug|iPhoneSimulator
		{B2CA1ABA-C8ED-482A-A187-9DA651FDD691}.Debug|Any CPU.Deploy.0 = Debug|iPhoneSimulator
		{B2CA1ABA-C8ED-482A-A187-9DA651FDD691}.Debug|ARM.ActiveCfg = Debug|iPhone
		{B2CA1ABA-C8ED-482A-A187-9DA651FDD691}.Debug|ARM.Build.0 = Debug|iPhone
		{B2CA1ABA-C8ED-482A-A187-9DA651FDD691}.Debug|ARM.Deploy.0 = Debug|iPhone
		{B2CA1ABA-C8ED-482A-A187-9DA651FDD691}.Debug|iPhone.ActiveCfg = Debug|iPhone
		{B2CA1ABA-C8ED-482A-A187-9DA651FDD691}.Debug|iPhone.Build.0 = Debug|iPhone
		{B2CA1ABA-C8ED-482A-A187-9DA651FDD691}.Debug|iPhone.Deploy.0 = Debug|iPhone
		{B2CA1ABA-C8ED-482A-A187-9DA651FDD691}.Debug|iPhoneSimulator.ActiveCfg = Debug|iPhoneSimulator
		{B2CA1ABA-C8ED-482A-A187-9DA651FDD691}.Debug|iPhoneSimulator.Build.0 = Debug|iPhoneSimulator
		{B2CA1ABA-C8ED-482A-A187-9DA651FDD691}.Debug|iPhoneSimulator.Deploy.0 = Debug|iPhoneSimulator
		{B2CA1ABA-C8ED-482A-A187-9DA651FDD691}.Debug|x64.ActiveCfg = Debug|iPhone
		{B2CA1ABA-C8ED-482A-A187-9DA651FDD691}.Debug|x64.Build.0 = Debug|iPhone
		{B2CA1ABA-C8ED-482A-A187-9DA651FDD691}.Debug|x64.Deploy.0 = Debug|iPhone
		{B2CA1ABA-C8ED-482A-A187-9DA651FDD691}.Debug|x86.ActiveCfg = Debug|iPhone
		{B2CA1ABA-C8ED-482A-A187-9DA651FDD691}.Debug|x86.Build.0 = Debug|iPhone
		{B2CA1ABA-C8ED-482A-A187-9DA651FDD691}.Debug|x86.Deploy.0 = Debug|iPhone
		{B2CA1ABA-C8ED-482A-A187-9DA651FDD691}.Release|Any CPU.ActiveCfg = Release|iPhone
		{B2CA1ABA-C8ED-482A-A187-9DA651FDD691}.Release|Any CPU.Build.0 = Release|iPhone
		{B2CA1ABA-C8ED-482A-A187-9DA651FDD691}.Release|Any CPU.Deploy.0 = Release|iPhone
		{B2CA1ABA-C8ED-482A-A187-9DA651FDD691}.Release|ARM.ActiveCfg = Release|iPhone
		{B2CA1ABA-C8ED-482A-A187-9DA651FDD691}.Release|ARM.Build.0 = Release|iPhone
		{B2CA1ABA-C8ED-482A-A187-9DA651FDD691}.Release|ARM.Deploy.0 = Release|iPhone
		{B2CA1ABA-C8ED-482A-A187-9DA651FDD691}.Release|iPhone.ActiveCfg = Release|iPhone
		{B2CA1ABA-C8ED-482A-A187-9DA651FDD691}.Release|iPhone.Build.0 = Release|iPhone
		{B2CA1ABA-C8ED-482A-A187-9DA651FDD691}.Release|iPhone.Deploy.0 = Release|iPhone
		{B2CA1ABA-C8ED-482A-A187-9DA651FDD691}.Release|iPhoneSimulator.ActiveCfg = Release|iPhoneSimulator
		{B2CA1ABA-C8ED-482A-A187-9DA651FDD691}.Release|iPhoneSimulator.Build.0 = Release|iPhoneSimulator
		{B2CA1ABA-C8ED-482A-A187-9DA651FDD691}.Release|iPhoneSimulator.Deploy.0 = Release|iPhoneSimulator
		{B2CA1ABA-C8ED-482A-A187-9DA651FDD691}.Release|x64.ActiveCfg = Release|iPhone
		{B2CA1ABA-C8ED-482A-A187-9DA651FDD691}.Release|x64.Build.0 = Release|iPhone
		{B2CA1ABA-C8ED-482A-A187-9DA651FDD691}.Release|x64.Deploy.0 = Release|iPhone
		{B2CA1ABA-C8ED-482A-A187-9DA651FDD691}.Release|x86.ActiveCfg = Release|iPhone
		{B2CA1ABA-C8ED-482A-A187-9DA651FDD691}.Release|x86.Build.0 = Release|iPhone
		{B2CA1ABA-C8ED-482A-A187-9DA651FDD691}.Release|x86.Deploy.0 = Release|iPhone
		{D74084F6-C58F-4979-8CC5-9AF69E9030E9}.Ad-Hoc|Any CPU.ActiveCfg = Release|Any CPU
		{D74084F6-C58F-4979-8CC5-9AF69E9030E9}.Ad-Hoc|Any CPU.Build.0 = Release|Any CPU
		{D74084F6-C58F-4979-8CC5-9AF69E9030E9}.Ad-Hoc|Any CPU.Deploy.0 = Release|Any CPU
		{D74084F6-C58F-4979-8CC5-9AF69E9030E9}.Ad-Hoc|ARM.ActiveCfg = Release|Any CPU
		{D74084F6-C58F-4979-8CC5-9AF69E9030E9}.Ad-Hoc|ARM.Build.0 = Release|Any CPU
		{D74084F6-C58F-4979-8CC5-9AF69E9030E9}.Ad-Hoc|ARM.Deploy.0 = Release|Any CPU
		{D74084F6-C58F-4979-8CC5-9AF69E9030E9}.Ad-Hoc|iPhone.ActiveCfg = Release|Any CPU
		{D74084F6-C58F-4979-8CC5-9AF69E9030E9}.Ad-Hoc|iPhone.Build.0 = Release|Any CPU
		{D74084F6-C58F-4979-8CC5-9AF69E9030E9}.Ad-Hoc|iPhone.Deploy.0 = Release|Any CPU
		{D74084F6-C58F-4979-8CC5-9AF69E9030E9}.Ad-Hoc|iPhoneSimulator.ActiveCfg = Release|Any CPU
		{D74084F6-C58F-4979-8CC5-9AF69E9030E9}.Ad-Hoc|iPhoneSimulator.Build.0 = Release|Any CPU
		{D74084F6-C58F-4979-8CC5-9AF69E9030E9}.Ad-Hoc|iPhoneSimulator.Deploy.0 = Release|Any CPU
		{D74084F6-C58F-4979-8CC5-9AF69E9030E9}.Ad-Hoc|x64.ActiveCfg = Release|Any CPU
		{D74084F6-C58F-4979-8CC5-9AF69E9030E9}.Ad-Hoc|x64.Build.0 = Release|Any CPU
		{D74084F6-C58F-4979-8CC5-9AF69E9030E9}.Ad-Hoc|x64.Deploy.0 = Release|Any CPU
		{D74084F6-C58F-4979-8CC5-9AF69E9030E9}.Ad-Hoc|x86.ActiveCfg = Release|Any CPU
		{D74084F6-C58F-4979-8CC5-9AF69E9030E9}.Ad-Hoc|x86.Build.0 = Release|Any CPU
		{D74084F6-C58F-4979-8CC5-9AF69E9030E9}.Ad-Hoc|x86.Deploy.0 = Release|Any CPU
		{D74084F6-C58F-4979-8CC5-9AF69E9030E9}.AppStore|Any CPU.ActiveCfg = Release|Any CPU
		{D74084F6-C58F-4979-8CC5-9AF69E9030E9}.AppStore|Any CPU.Build.0 = Release|Any CPU
		{D74084F6-C58F-4979-8CC5-9AF69E9030E9}.AppStore|Any CPU.Deploy.0 = Release|Any CPU
		{D74084F6-C58F-4979-8CC5-9AF69E9030E9}.AppStore|ARM.ActiveCfg = Release|Any CPU
		{D74084F6-C58F-4979-8CC5-9AF69E9030E9}.AppStore|ARM.Build.0 = Release|Any CPU
		{D74084F6-C58F-4979-8CC5-9AF69E9030E9}.AppStore|ARM.Deploy.0 = Release|Any CPU
		{D74084F6-C58F-4979-8CC5-9AF69E9030E9}.AppStore|iPhone.ActiveCfg = Release|Any CPU
		{D74084F6-C58F-4979-8CC5-9AF69E9030E9}.AppStore|iPhone.Build.0 = Release|Any CPU
		{D74084F6-C58F-4979-8CC5-9AF69E9030E9}.AppStore|iPhone.Deploy.0 = Release|Any CPU
		{D74084F6-C58F-4979-8CC5-9AF69E9030E9}.AppStore|iPhoneSimulator.ActiveCfg = Release|Any CPU
		{D74084F6-C58F-4979-8CC5-9AF69E9030E9}.AppStore|iPhoneSimulator.Build.0 = Release|Any CPU
		{D74084F6-C58F-4979-8CC5-9AF69E9030E9}.AppStore|iPhoneSimulator.Deploy.0 = Release|Any CPU
		{D74084F6-C58F-4979-8CC5-9AF69E9030E9}.AppStore|x64.ActiveCfg = Release|Any CPU
		{D74084F6-C58F-4979-8CC5-9AF69E9030E9}.AppStore|x64.Build.0 = Release|Any CPU
		{D74084F6-C58F-4979-8CC5-9AF69E9030E9}.AppStore|x64.Deploy.0 = Release|Any CPU
		{D74084F6-C58F-4979-8CC5-9AF69E9030E9}.AppStore|x86.ActiveCfg = Release|Any CPU
		{D74084F6-C58F-4979-8CC5-9AF69E9030E9}.AppStore|x86.Build.0 = Release|Any CPU
		{D74084F6-C58F-4979-8CC5-9AF69E9030E9}.AppStore|x86.Deploy.0 = Release|Any CPU
		{D74084F6-C58F-4979-8CC5-9AF69E9030E9}.Debug|Any CPU.ActiveCfg = Debug|Any CPU
		{D74084F6-C58F-4979-8CC5-9AF69E9030E9}.Debug|Any CPU.Build.0 = Debug|Any CPU
		{D74084F6-C58F-4979-8CC5-9AF69E9030E9}.Debug|Any CPU.Deploy.0 = Debug|Any CPU
		{D74084F6-C58F-4979-8CC5-9AF69E9030E9}.Debug|ARM.ActiveCfg = Debug|Any CPU
		{D74084F6-C58F-4979-8CC5-9AF69E9030E9}.Debug|ARM.Build.0 = Debug|Any CPU
		{D74084F6-C58F-4979-8CC5-9AF69E9030E9}.Debug|ARM.Deploy.0 = Debug|Any CPU
		{D74084F6-C58F-4979-8CC5-9AF69E9030E9}.Debug|iPhone.ActiveCfg = Debug|Any CPU
		{D74084F6-C58F-4979-8CC5-9AF69E9030E9}.Debug|iPhone.Build.0 = Debug|Any CPU
		{D74084F6-C58F-4979-8CC5-9AF69E9030E9}.Debug|iPhone.Deploy.0 = Debug|Any CPU
		{D74084F6-C58F-4979-8CC5-9AF69E9030E9}.Debug|iPhoneSimulator.ActiveCfg = Debug|Any CPU
		{D74084F6-C58F-4979-8CC5-9AF69E9030E9}.Debug|iPhoneSimulator.Build.0 = Debug|Any CPU
		{D74084F6-C58F-4979-8CC5-9AF69E9030E9}.Debug|iPhoneSimulator.Deploy.0 = Debug|Any CPU
		{D74084F6-C58F-4979-8CC5-9AF69E9030E9}.Debug|x64.ActiveCfg = Debug|Any CPU
		{D74084F6-C58F-4979-8CC5-9AF69E9030E9}.Debug|x64.Build.0 = Debug|Any CPU
		{D74084F6-C58F-4979-8CC5-9AF69E9030E9}.Debug|x64.Deploy.0 = Debug|Any CPU
		{D74084F6-C58F-4979-8CC5-9AF69E9030E9}.Debug|x86.ActiveCfg = Debug|Any CPU
		{D74084F6-C58F-4979-8CC5-9AF69E9030E9}.Debug|x86.Build.0 = Debug|Any CPU
		{D74084F6-C58F-4979-8CC5-9AF69E9030E9}.Debug|x86.Deploy.0 = Debug|Any CPU
		{D74084F6-C58F-4979-8CC5-9AF69E9030E9}.Release|Any CPU.ActiveCfg = Release|Any CPU
		{D74084F6-C58F-4979-8CC5-9AF69E9030E9}.Release|Any CPU.Build.0 = Release|Any CPU
		{D74084F6-C58F-4979-8CC5-9AF69E9030E9}.Release|Any CPU.Deploy.0 = Release|Any CPU
		{D74084F6-C58F-4979-8CC5-9AF69E9030E9}.Release|ARM.ActiveCfg = Release|Any CPU
		{D74084F6-C58F-4979-8CC5-9AF69E9030E9}.Release|ARM.Build.0 = Release|Any CPU
		{D74084F6-C58F-4979-8CC5-9AF69E9030E9}.Release|ARM.Deploy.0 = Release|Any CPU
		{D74084F6-C58F-4979-8CC5-9AF69E9030E9}.Release|iPhone.ActiveCfg = Release|Any CPU
		{D74084F6-C58F-4979-8CC5-9AF69E9030E9}.Release|iPhone.Build.0 = Release|Any CPU
		{D74084F6-C58F-4979-8CC5-9AF69E9030E9}.Release|iPhone.Deploy.0 = Release|Any CPU
		{D74084F6-C58F-4979-8CC5-9AF69E9030E9}.Release|iPhoneSimulator.ActiveCfg = Release|Any CPU
		{D74084F6-C58F-4979-8CC5-9AF69E9030E9}.Release|iPhoneSimulator.Build.0 = Release|Any CPU
		{D74084F6-C58F-4979-8CC5-9AF69E9030E9}.Release|iPhoneSimulator.Deploy.0 = Release|Any CPU
		{D74084F6-C58F-4979-8CC5-9AF69E9030E9}.Release|x64.ActiveCfg = Release|Any CPU
		{D74084F6-C58F-4979-8CC5-9AF69E9030E9}.Release|x64.Build.0 = Release|Any CPU
		{D74084F6-C58F-4979-8CC5-9AF69E9030E9}.Release|x64.Deploy.0 = Release|Any CPU
		{D74084F6-C58F-4979-8CC5-9AF69E9030E9}.Release|x86.ActiveCfg = Release|Any CPU
		{D74084F6-C58F-4979-8CC5-9AF69E9030E9}.Release|x86.Build.0 = Release|Any CPU
		{D74084F6-C58F-4979-8CC5-9AF69E9030E9}.Release|x86.Deploy.0 = Release|Any CPU
		{1E581C37-D893-4523-9B34-EAD32325B4F7}.Ad-Hoc|Any CPU.ActiveCfg = Release|x86
		{1E581C37-D893-4523-9B34-EAD32325B4F7}.Ad-Hoc|Any CPU.Build.0 = Release|x86
		{1E581C37-D893-4523-9B34-EAD32325B4F7}.Ad-Hoc|Any CPU.Deploy.0 = Release|x86
		{1E581C37-D893-4523-9B34-EAD32325B4F7}.Ad-Hoc|ARM.ActiveCfg = Release|ARM
		{1E581C37-D893-4523-9B34-EAD32325B4F7}.Ad-Hoc|ARM.Build.0 = Release|ARM
		{1E581C37-D893-4523-9B34-EAD32325B4F7}.Ad-Hoc|ARM.Deploy.0 = Release|ARM
		{1E581C37-D893-4523-9B34-EAD32325B4F7}.Ad-Hoc|iPhone.ActiveCfg = Release|x86
		{1E581C37-D893-4523-9B34-EAD32325B4F7}.Ad-Hoc|iPhone.Build.0 = Release|x86
		{1E581C37-D893-4523-9B34-EAD32325B4F7}.Ad-Hoc|iPhone.Deploy.0 = Release|x86
		{1E581C37-D893-4523-9B34-EAD32325B4F7}.Ad-Hoc|iPhoneSimulator.ActiveCfg = Release|x86
		{1E581C37-D893-4523-9B34-EAD32325B4F7}.Ad-Hoc|iPhoneSimulator.Build.0 = Release|x86
		{1E581C37-D893-4523-9B34-EAD32325B4F7}.Ad-Hoc|iPhoneSimulator.Deploy.0 = Release|x86
		{1E581C37-D893-4523-9B34-EAD32325B4F7}.Ad-Hoc|x64.ActiveCfg = Release|x64
		{1E581C37-D893-4523-9B34-EAD32325B4F7}.Ad-Hoc|x64.Build.0 = Release|x64
		{1E581C37-D893-4523-9B34-EAD32325B4F7}.Ad-Hoc|x64.Deploy.0 = Release|x64
		{1E581C37-D893-4523-9B34-EAD32325B4F7}.Ad-Hoc|x86.ActiveCfg = Release|x86
		{1E581C37-D893-4523-9B34-EAD32325B4F7}.Ad-Hoc|x86.Build.0 = Release|x86
		{1E581C37-D893-4523-9B34-EAD32325B4F7}.Ad-Hoc|x86.Deploy.0 = Release|x86
		{1E581C37-D893-4523-9B34-EAD32325B4F7}.AppStore|Any CPU.ActiveCfg = Release|x86
		{1E581C37-D893-4523-9B34-EAD32325B4F7}.AppStore|Any CPU.Build.0 = Release|x86
		{1E581C37-D893-4523-9B34-EAD32325B4F7}.AppStore|Any CPU.Deploy.0 = Release|x86
		{1E581C37-D893-4523-9B34-EAD32325B4F7}.AppStore|ARM.ActiveCfg = Release|ARM
		{1E581C37-D893-4523-9B34-EAD32325B4F7}.AppStore|ARM.Build.0 = Release|ARM
		{1E581C37-D893-4523-9B34-EAD32325B4F7}.AppStore|ARM.Deploy.0 = Release|ARM
		{1E581C37-D893-4523-9B34-EAD32325B4F7}.AppStore|iPhone.ActiveCfg = Release|x86
		{1E581C37-D893-4523-9B34-EAD32325B4F7}.AppStore|iPhone.Build.0 = Release|x86
		{1E581C37-D893-4523-9B34-EAD32325B4F7}.AppStore|iPhone.Deploy.0 = Release|x86
		{1E581C37-D893-4523-9B34-EAD32325B4F7}.AppStore|iPhoneSimulator.ActiveCfg = Release|x86
		{1E581C37-D893-4523-9B34-EAD32325B4F7}.AppStore|iPhoneSimulator.Build.0 = Release|x86
		{1E581C37-D893-4523-9B34-EAD32325B4F7}.AppStore|iPhoneSimulator.Deploy.0 = Release|x86
		{1E581C37-D893-4523-9B34-EAD32325B4F7}.AppStore|x64.ActiveCfg = Release|x64
		{1E581C37-D893-4523-9B34-EAD32325B4F7}.AppStore|x64.Build.0 = Release|x64
		{1E581C37-D893-4523-9B34-EAD32325B4F7}.AppStore|x64.Deploy.0 = Release|x64
		{1E581C37-D893-4523-9B34-EAD32325B4F7}.AppStore|x86.ActiveCfg = Release|x86
		{1E581C37-D893-4523-9B34-EAD32325B4F7}.AppStore|x86.Build.0 = Release|x86
		{1E581C37-D893-4523-9B34-EAD32325B4F7}.AppStore|x86.Deploy.0 = Release|x86
		{1E581C37-D893-4523-9B34-EAD32325B4F7}.Debug|Any CPU.ActiveCfg = Debug|x86
		{1E581C37-D893-4523-9B34-EAD32325B4F7}.Debug|Any CPU.Build.0 = Debug|x86
		{1E581C37-D893-4523-9B34-EAD32325B4F7}.Debug|Any CPU.Deploy.0 = Debug|x86
		{1E581C37-D893-4523-9B34-EAD32325B4F7}.Debug|ARM.ActiveCfg = Debug|ARM
		{1E581C37-D893-4523-9B34-EAD32325B4F7}.Debug|ARM.Build.0 = Debug|ARM
		{1E581C37-D893-4523-9B34-EAD32325B4F7}.Debug|ARM.Deploy.0 = Debug|ARM
		{1E581C37-D893-4523-9B34-EAD32325B4F7}.Debug|iPhone.ActiveCfg = Debug|x86
		{1E581C37-D893-4523-9B34-EAD32325B4F7}.Debug|iPhone.Build.0 = Debug|x86
		{1E581C37-D893-4523-9B34-EAD32325B4F7}.Debug|iPhone.Deploy.0 = Debug|x86
		{1E581C37-D893-4523-9B34-EAD32325B4F7}.Debug|iPhoneSimulator.ActiveCfg = Debug|x86
		{1E581C37-D893-4523-9B34-EAD32325B4F7}.Debug|iPhoneSimulator.Build.0 = Debug|x86
		{1E581C37-D893-4523-9B34-EAD32325B4F7}.Debug|iPhoneSimulator.Deploy.0 = Debug|x86
		{1E581C37-D893-4523-9B34-EAD32325B4F7}.Debug|x64.ActiveCfg = Debug|x64
		{1E581C37-D893-4523-9B34-EAD32325B4F7}.Debug|x64.Build.0 = Debug|x64
		{1E581C37-D893-4523-9B34-EAD32325B4F7}.Debug|x64.Deploy.0 = Debug|x64
		{1E581C37-D893-4523-9B34-EAD32325B4F7}.Debug|x86.ActiveCfg = Debug|x86
		{1E581C37-D893-4523-9B34-EAD32325B4F7}.Debug|x86.Build.0 = Debug|x86
		{1E581C37-D893-4523-9B34-EAD32325B4F7}.Debug|x86.Deploy.0 = Debug|x86
		{1E581C37-D893-4523-9B34-EAD32325B4F7}.Release|Any CPU.ActiveCfg = Release|x86
		{1E581C37-D893-4523-9B34-EAD32325B4F7}.Release|Any CPU.Build.0 = Release|x86
		{1E581C37-D893-4523-9B34-EAD32325B4F7}.Release|Any CPU.Deploy.0 = Release|x86
		{1E581C37-D893-4523-9B34-EAD32325B4F7}.Release|ARM.ActiveCfg = Release|ARM
		{1E581C37-D893-4523-9B34-EAD32325B4F7}.Release|ARM.Build.0 = Release|ARM
		{1E581C37-D893-4523-9B34-EAD32325B4F7}.Release|ARM.Deploy.0 = Release|ARM
		{1E581C37-D893-4523-9B34-EAD32325B4F7}.Release|iPhone.ActiveCfg = Release|x86
		{1E581C37-D893-4523-9B34-EAD32325B4F7}.Release|iPhone.Build.0 = Release|x86
		{1E581C37-D893-4523-9B34-EAD32325B4F7}.Release|iPhone.Deploy.0 = Release|x86
		{1E581C37-D893-4523-9B34-EAD32325B4F7}.Release|iPhoneSimulator.ActiveCfg = Release|x86
		{1E581C37-D893-4523-9B34-EAD32325B4F7}.Release|iPhoneSimulator.Build.0 = Release|x86
		{1E581C37-D893-4523-9B34-EAD32325B4F7}.Release|iPhoneSimulator.Deploy.0 = Release|x86
		{1E581C37-D893-4523-9B34-EAD32325B4F7}.Release|x64.ActiveCfg = Release|x64
		{1E581C37-D893-4523-9B34-EAD32325B4F7}.Release|x64.Build.0 = Release|x64
		{1E581C37-D893-4523-9B34-EAD32325B4F7}.Release|x64.Deploy.0 = Release|x64
		{1E581C37-D893-4523-9B34-EAD32325B4F7}.Release|x86.ActiveCfg = Release|x86
		{1E581C37-D893-4523-9B34-EAD32325B4F7}.Release|x86.Build.0 = Release|x86
		{1E581C37-D893-4523-9B34-EAD32325B4F7}.Release|x86.Deploy.0 = Release|x86
	EndGlobalSection
	GlobalSection(SolutionProperties) = preSolution
		HideSolutionNode = FALSE
	EndGlobalSection
EndGlobal
