
Microsoft Visual Studio Solution File, Format Version 12.00
# Visual Studio Version 16
VisualStudioVersion = 16.0.29102.190
MinimumVisualStudioVersion = 10.0.40219.1
Project("{FAE04EC0-301F-11D3-BF4B-00C04F79EFBC}") = "SearchBarDemos.UWP", "SearchBarDemos\SearchBarDemos.UWP\SearchBarDemos.UWP.csproj", "{5BC1D411-7361-492C-8E05-8DF46BB238CF}"
EndProject
Project("{FAE04EC0-301F-11D3-BF4B-00C04F79EFBC}") = "SearchBarDemos.Android", "SearchBarDemos\SearchBarDemos.Android\SearchBarDemos.Android.csproj", "{2C9E1B79-4D8D-42A9-AF96-C12D35E66987}"
EndProject
Project("{FAE04EC0-301F-11D3-BF4B-00C04F79EFBC}") = "SearchBarDemos.iOS", "SearchBarDemos\SearchBarDemos.iOS\SearchBarDemos.iOS.csproj", "{94289337-30EF-45FD-805C-A9B7912F6073}"
EndProject
Project("{FAE04EC0-301F-11D3-BF4B-00C04F79EFBC}") = "SearchBarDemos", "SearchBarDemos\SearchBarDemos\SearchBarDemos.csproj", "{183D1228-B0F3-42BE-A8EC-A817C1DF2729}"
EndProject
Global
	GlobalSection(SolutionConfigurationPlatforms) = preSolution
		Debug|Any CPU = Debug|Any CPU
		Debug|ARM = Debug|ARM
		Debug|iPhone = Debug|iPhone
		Debug|iPhoneSimulator = Debug|iPhoneSimulator
		Debug|x64 = Debug|x64
		Debug|x86 = Debug|x86
		Release|Any CPU = Release|Any CPU
		Release|ARM = Release|ARM
		Release|iPhone = Release|iPhone
		Release|iPhoneSimulator = Release|iPhoneSimulator
		Release|x64 = Release|x64
		Release|x86 = Release|x86
	EndGlobalSection
	GlobalSection(ProjectConfigurationPlatforms) = postSolution
		{5BC1D411-7361-492C-8E05-8DF46BB238CF}.Debug|Any CPU.ActiveCfg = Debug|x86
		{5BC1D411-7361-492C-8E05-8DF46BB238CF}.Debug|Any CPU.Build.0 = Debug|x86
		{5BC1D411-7361-492C-8E05-8DF46BB238CF}.Debug|Any CPU.Deploy.0 = Debug|x86
		{5BC1D411-7361-492C-8E05-8DF46BB238CF}.Debug|ARM.ActiveCfg = Debug|ARM
		{5BC1D411-7361-492C-8E05-8DF46BB238CF}.Debug|ARM.Build.0 = Debug|ARM
		{5BC1D411-7361-492C-8E05-8DF46BB238CF}.Debug|ARM.Deploy.0 = Debug|ARM
		{5BC1D411-7361-492C-8E05-8DF46BB238CF}.Debug|iPhone.ActiveCfg = Debug|x86
		{5BC1D411-7361-492C-8E05-8DF46BB238CF}.Debug|iPhone.Build.0 = Debug|x86
		{5BC1D411-7361-492C-8E05-8DF46BB238CF}.Debug|iPhone.Deploy.0 = Debug|x86
		{5BC1D411-7361-492C-8E05-8DF46BB238CF}.Debug|iPhoneSimulator.ActiveCfg = Debug|x86
		{5BC1D411-7361-492C-8E05-8DF46BB238CF}.Debug|iPhoneSimulator.Build.0 = Debug|x86
		{5BC1D411-7361-492C-8E05-8DF46BB238CF}.Debug|iPhoneSimulator.Deploy.0 = Debug|x86
		{5BC1D411-7361-492C-8E05-8DF46BB238CF}.Debug|x64.ActiveCfg = Debug|x64
		{5BC1D411-7361-492C-8E05-8DF46BB238CF}.Debug|x64.Build.0 = Debug|x64
		{5BC1D411-7361-492C-8E05-8DF46BB238CF}.Debug|x64.Deploy.0 = Debug|x64
		{5BC1D411-7361-492C-8E05-8DF46BB238CF}.Debug|x86.ActiveCfg = Debug|x86
		{5BC1D411-7361-492C-8E05-8DF46BB238CF}.Debug|x86.Build.0 = Debug|x86
		{5BC1D411-7361-492C-8E05-8DF46BB238CF}.Debug|x86.Deploy.0 = Debug|x86
		{5BC1D411-7361-492C-8E05-8DF46BB238CF}.Release|Any CPU.ActiveCfg = Release|x86
		{5BC1D411-7361-492C-8E05-8DF46BB238CF}.Release|Any CPU.Build.0 = Release|x86
		{5BC1D411-7361-492C-8E05-8DF46BB238CF}.Release|Any CPU.Deploy.0 = Release|x86
		{5BC1D411-7361-492C-8E05-8DF46BB238CF}.Release|ARM.ActiveCfg = Release|ARM
		{5BC1D411-7361-492C-8E05-8DF46BB238CF}.Release|ARM.Build.0 = Release|ARM
		{5BC1D411-7361-492C-8E05-8DF46BB238CF}.Release|ARM.Deploy.0 = Release|ARM
		{5BC1D411-7361-492C-8E05-8DF46BB238CF}.Release|iPhone.ActiveCfg = Release|x86
		{5BC1D411-7361-492C-8E05-8DF46BB238CF}.Release|iPhone.Build.0 = Release|x86
		{5BC1D411-7361-492C-8E05-8DF46BB238CF}.Release|iPhone.Deploy.0 = Release|x86
		{5BC1D411-7361-492C-8E05-8DF46BB238CF}.Release|iPhoneSimulator.ActiveCfg = Release|x86
		{5BC1D411-7361-492C-8E05-8DF46BB238CF}.Release|iPhoneSimulator.Build.0 = Release|x86
		{5BC1D411-7361-492C-8E05-8DF46BB238CF}.Release|iPhoneSimulator.Deploy.0 = Release|x86
		{5BC1D411-7361-492C-8E05-8DF46BB238CF}.Release|x64.ActiveCfg = Release|x64
		{5BC1D411-7361-492C-8E05-8DF46BB238CF}.Release|x64.Build.0 = Release|x64
		{5BC1D411-7361-492C-8E05-8DF46BB238CF}.Release|x64.Deploy.0 = Release|x64
		{5BC1D411-7361-492C-8E05-8DF46BB238CF}.Release|x86.ActiveCfg = Release|x86
		{5BC1D411-7361-492C-8E05-8DF46BB238CF}.Release|x86.Build.0 = Release|x86
		{5BC1D411-7361-492C-8E05-8DF46BB238CF}.Release|x86.Deploy.0 = Release|x86
		{2C9E1B79-4D8D-42A9-AF96-C12D35E66987}.Debug|Any CPU.ActiveCfg = Debug|Any CPU
		{2C9E1B79-4D8D-42A9-AF96-C12D35E66987}.Debug|Any CPU.Build.0 = Debug|Any CPU
		{2C9E1B79-4D8D-42A9-AF96-C12D35E66987}.Debug|Any CPU.Deploy.0 = Debug|Any CPU
		{2C9E1B79-4D8D-42A9-AF96-C12D35E66987}.Debug|ARM.ActiveCfg = Debug|Any CPU
		{2C9E1B79-4D8D-42A9-AF96-C12D35E66987}.Debug|ARM.Build.0 = Debug|Any CPU
		{2C9E1B79-4D8D-42A9-AF96-C12D35E66987}.Debug|ARM.Deploy.0 = Debug|Any CPU
		{2C9E1B79-4D8D-42A9-AF96-C12D35E66987}.Debug|iPhone.ActiveCfg = Debug|Any CPU
		{2C9E1B79-4D8D-42A9-AF96-C12D35E66987}.Debug|iPhone.Build.0 = Debug|Any CPU
		{2C9E1B79-4D8D-42A9-AF96-C12D35E66987}.Debug|iPhone.Deploy.0 = Debug|Any CPU
		{2C9E1B79-4D8D-42A9-AF96-C12D35E66987}.Debug|iPhoneSimulator.ActiveCfg = Debug|Any CPU
		{2C9E1B79-4D8D-42A9-AF96-C12D35E66987}.Debug|iPhoneSimulator.Build.0 = Debug|Any CPU
		{2C9E1B79-4D8D-42A9-AF96-C12D35E66987}.Debug|iPhoneSimulator.Deploy.0 = Debug|Any CPU
		{2C9E1B79-4D8D-42A9-AF96-C12D35E66987}.Debug|x64.ActiveCfg = Debug|Any CPU
		{2C9E1B79-4D8D-42A9-AF96-C12D35E66987}.Debug|x64.Build.0 = Debug|Any CPU
		{2C9E1B79-4D8D-42A9-AF96-C12D35E66987}.Debug|x64.Deploy.0 = Debug|Any CPU
		{2C9E1B79-4D8D-42A9-AF96-C12D35E66987}.Debug|x86.ActiveCfg = Debug|Any CPU
		{2C9E1B79-4D8D-42A9-AF96-C12D35E66987}.Debug|x86.Build.0 = Debug|Any CPU
		{2C9E1B79-4D8D-42A9-AF96-C12D35E66987}.Debug|x86.Deploy.0 = Debug|Any CPU
		{2C9E1B79-4D8D-42A9-AF96-C12D35E66987}.Release|Any CPU.ActiveCfg = Release|Any CPU
		{2C9E1B79-4D8D-42A9-AF96-C12D35E66987}.Release|Any CPU.Build.0 = Release|Any CPU
		{2C9E1B79-4D8D-42A9-AF96-C12D35E66987}.Release|Any CPU.Deploy.0 = Release|Any CPU
		{2C9E1B79-4D8D-42A9-AF96-C12D35E66987}.Release|ARM.ActiveCfg = Release|Any CPU
		{2C9E1B79-4D8D-42A9-AF96-C12D35E66987}.Release|ARM.Build.0 = Release|Any CPU
		{2C9E1B79-4D8D-42A9-AF96-C12D35E66987}.Release|ARM.Deploy.0 = Release|Any CPU
		{2C9E1B79-4D8D-42A9-AF96-C12D35E66987}.Release|iPhone.ActiveCfg = Release|Any CPU
		{2C9E1B79-4D8D-42A9-AF96-C12D35E66987}.Release|iPhone.Build.0 = Release|Any CPU
		{2C9E1B79-4D8D-42A9-AF96-C12D35E66987}.Release|iPhone.Deploy.0 = Release|Any CPU
		{2C9E1B79-4D8D-42A9-AF96-C12D35E66987}.Release|iPhoneSimulator.ActiveCfg = Release|Any CPU
		{2C9E1B79-4D8D-42A9-AF96-C12D35E66987}.Release|iPhoneSimulator.Build.0 = Release|Any CPU
		{2C9E1B79-4D8D-42A9-AF96-C12D35E66987}.Release|iPhoneSimulator.Deploy.0 = Release|Any CPU
		{2C9E1B79-4D8D-42A9-AF96-C12D35E66987}.Release|x64.ActiveCfg = Release|Any CPU
		{2C9E1B79-4D8D-42A9-AF96-C12D35E66987}.Release|x64.Build.0 = Release|Any CPU
		{2C9E1B79-4D8D-42A9-AF96-C12D35E66987}.Release|x64.Deploy.0 = Release|Any CPU
		{2C9E1B79-4D8D-42A9-AF96-C12D35E66987}.Release|x86.ActiveCfg = Release|Any CPU
		{2C9E1B79-4D8D-42A9-AF96-C12D35E66987}.Release|x86.Build.0 = Release|Any CPU
		{2C9E1B79-4D8D-42A9-AF96-C12D35E66987}.Release|x86.Deploy.0 = Release|Any CPU
		{94289337-30EF-45FD-805C-A9B7912F6073}.Debug|Any CPU.ActiveCfg = Debug|iPhone
		{94289337-30EF-45FD-805C-A9B7912F6073}.Debug|Any CPU.Build.0 = Debug|iPhone
		{94289337-30EF-45FD-805C-A9B7912F6073}.Debug|Any CPU.Deploy.0 = Debug|iPhone
		{94289337-30EF-45FD-805C-A9B7912F6073}.Debug|ARM.ActiveCfg = Debug|iPhoneSimulator
		{94289337-30EF-45FD-805C-A9B7912F6073}.Debug|ARM.Build.0 = Debug|iPhoneSimulator
		{94289337-30EF-45FD-805C-A9B7912F6073}.Debug|ARM.Deploy.0 = Debug|iPhoneSimulator
		{94289337-30EF-45FD-805C-A9B7912F6073}.Debug|iPhone.ActiveCfg = Debug|iPhone
		{94289337-30EF-45FD-805C-A9B7912F6073}.Debug|iPhone.Build.0 = Debug|iPhone
		{94289337-30EF-45FD-805C-A9B7912F6073}.Debug|iPhone.Deploy.0 = Debug|iPhone
		{94289337-30EF-45FD-805C-A9B7912F6073}.Debug|iPhoneSimulator.ActiveCfg = Debug|iPhoneSimulator
		{94289337-30EF-45FD-805C-A9B7912F6073}.Debug|iPhoneSimulator.Build.0 = Debug|iPhoneSimulator
		{94289337-30EF-45FD-805C-A9B7912F6073}.Debug|iPhoneSimulator.Deploy.0 = Debug|iPhoneSimulator
		{94289337-30EF-45FD-805C-A9B7912F6073}.Debug|x64.ActiveCfg = Debug|iPhone
		{94289337-30EF-45FD-805C-A9B7912F6073}.Debug|x64.Build.0 = Debug|iPhone
		{94289337-30EF-45FD-805C-A9B7912F6073}.Debug|x64.Deploy.0 = Debug|iPhone
		{94289337-30EF-45FD-805C-A9B7912F6073}.Debug|x86.ActiveCfg = Debug|iPhone
		{94289337-30EF-45FD-805C-A9B7912F6073}.Debug|x86.Build.0 = Debug|iPhone
		{94289337-30EF-45FD-805C-A9B7912F6073}.Debug|x86.Deploy.0 = Debug|iPhone
		{94289337-30EF-45FD-805C-A9B7912F6073}.Release|Any CPU.ActiveCfg = Release|iPhone
		{94289337-30EF-45FD-805C-A9B7912F6073}.Release|Any CPU.Build.0 = Release|iPhone
		{94289337-30EF-45FD-805C-A9B7912F6073}.Release|Any CPU.Deploy.0 = Release|iPhone
		{94289337-30EF-45FD-805C-A9B7912F6073}.Release|ARM.ActiveCfg = Release|iPhone
		{94289337-30EF-45FD-805C-A9B7912F6073}.Release|ARM.Build.0 = Release|iPhone
		{94289337-30EF-45FD-805C-A9B7912F6073}.Release|ARM.Deploy.0 = Release|iPhone
		{94289337-30EF-45FD-805C-A9B7912F6073}.Release|iPhone.ActiveCfg = Release|iPhone
		{94289337-30EF-45FD-805C-A9B7912F6073}.Release|iPhone.Build.0 = Release|iPhone
		{94289337-30EF-45FD-805C-A9B7912F6073}.Release|iPhone.Deploy.0 = Release|iPhone
		{94289337-30EF-45FD-805C-A9B7912F6073}.Release|iPhoneSimulator.ActiveCfg = Release|iPhoneSimulator
		{94289337-30EF-45FD-805C-A9B7912F6073}.Release|iPhoneSimulator.Build.0 = Release|iPhoneSimulator
		{94289337-30EF-45FD-805C-A9B7912F6073}.Release|iPhoneSimulator.Deploy.0 = Release|iPhoneSimulator
		{94289337-30EF-45FD-805C-A9B7912F6073}.Release|x64.ActiveCfg = Release|iPhone
		{94289337-30EF-45FD-805C-A9B7912F6073}.Release|x64.Build.0 = Release|iPhone
		{94289337-30EF-45FD-805C-A9B7912F6073}.Release|x64.Deploy.0 = Release|iPhone
		{94289337-30EF-45FD-805C-A9B7912F6073}.Release|x86.ActiveCfg = Release|iPhone
		{94289337-30EF-45FD-805C-A9B7912F6073}.Release|x86.Build.0 = Release|iPhone
		{94289337-30EF-45FD-805C-A9B7912F6073}.Release|x86.Deploy.0 = Release|iPhone
		{183D1228-B0F3-42BE-A8EC-A817C1DF2729}.Debug|Any CPU.ActiveCfg = Debug|Any CPU
		{183D1228-B0F3-42BE-A8EC-A817C1DF2729}.Debug|Any CPU.Build.0 = Debug|Any CPU
		{183D1228-B0F3-42BE-A8EC-A817C1DF2729}.Debug|Any CPU.Deploy.0 = Debug|Any CPU
		{183D1228-B0F3-42BE-A8EC-A817C1DF2729}.Debug|ARM.ActiveCfg = Debug|Any CPU
		{183D1228-B0F3-42BE-A8EC-A817C1DF2729}.Debug|ARM.Build.0 = Debug|Any CPU
		{183D1228-B0F3-42BE-A8EC-A817C1DF2729}.Debug|ARM.Deploy.0 = Debug|Any CPU
		{183D1228-B0F3-42BE-A8EC-A817C1DF2729}.Debug|iPhone.ActiveCfg = Debug|Any CPU
		{183D1228-B0F3-42BE-A8EC-A817C1DF2729}.Debug|iPhone.Build.0 = Debug|Any CPU
		{183D1228-B0F3-42BE-A8EC-A817C1DF2729}.Debug|iPhone.Deploy.0 = Debug|Any CPU
		{183D1228-B0F3-42BE-A8EC-A817C1DF2729}.Debug|iPhoneSimulator.ActiveCfg = Debug|Any CPU
		{183D1228-B0F3-42BE-A8EC-A817C1DF2729}.Debug|iPhoneSimulator.Build.0 = Debug|Any CPU
		{183D1228-B0F3-42BE-A8EC-A817C1DF2729}.Debug|iPhoneSimulator.Deploy.0 = Debug|Any CPU
		{183D1228-B0F3-42BE-A8EC-A817C1DF2729}.Debug|x64.ActiveCfg = Debug|Any CPU
		{183D1228-B0F3-42BE-A8EC-A817C1DF2729}.Debug|x64.Build.0 = Debug|Any CPU
		{183D1228-B0F3-42BE-A8EC-A817C1DF2729}.Debug|x64.Deploy.0 = Debug|Any CPU
		{183D1228-B0F3-42BE-A8EC-A817C1DF2729}.Debug|x86.ActiveCfg = Debug|Any CPU
		{183D1228-B0F3-42BE-A8EC-A817C1DF2729}.Debug|x86.Build.0 = Debug|Any CPU
		{183D1228-B0F3-42BE-A8EC-A817C1DF2729}.Debug|x86.Deploy.0 = Debug|Any CPU
		{183D1228-B0F3-42BE-A8EC-A817C1DF2729}.Release|Any CPU.ActiveCfg = Release|Any CPU
		{183D1228-B0F3-42BE-A8EC-A817C1DF2729}.Release|Any CPU.Build.0 = Release|Any CPU
		{183D1228-B0F3-42BE-A8EC-A817C1DF2729}.Release|Any CPU.Deploy.0 = Release|Any CPU
		{183D1228-B0F3-42BE-A8EC-A817C1DF2729}.Release|ARM.ActiveCfg = Release|Any CPU
		{183D1228-B0F3-42BE-A8EC-A817C1DF2729}.Release|ARM.Build.0 = Release|Any CPU
		{183D1228-B0F3-42BE-A8EC-A817C1DF2729}.Release|ARM.Deploy.0 = Release|Any CPU
		{183D1228-B0F3-42BE-A8EC-A817C1DF2729}.Release|iPhone.ActiveCfg = Release|Any CPU
		{183D1228-B0F3-42BE-A8EC-A817C1DF2729}.Release|iPhone.Build.0 = Release|Any CPU
		{183D1228-B0F3-42BE-A8EC-A817C1DF2729}.Release|iPhone.Deploy.0 = Release|Any CPU
		{183D1228-B0F3-42BE-A8EC-A817C1DF2729}.Release|iPhoneSimulator.ActiveCfg = Release|Any CPU
		{183D1228-B0F3-42BE-A8EC-A817C1DF2729}.Release|iPhoneSimulator.Build.0 = Release|Any CPU
		{183D1228-B0F3-42BE-A8EC-A817C1DF2729}.Release|iPhoneSimulator.Deploy.0 = Release|Any CPU
		{183D1228-B0F3-42BE-A8EC-A817C1DF2729}.Release|x64.ActiveCfg = Release|Any CPU
		{183D1228-B0F3-42BE-A8EC-A817C1DF2729}.Release|x64.Build.0 = Release|Any CPU
		{183D1228-B0F3-42BE-A8EC-A817C1DF2729}.Release|x64.Deploy.0 = Release|Any CPU
		{183D1228-B0F3-42BE-A8EC-A817C1DF2729}.Release|x86.ActiveCfg = Release|Any CPU
		{183D1228-B0F3-42BE-A8EC-A817C1DF2729}.Release|x86.Build.0 = Release|Any CPU
		{183D1228-B0F3-42BE-A8EC-A817C1DF2729}.Release|x86.Deploy.0 = Release|Any CPU
	EndGlobalSection
	GlobalSection(SolutionProperties) = preSolution
		HideSolutionNode = FALSE
	EndGlobalSection
	GlobalSection(ExtensibilityGlobals) = postSolution
		SolutionGuid = {005E73F0-65EC-4D11-B2CE-BCCCF49F95C8}
	EndGlobalSection
EndGlobal
