
Microsoft Visual Studio Solution File, Format Version 12.00
# Visual Studio 14
VisualStudioVersion = 14.0.24720.0
MinimumVisualStudioVersion = 10.0.40219.1
Project("{FAE04EC0-301F-11D3-BF4B-00C04F79EFBC}") = "WorkingWithMaps", "WorkingWithMaps\WorkingWithMaps.csproj", "{E71C3604-F980-496D-A3EE-D2E757746E91}"
EndProject
Project("{FAE04EC0-301F-11D3-BF4B-00C04F79EFBC}") = "WorkingWithMaps.iOS", "iOS\WorkingWithMaps.iOS.csproj", "{08A3ABD2-03CA-4A03-8C14-0E0680A77846}"
EndProject
Project("{FAE04EC0-301F-11D3-BF4B-00C04F79EFBC}") = "WorkingWithMaps.Android", "Android\WorkingWithMaps.Android.csproj", "{9E84F0D9-45C6-4FE7-9E9C-888F5A2446EA}"
EndProject
Project("{FAE04EC0-301F-11D3-BF4B-00C04F79EFBC}") = "WorkingWithMaps.WinPhone", "WinPhone\WorkingWithMaps.WinPhone.csproj", "{5AFE6385-B394-4488-8F54-D31A0C6BC5B5}"
EndProject
Project("{FAE04EC0-301F-11D3-BF4B-00C04F79EFBC}") = "WorkingWithMaps.UWP", "UWP\WorkingWithMaps.UWP.csproj", "{15559F86-8BDA-4BAC-B66B-F97EB04AB715}"
EndProject
Global
	GlobalSection(SolutionConfigurationPlatforms) = preSolution
		Ad-Hoc|Any CPU = Ad-Hoc|Any CPU
		Ad-Hoc|ARM = Ad-Hoc|ARM
		Ad-Hoc|iPhone = Ad-Hoc|iPhone
		Ad-Hoc|iPhoneSimulator = Ad-Hoc|iPhoneSimulator
		Ad-Hoc|Mixed Platforms = Ad-Hoc|Mixed Platforms
		Ad-Hoc|x64 = Ad-Hoc|x64
		Ad-Hoc|x86 = Ad-Hoc|x86
		AppStore|Any CPU = AppStore|Any CPU
		AppStore|ARM = AppStore|ARM
		AppStore|iPhone = AppStore|iPhone
		AppStore|iPhoneSimulator = AppStore|iPhoneSimulator
		AppStore|Mixed Platforms = AppStore|Mixed Platforms
		AppStore|x64 = AppStore|x64
		AppStore|x86 = AppStore|x86
		Debug|Any CPU = Debug|Any CPU
		Debug|ARM = Debug|ARM
		Debug|iPhone = Debug|iPhone
		Debug|iPhoneSimulator = Debug|iPhoneSimulator
		Debug|Mixed Platforms = Debug|Mixed Platforms
		Debug|x64 = Debug|x64
		Debug|x86 = Debug|x86
		Release|Any CPU = Release|Any CPU
		Release|ARM = Release|ARM
		Release|iPhone = Release|iPhone
		Release|iPhoneSimulator = Release|iPhoneSimulator
		Release|Mixed Platforms = Release|Mixed Platforms
		Release|x64 = Release|x64
		Release|x86 = Release|x86
	EndGlobalSection
	GlobalSection(ProjectConfigurationPlatforms) = postSolution
		{E71C3604-F980-496D-A3EE-D2E757746E91}.Ad-Hoc|Any CPU.ActiveCfg = Release|Any CPU
		{E71C3604-F980-496D-A3EE-D2E757746E91}.Ad-Hoc|Any CPU.Build.0 = Release|Any CPU
		{E71C3604-F980-496D-A3EE-D2E757746E91}.Ad-Hoc|ARM.ActiveCfg = Release|Any CPU
		{E71C3604-F980-496D-A3EE-D2E757746E91}.Ad-Hoc|iPhone.ActiveCfg = Debug|Any CPU
		{E71C3604-F980-496D-A3EE-D2E757746E91}.Ad-Hoc|iPhone.Build.0 = Debug|Any CPU
		{E71C3604-F980-496D-A3EE-D2E757746E91}.Ad-Hoc|iPhoneSimulator.ActiveCfg = Release|Any CPU
		{E71C3604-F980-496D-A3EE-D2E757746E91}.Ad-Hoc|Mixed Platforms.ActiveCfg = Release|Any CPU
		{E71C3604-F980-496D-A3EE-D2E757746E91}.Ad-Hoc|Mixed Platforms.Build.0 = Release|Any CPU
		{E71C3604-F980-496D-A3EE-D2E757746E91}.Ad-Hoc|x64.ActiveCfg = Debug|Any CPU
		{E71C3604-F980-496D-A3EE-D2E757746E91}.Ad-Hoc|x64.Build.0 = Debug|Any CPU
		{E71C3604-F980-496D-A3EE-D2E757746E91}.Ad-Hoc|x86.ActiveCfg = Release|Any CPU
		{E71C3604-F980-496D-A3EE-D2E757746E91}.AppStore|Any CPU.ActiveCfg = Release|Any CPU
		{E71C3604-F980-496D-A3EE-D2E757746E91}.AppStore|Any CPU.Build.0 = Release|Any CPU
		{E71C3604-F980-496D-A3EE-D2E757746E91}.AppStore|ARM.ActiveCfg = Release|Any CPU
		{E71C3604-F980-496D-A3EE-D2E757746E91}.AppStore|iPhone.ActiveCfg = Debug|Any CPU
		{E71C3604-F980-496D-A3EE-D2E757746E91}.AppStore|iPhone.Build.0 = Debug|Any CPU
		{E71C3604-F980-496D-A3EE-D2E757746E91}.AppStore|iPhoneSimulator.ActiveCfg = Release|Any CPU
		{E71C3604-F980-496D-A3EE-D2E757746E91}.AppStore|Mixed Platforms.ActiveCfg = Release|Any CPU
		{E71C3604-F980-496D-A3EE-D2E757746E91}.AppStore|Mixed Platforms.Build.0 = Release|Any CPU
		{E71C3604-F980-496D-A3EE-D2E757746E91}.AppStore|x64.ActiveCfg = Debug|Any CPU
		{E71C3604-F980-496D-A3EE-D2E757746E91}.AppStore|x64.Build.0 = Debug|Any CPU
		{E71C3604-F980-496D-A3EE-D2E757746E91}.AppStore|x86.ActiveCfg = Release|Any CPU
		{E71C3604-F980-496D-A3EE-D2E757746E91}.Debug|Any CPU.ActiveCfg = Debug|Any CPU
		{E71C3604-F980-496D-A3EE-D2E757746E91}.Debug|Any CPU.Build.0 = Debug|Any CPU
		{E71C3604-F980-496D-A3EE-D2E757746E91}.Debug|ARM.ActiveCfg = Debug|Any CPU
		{E71C3604-F980-496D-A3EE-D2E757746E91}.Debug|iPhone.ActiveCfg = Debug|Any CPU
		{E71C3604-F980-496D-A3EE-D2E757746E91}.Debug|iPhone.Build.0 = Debug|Any CPU
		{E71C3604-F980-496D-A3EE-D2E757746E91}.Debug|iPhoneSimulator.ActiveCfg = Debug|Any CPU
		{E71C3604-F980-496D-A3EE-D2E757746E91}.Debug|iPhoneSimulator.Build.0 = Debug|Any CPU
		{E71C3604-F980-496D-A3EE-D2E757746E91}.Debug|Mixed Platforms.ActiveCfg = Debug|Any CPU
		{E71C3604-F980-496D-A3EE-D2E757746E91}.Debug|Mixed Platforms.Build.0 = Debug|Any CPU
		{E71C3604-F980-496D-A3EE-D2E757746E91}.Debug|x64.ActiveCfg = Debug|Any CPU
		{E71C3604-F980-496D-A3EE-D2E757746E91}.Debug|x64.Build.0 = Debug|Any CPU
		{E71C3604-F980-496D-A3EE-D2E757746E91}.Debug|x86.ActiveCfg = Debug|Any CPU
		{E71C3604-F980-496D-A3EE-D2E757746E91}.Release|Any CPU.ActiveCfg = Release|Any CPU
		{E71C3604-F980-496D-A3EE-D2E757746E91}.Release|Any CPU.Build.0 = Release|Any CPU
		{E71C3604-F980-496D-A3EE-D2E757746E91}.Release|ARM.ActiveCfg = Release|Any CPU
		{E71C3604-F980-496D-A3EE-D2E757746E91}.Release|iPhone.ActiveCfg = Release|Any CPU
		{E71C3604-F980-496D-A3EE-D2E757746E91}.Release|iPhone.Build.0 = Release|Any CPU
		{E71C3604-F980-496D-A3EE-D2E757746E91}.Release|iPhoneSimulator.ActiveCfg = Release|Any CPU
		{E71C3604-F980-496D-A3EE-D2E757746E91}.Release|iPhoneSimulator.Build.0 = Release|Any CPU
		{E71C3604-F980-496D-A3EE-D2E757746E91}.Release|Mixed Platforms.ActiveCfg = Release|Any CPU
		{E71C3604-F980-496D-A3EE-D2E757746E91}.Release|Mixed Platforms.Build.0 = Release|Any CPU
		{E71C3604-F980-496D-A3EE-D2E757746E91}.Release|x64.ActiveCfg = Release|Any CPU
		{E71C3604-F980-496D-A3EE-D2E757746E91}.Release|x64.Build.0 = Release|Any CPU
		{E71C3604-F980-496D-A3EE-D2E757746E91}.Release|x86.ActiveCfg = Release|Any CPU
		{08A3ABD2-03CA-4A03-8C14-0E0680A77846}.Ad-Hoc|Any CPU.ActiveCfg = Ad-Hoc|iPhoneSimulator
		{08A3ABD2-03CA-4A03-8C14-0E0680A77846}.Ad-Hoc|ARM.ActiveCfg = Ad-Hoc|iPhoneSimulator
		{08A3ABD2-03CA-4A03-8C14-0E0680A77846}.Ad-Hoc|iPhone.ActiveCfg = Ad-Hoc|iPhone
		{08A3ABD2-03CA-4A03-8C14-0E0680A77846}.Ad-Hoc|iPhone.Build.0 = Ad-Hoc|iPhone
		{08A3ABD2-03CA-4A03-8C14-0E0680A77846}.Ad-Hoc|iPhoneSimulator.ActiveCfg = Ad-Hoc|iPhoneSimulator
		{08A3ABD2-03CA-4A03-8C14-0E0680A77846}.Ad-Hoc|iPhoneSimulator.Build.0 = Ad-Hoc|iPhoneSimulator
		{08A3ABD2-03CA-4A03-8C14-0E0680A77846}.Ad-Hoc|iPhoneSimulator.Deploy.0 = Ad-Hoc|iPhoneSimulator
		{08A3ABD2-03CA-4A03-8C14-0E0680A77846}.Ad-Hoc|Mixed Platforms.ActiveCfg = Ad-Hoc|iPhoneSimulator
		{08A3ABD2-03CA-4A03-8C14-0E0680A77846}.Ad-Hoc|Mixed Platforms.Build.0 = Ad-Hoc|iPhoneSimulator
		{08A3ABD2-03CA-4A03-8C14-0E0680A77846}.Ad-Hoc|Mixed Platforms.Deploy.0 = Ad-Hoc|iPhoneSimulator
		{08A3ABD2-03CA-4A03-8C14-0E0680A77846}.Ad-Hoc|x64.ActiveCfg = Ad-Hoc|iPhone
		{08A3ABD2-03CA-4A03-8C14-0E0680A77846}.Ad-Hoc|x86.ActiveCfg = Ad-Hoc|iPhoneSimulator
		{08A3ABD2-03CA-4A03-8C14-0E0680A77846}.AppStore|Any CPU.ActiveCfg = AppStore|iPhoneSimulator
		{08A3ABD2-03CA-4A03-8C14-0E0680A77846}.AppStore|ARM.ActiveCfg = AppStore|iPhoneSimulator
		{08A3ABD2-03CA-4A03-8C14-0E0680A77846}.AppStore|iPhone.ActiveCfg = AppStore|iPhone
		{08A3ABD2-03CA-4A03-8C14-0E0680A77846}.AppStore|iPhone.Build.0 = AppStore|iPhone
		{08A3ABD2-03CA-4A03-8C14-0E0680A77846}.AppStore|iPhoneSimulator.ActiveCfg = AppStore|iPhoneSimulator
		{08A3ABD2-03CA-4A03-8C14-0E0680A77846}.AppStore|iPhoneSimulator.Build.0 = AppStore|iPhoneSimulator
		{08A3ABD2-03CA-4A03-8C14-0E0680A77846}.AppStore|iPhoneSimulator.Deploy.0 = AppStore|iPhoneSimulator
		{08A3ABD2-03CA-4A03-8C14-0E0680A77846}.AppStore|Mixed Platforms.ActiveCfg = AppStore|iPhoneSimulator
		{08A3ABD2-03CA-4A03-8C14-0E0680A77846}.AppStore|Mixed Platforms.Build.0 = AppStore|iPhoneSimulator
		{08A3ABD2-03CA-4A03-8C14-0E0680A77846}.AppStore|Mixed Platforms.Deploy.0 = AppStore|iPhoneSimulator
		{08A3ABD2-03CA-4A03-8C14-0E0680A77846}.AppStore|x64.ActiveCfg = AppStore|iPhone
		{08A3ABD2-03CA-4A03-8C14-0E0680A77846}.AppStore|x86.ActiveCfg = AppStore|iPhoneSimulator
		{08A3ABD2-03CA-4A03-8C14-0E0680A77846}.Debug|Any CPU.ActiveCfg = Debug|iPhoneSimulator
		{08A3ABD2-03CA-4A03-8C14-0E0680A77846}.Debug|Any CPU.Build.0 = Debug|iPhoneSimulator
		{08A3ABD2-03CA-4A03-8C14-0E0680A77846}.Debug|ARM.ActiveCfg = Debug|iPhone
		{08A3ABD2-03CA-4A03-8C14-0E0680A77846}.Debug|iPhone.ActiveCfg = Debug|iPhone
		{08A3ABD2-03CA-4A03-8C14-0E0680A77846}.Debug|iPhone.Build.0 = Debug|iPhone
		{08A3ABD2-03CA-4A03-8C14-0E0680A77846}.Debug|iPhoneSimulator.ActiveCfg = Debug|iPhoneSimulator
		{08A3ABD2-03CA-4A03-8C14-0E0680A77846}.Debug|iPhoneSimulator.Build.0 = Debug|iPhoneSimulator
		{08A3ABD2-03CA-4A03-8C14-0E0680A77846}.Debug|Mixed Platforms.ActiveCfg = Debug|iPhone
		{08A3ABD2-03CA-4A03-8C14-0E0680A77846}.Debug|Mixed Platforms.Build.0 = Debug|iPhone
		{08A3ABD2-03CA-4A03-8C14-0E0680A77846}.Debug|Mixed Platforms.Deploy.0 = Debug|iPhone
		{08A3ABD2-03CA-4A03-8C14-0E0680A77846}.Debug|x64.ActiveCfg = Debug|iPhone
		{08A3ABD2-03CA-4A03-8C14-0E0680A77846}.Debug|x86.ActiveCfg = Debug|iPhone
		{08A3ABD2-03CA-4A03-8C14-0E0680A77846}.Release|Any CPU.ActiveCfg = Release|iPhoneSimulator
		{08A3ABD2-03CA-4A03-8C14-0E0680A77846}.Release|Any CPU.Build.0 = Release|iPhoneSimulator
		{08A3ABD2-03CA-4A03-8C14-0E0680A77846}.Release|ARM.ActiveCfg = Release|iPhone
		{08A3ABD2-03CA-4A03-8C14-0E0680A77846}.Release|iPhone.ActiveCfg = Release|iPhone
		{08A3ABD2-03CA-4A03-8C14-0E0680A77846}.Release|iPhone.Build.0 = Release|iPhone
		{08A3ABD2-03CA-4A03-8C14-0E0680A77846}.Release|iPhoneSimulator.ActiveCfg = Release|iPhoneSimulator
		{08A3ABD2-03CA-4A03-8C14-0E0680A77846}.Release|iPhoneSimulator.Build.0 = Release|iPhoneSimulator
		{08A3ABD2-03CA-4A03-8C14-0E0680A77846}.Release|Mixed Platforms.ActiveCfg = Release|iPhone
		{08A3ABD2-03CA-4A03-8C14-0E0680A77846}.Release|Mixed Platforms.Build.0 = Release|iPhone
		{08A3ABD2-03CA-4A03-8C14-0E0680A77846}.Release|Mixed Platforms.Deploy.0 = Release|iPhone
		{08A3ABD2-03CA-4A03-8C14-0E0680A77846}.Release|x64.ActiveCfg = Release|iPhone
		{08A3ABD2-03CA-4A03-8C14-0E0680A77846}.Release|x86.ActiveCfg = Release|iPhone
		{9E84F0D9-45C6-4FE7-9E9C-888F5A2446EA}.Ad-Hoc|Any CPU.ActiveCfg = Release|Any CPU
		{9E84F0D9-45C6-4FE7-9E9C-888F5A2446EA}.Ad-Hoc|Any CPU.Build.0 = Release|Any CPU
		{9E84F0D9-45C6-4FE7-9E9C-888F5A2446EA}.Ad-Hoc|Any CPU.Deploy.0 = Release|Any CPU
		{9E84F0D9-45C6-4FE7-9E9C-888F5A2446EA}.Ad-Hoc|ARM.ActiveCfg = Release|Any CPU
		{9E84F0D9-45C6-4FE7-9E9C-888F5A2446EA}.Ad-Hoc|iPhone.ActiveCfg = Debug|Any CPU
		{9E84F0D9-45C6-4FE7-9E9C-888F5A2446EA}.Ad-Hoc|iPhone.Build.0 = Debug|Any CPU
		{9E84F0D9-45C6-4FE7-9E9C-888F5A2446EA}.Ad-Hoc|iPhoneSimulator.ActiveCfg = Release|Any CPU
		{9E84F0D9-45C6-4FE7-9E9C-888F5A2446EA}.Ad-Hoc|Mixed Platforms.ActiveCfg = Release|Any CPU
		{9E84F0D9-45C6-4FE7-9E9C-888F5A2446EA}.Ad-Hoc|Mixed Platforms.Build.0 = Release|Any CPU
		{9E84F0D9-45C6-4FE7-9E9C-888F5A2446EA}.Ad-Hoc|Mixed Platforms.Deploy.0 = Release|Any CPU
		{9E84F0D9-45C6-4FE7-9E9C-888F5A2446EA}.Ad-Hoc|x64.ActiveCfg = Debug|Any CPU
		{9E84F0D9-45C6-4FE7-9E9C-888F5A2446EA}.Ad-Hoc|x64.Build.0 = Debug|Any CPU
		{9E84F0D9-45C6-4FE7-9E9C-888F5A2446EA}.Ad-Hoc|x64.Deploy.0 = Debug|Any CPU
		{9E84F0D9-45C6-4FE7-9E9C-888F5A2446EA}.Ad-Hoc|x86.ActiveCfg = Release|Any CPU
		{9E84F0D9-45C6-4FE7-9E9C-888F5A2446EA}.AppStore|Any CPU.ActiveCfg = Release|Any CPU
		{9E84F0D9-45C6-4FE7-9E9C-888F5A2446EA}.AppStore|Any CPU.Build.0 = Release|Any CPU
		{9E84F0D9-45C6-4FE7-9E9C-888F5A2446EA}.AppStore|Any CPU.Deploy.0 = Release|Any CPU
		{9E84F0D9-45C6-4FE7-9E9C-888F5A2446EA}.AppStore|ARM.ActiveCfg = Release|Any CPU
		{9E84F0D9-45C6-4FE7-9E9C-888F5A2446EA}.AppStore|iPhone.ActiveCfg = Debug|Any CPU
		{9E84F0D9-45C6-4FE7-9E9C-888F5A2446EA}.AppStore|iPhone.Build.0 = Debug|Any CPU
		{9E84F0D9-45C6-4FE7-9E9C-888F5A2446EA}.AppStore|iPhoneSimulator.ActiveCfg = Release|Any CPU
		{9E84F0D9-45C6-4FE7-9E9C-888F5A2446EA}.AppStore|Mixed Platforms.ActiveCfg = Release|Any CPU
		{9E84F0D9-45C6-4FE7-9E9C-888F5A2446EA}.AppStore|Mixed Platforms.Build.0 = Release|Any CPU
		{9E84F0D9-45C6-4FE7-9E9C-888F5A2446EA}.AppStore|Mixed Platforms.Deploy.0 = Release|Any CPU
		{9E84F0D9-45C6-4FE7-9E9C-888F5A2446EA}.AppStore|x64.ActiveCfg = Debug|Any CPU
		{9E84F0D9-45C6-4FE7-9E9C-888F5A2446EA}.AppStore|x64.Build.0 = Debug|Any CPU
		{9E84F0D9-45C6-4FE7-9E9C-888F5A2446EA}.AppStore|x64.Deploy.0 = Debug|Any CPU
		{9E84F0D9-45C6-4FE7-9E9C-888F5A2446EA}.AppStore|x86.ActiveCfg = Release|Any CPU
		{9E84F0D9-45C6-4FE7-9E9C-888F5A2446EA}.Debug|Any CPU.ActiveCfg = Debug|Any CPU
		{9E84F0D9-45C6-4FE7-9E9C-888F5A2446EA}.Debug|Any CPU.Build.0 = Debug|Any CPU
		{9E84F0D9-45C6-4FE7-9E9C-888F5A2446EA}.Debug|ARM.ActiveCfg = Debug|Any CPU
		{9E84F0D9-45C6-4FE7-9E9C-888F5A2446EA}.Debug|iPhone.ActiveCfg = Debug|Any CPU
		{9E84F0D9-45C6-4FE7-9E9C-888F5A2446EA}.Debug|iPhone.Build.0 = Debug|Any CPU
		{9E84F0D9-45C6-4FE7-9E9C-888F5A2446EA}.Debug|iPhoneSimulator.ActiveCfg = Debug|Any CPU
		{9E84F0D9-45C6-4FE7-9E9C-888F5A2446EA}.Debug|iPhoneSimulator.Build.0 = Debug|Any CPU
		{9E84F0D9-45C6-4FE7-9E9C-888F5A2446EA}.Debug|Mixed Platforms.ActiveCfg = Debug|Any CPU
		{9E84F0D9-45C6-4FE7-9E9C-888F5A2446EA}.Debug|Mixed Platforms.Build.0 = Debug|Any CPU
		{9E84F0D9-45C6-4FE7-9E9C-888F5A2446EA}.Debug|Mixed Platforms.Deploy.0 = Debug|Any CPU
		{9E84F0D9-45C6-4FE7-9E9C-888F5A2446EA}.Debug|x64.ActiveCfg = Debug|Any CPU
		{9E84F0D9-45C6-4FE7-9E9C-888F5A2446EA}.Debug|x64.Build.0 = Debug|Any CPU
		{9E84F0D9-45C6-4FE7-9E9C-888F5A2446EA}.Debug|x64.Deploy.0 = Debug|Any CPU
		{9E84F0D9-45C6-4FE7-9E9C-888F5A2446EA}.Debug|x86.ActiveCfg = Debug|Any CPU
		{9E84F0D9-45C6-4FE7-9E9C-888F5A2446EA}.Release|Any CPU.ActiveCfg = Release|Any CPU
		{9E84F0D9-45C6-4FE7-9E9C-888F5A2446EA}.Release|Any CPU.Build.0 = Release|Any CPU
		{9E84F0D9-45C6-4FE7-9E9C-888F5A2446EA}.Release|ARM.ActiveCfg = Release|Any CPU
		{9E84F0D9-45C6-4FE7-9E9C-888F5A2446EA}.Release|iPhone.ActiveCfg = Release|Any CPU
		{9E84F0D9-45C6-4FE7-9E9C-888F5A2446EA}.Release|iPhone.Build.0 = Release|Any CPU
		{9E84F0D9-45C6-4FE7-9E9C-888F5A2446EA}.Release|iPhoneSimulator.ActiveCfg = Release|Any CPU
		{9E84F0D9-45C6-4FE7-9E9C-888F5A2446EA}.Release|iPhoneSimulator.Build.0 = Release|Any CPU
		{9E84F0D9-45C6-4FE7-9E9C-888F5A2446EA}.Release|Mixed Platforms.ActiveCfg = Release|Any CPU
		{9E84F0D9-45C6-4FE7-9E9C-888F5A2446EA}.Release|Mixed Platforms.Build.0 = Release|Any CPU
		{9E84F0D9-45C6-4FE7-9E9C-888F5A2446EA}.Release|Mixed Platforms.Deploy.0 = Release|Any CPU
		{9E84F0D9-45C6-4FE7-9E9C-888F5A2446EA}.Release|x64.ActiveCfg = Release|Any CPU
		{9E84F0D9-45C6-4FE7-9E9C-888F5A2446EA}.Release|x64.Build.0 = Release|Any CPU
		{9E84F0D9-45C6-4FE7-9E9C-888F5A2446EA}.Release|x64.Deploy.0 = Release|Any CPU
		{9E84F0D9-45C6-4FE7-9E9C-888F5A2446EA}.Release|x86.ActiveCfg = Release|Any CPU
		{5AFE6385-B394-4488-8F54-D31A0C6BC5B5}.Ad-Hoc|Any CPU.ActiveCfg = Release|Any CPU
		{5AFE6385-B394-4488-8F54-D31A0C6BC5B5}.Ad-Hoc|Any CPU.Build.0 = Release|Any CPU
		{5AFE6385-B394-4488-8F54-D31A0C6BC5B5}.Ad-Hoc|Any CPU.Deploy.0 = Release|Any CPU
		{5AFE6385-B394-4488-8F54-D31A0C6BC5B5}.Ad-Hoc|ARM.ActiveCfg = Release|ARM
		{5AFE6385-B394-4488-8F54-D31A0C6BC5B5}.Ad-Hoc|ARM.Build.0 = Release|ARM
		{5AFE6385-B394-4488-8F54-D31A0C6BC5B5}.Ad-Hoc|ARM.Deploy.0 = Release|ARM
		{5AFE6385-B394-4488-8F54-D31A0C6BC5B5}.Ad-Hoc|iPhone.ActiveCfg = Release|Any CPU
		{5AFE6385-B394-4488-8F54-D31A0C6BC5B5}.Ad-Hoc|iPhoneSimulator.ActiveCfg = Release|Any CPU
		{5AFE6385-B394-4488-8F54-D31A0C6BC5B5}.Ad-Hoc|Mixed Platforms.ActiveCfg = Release|x86
		{5AFE6385-B394-4488-8F54-D31A0C6BC5B5}.Ad-Hoc|Mixed Platforms.Build.0 = Release|x86
		{5AFE6385-B394-4488-8F54-D31A0C6BC5B5}.Ad-Hoc|Mixed Platforms.Deploy.0 = Release|x86
		{5AFE6385-B394-4488-8F54-D31A0C6BC5B5}.Ad-Hoc|x64.ActiveCfg = Debug|Any CPU
		{5AFE6385-B394-4488-8F54-D31A0C6BC5B5}.Ad-Hoc|x64.Build.0 = Debug|Any CPU
		{5AFE6385-B394-4488-8F54-D31A0C6BC5B5}.Ad-Hoc|x64.Deploy.0 = Debug|Any CPU
		{5AFE6385-B394-4488-8F54-D31A0C6BC5B5}.Ad-Hoc|x86.ActiveCfg = Release|x86
		{5AFE6385-B394-4488-8F54-D31A0C6BC5B5}.Ad-Hoc|x86.Build.0 = Release|x86
		{5AFE6385-B394-4488-8F54-D31A0C6BC5B5}.Ad-Hoc|x86.Deploy.0 = Release|x86
		{5AFE6385-B394-4488-8F54-D31A0C6BC5B5}.AppStore|Any CPU.ActiveCfg = Release|Any CPU
		{5AFE6385-B394-4488-8F54-D31A0C6BC5B5}.AppStore|Any CPU.Build.0 = Release|Any CPU
		{5AFE6385-B394-4488-8F54-D31A0C6BC5B5}.AppStore|Any CPU.Deploy.0 = Release|Any CPU
		{5AFE6385-B394-4488-8F54-D31A0C6BC5B5}.AppStore|ARM.ActiveCfg = Release|ARM
		{5AFE6385-B394-4488-8F54-D31A0C6BC5B5}.AppStore|ARM.Build.0 = Release|ARM
		{5AFE6385-B394-4488-8F54-D31A0C6BC5B5}.AppStore|ARM.Deploy.0 = Release|ARM
		{5AFE6385-B394-4488-8F54-D31A0C6BC5B5}.AppStore|iPhone.ActiveCfg = Release|Any CPU
		{5AFE6385-B394-4488-8F54-D31A0C6BC5B5}.AppStore|iPhoneSimulator.ActiveCfg = Release|Any CPU
		{5AFE6385-B394-4488-8F54-D31A0C6BC5B5}.AppStore|Mixed Platforms.ActiveCfg = Release|x86
		{5AFE6385-B394-4488-8F54-D31A0C6BC5B5}.AppStore|Mixed Platforms.Build.0 = Release|x86
		{5AFE6385-B394-4488-8F54-D31A0C6BC5B5}.AppStore|Mixed Platforms.Deploy.0 = Release|x86
		{5AFE6385-B394-4488-8F54-D31A0C6BC5B5}.AppStore|x64.ActiveCfg = Debug|Any CPU
		{5AFE6385-B394-4488-8F54-D31A0C6BC5B5}.AppStore|x64.Build.0 = Debug|Any CPU
		{5AFE6385-B394-4488-8F54-D31A0C6BC5B5}.AppStore|x64.Deploy.0 = Debug|Any CPU
		{5AFE6385-B394-4488-8F54-D31A0C6BC5B5}.AppStore|x86.ActiveCfg = Release|x86
		{5AFE6385-B394-4488-8F54-D31A0C6BC5B5}.AppStore|x86.Build.0 = Release|x86
		{5AFE6385-B394-4488-8F54-D31A0C6BC5B5}.AppStore|x86.Deploy.0 = Release|x86
		{5AFE6385-B394-4488-8F54-D31A0C6BC5B5}.Debug|Any CPU.ActiveCfg = Debug|Any CPU
		{5AFE6385-B394-4488-8F54-D31A0C6BC5B5}.Debug|Any CPU.Build.0 = Debug|Any CPU
		{5AFE6385-B394-4488-8F54-D31A0C6BC5B5}.Debug|Any CPU.Deploy.0 = Debug|Any CPU
		{5AFE6385-B394-4488-8F54-D31A0C6BC5B5}.Debug|ARM.ActiveCfg = Debug|ARM
		{5AFE6385-B394-4488-8F54-D31A0C6BC5B5}.Debug|ARM.Build.0 = Debug|ARM
		{5AFE6385-B394-4488-8F54-D31A0C6BC5B5}.Debug|ARM.Deploy.0 = Debug|ARM
		{5AFE6385-B394-4488-8F54-D31A0C6BC5B5}.Debug|iPhone.ActiveCfg = Debug|Any CPU
		{5AFE6385-B394-4488-8F54-D31A0C6BC5B5}.Debug|iPhoneSimulator.ActiveCfg = Debug|Any CPU
		{5AFE6385-B394-4488-8F54-D31A0C6BC5B5}.Debug|Mixed Platforms.ActiveCfg = Debug|x86
		{5AFE6385-B394-4488-8F54-D31A0C6BC5B5}.Debug|Mixed Platforms.Build.0 = Debug|x86
		{5AFE6385-B394-4488-8F54-D31A0C6BC5B5}.Debug|Mixed Platforms.Deploy.0 = Debug|x86
		{5AFE6385-B394-4488-8F54-D31A0C6BC5B5}.Debug|x64.ActiveCfg = Debug|Any CPU
		{5AFE6385-B394-4488-8F54-D31A0C6BC5B5}.Debug|x64.Build.0 = Debug|Any CPU
		{5AFE6385-B394-4488-8F54-D31A0C6BC5B5}.Debug|x64.Deploy.0 = Debug|Any CPU
		{5AFE6385-B394-4488-8F54-D31A0C6BC5B5}.Debug|x86.ActiveCfg = Debug|x86
		{5AFE6385-B394-4488-8F54-D31A0C6BC5B5}.Debug|x86.Build.0 = Debug|x86
		{5AFE6385-B394-4488-8F54-D31A0C6BC5B5}.Debug|x86.Deploy.0 = Debug|x86
		{5AFE6385-B394-4488-8F54-D31A0C6BC5B5}.Release|Any CPU.ActiveCfg = Release|Any CPU
		{5AFE6385-B394-4488-8F54-D31A0C6BC5B5}.Release|Any CPU.Build.0 = Release|Any CPU
		{5AFE6385-B394-4488-8F54-D31A0C6BC5B5}.Release|Any CPU.Deploy.0 = Release|Any CPU
		{5AFE6385-B394-4488-8F54-D31A0C6BC5B5}.Release|ARM.ActiveCfg = Release|ARM
		{5AFE6385-B394-4488-8F54-D31A0C6BC5B5}.Release|ARM.Build.0 = Release|ARM
		{5AFE6385-B394-4488-8F54-D31A0C6BC5B5}.Release|ARM.Deploy.0 = Release|ARM
		{5AFE6385-B394-4488-8F54-D31A0C6BC5B5}.Release|iPhone.ActiveCfg = Release|Any CPU
		{5AFE6385-B394-4488-8F54-D31A0C6BC5B5}.Release|iPhoneSimulator.ActiveCfg = Release|Any CPU
		{5AFE6385-B394-4488-8F54-D31A0C6BC5B5}.Release|Mixed Platforms.ActiveCfg = Release|x86
		{5AFE6385-B394-4488-8F54-D31A0C6BC5B5}.Release|Mixed Platforms.Build.0 = Release|x86
		{5AFE6385-B394-4488-8F54-D31A0C6BC5B5}.Release|Mixed Platforms.Deploy.0 = Release|x86
		{5AFE6385-B394-4488-8F54-D31A0C6BC5B5}.Release|x64.ActiveCfg = Release|Any CPU
		{5AFE6385-B394-4488-8F54-D31A0C6BC5B5}.Release|x64.Build.0 = Release|Any CPU
		{5AFE6385-B394-4488-8F54-D31A0C6BC5B5}.Release|x64.Deploy.0 = Release|Any CPU
		{5AFE6385-B394-4488-8F54-D31A0C6BC5B5}.Release|x86.ActiveCfg = Release|x86
		{5AFE6385-B394-4488-8F54-D31A0C6BC5B5}.Release|x86.Build.0 = Release|x86
		{5AFE6385-B394-4488-8F54-D31A0C6BC5B5}.Release|x86.Deploy.0 = Release|x86
		{15559F86-8BDA-4BAC-B66B-F97EB04AB715}.Ad-Hoc|Any CPU.ActiveCfg = Release|x64
		{15559F86-8BDA-4BAC-B66B-F97EB04AB715}.Ad-Hoc|Any CPU.Build.0 = Release|x64
		{15559F86-8BDA-4BAC-B66B-F97EB04AB715}.Ad-Hoc|Any CPU.Deploy.0 = Release|x64
		{15559F86-8BDA-4BAC-B66B-F97EB04AB715}.Ad-Hoc|ARM.ActiveCfg = Release|ARM
		{15559F86-8BDA-4BAC-B66B-F97EB04AB715}.Ad-Hoc|ARM.Build.0 = Release|ARM
		{15559F86-8BDA-4BAC-B66B-F97EB04AB715}.Ad-Hoc|ARM.Deploy.0 = Release|ARM
		{15559F86-8BDA-4BAC-B66B-F97EB04AB715}.Ad-Hoc|iPhone.ActiveCfg = Release|x64
		{15559F86-8BDA-4BAC-B66B-F97EB04AB715}.Ad-Hoc|iPhone.Build.0 = Release|x64
		{15559F86-8BDA-4BAC-B66B-F97EB04AB715}.Ad-Hoc|iPhone.Deploy.0 = Release|x64
		{15559F86-8BDA-4BAC-B66B-F97EB04AB715}.Ad-Hoc|iPhoneSimulator.ActiveCfg = Release|x64
		{15559F86-8BDA-4BAC-B66B-F97EB04AB715}.Ad-Hoc|iPhoneSimulator.Build.0 = Release|x64
		{15559F86-8BDA-4BAC-B66B-F97EB04AB715}.Ad-Hoc|iPhoneSimulator.Deploy.0 = Release|x64
		{15559F86-8BDA-4BAC-B66B-F97EB04AB715}.Ad-Hoc|Mixed Platforms.ActiveCfg = Release|x86
		{15559F86-8BDA-4BAC-B66B-F97EB04AB715}.Ad-Hoc|Mixed Platforms.Build.0 = Release|x86
		{15559F86-8BDA-4BAC-B66B-F97EB04AB715}.Ad-Hoc|Mixed Platforms.Deploy.0 = Release|x86
		{15559F86-8BDA-4BAC-B66B-F97EB04AB715}.Ad-Hoc|x64.ActiveCfg = Release|x64
		{15559F86-8BDA-4BAC-B66B-F97EB04AB715}.Ad-Hoc|x64.Build.0 = Release|x64
		{15559F86-8BDA-4BAC-B66B-F97EB04AB715}.Ad-Hoc|x64.Deploy.0 = Release|x64
		{15559F86-8BDA-4BAC-B66B-F97EB04AB715}.Ad-Hoc|x86.ActiveCfg = Release|x86
		{15559F86-8BDA-4BAC-B66B-F97EB04AB715}.Ad-Hoc|x86.Build.0 = Release|x86
		{15559F86-8BDA-4BAC-B66B-F97EB04AB715}.Ad-Hoc|x86.Deploy.0 = Release|x86
		{15559F86-8BDA-4BAC-B66B-F97EB04AB715}.AppStore|Any CPU.ActiveCfg = Release|x64
		{15559F86-8BDA-4BAC-B66B-F97EB04AB715}.AppStore|Any CPU.Build.0 = Release|x64
		{15559F86-8BDA-4BAC-B66B-F97EB04AB715}.AppStore|Any CPU.Deploy.0 = Release|x64
		{15559F86-8BDA-4BAC-B66B-F97EB04AB715}.AppStore|ARM.ActiveCfg = Release|ARM
		{15559F86-8BDA-4BAC-B66B-F97EB04AB715}.AppStore|ARM.Build.0 = Release|ARM
		{15559F86-8BDA-4BAC-B66B-F97EB04AB715}.AppStore|ARM.Deploy.0 = Release|ARM
		{15559F86-8BDA-4BAC-B66B-F97EB04AB715}.AppStore|iPhone.ActiveCfg = Release|x64
		{15559F86-8BDA-4BAC-B66B-F97EB04AB715}.AppStore|iPhone.Build.0 = Release|x64
		{15559F86-8BDA-4BAC-B66B-F97EB04AB715}.AppStore|iPhone.Deploy.0 = Release|x64
		{15559F86-8BDA-4BAC-B66B-F97EB04AB715}.AppStore|iPhoneSimulator.ActiveCfg = Release|x64
		{15559F86-8BDA-4BAC-B66B-F97EB04AB715}.AppStore|iPhoneSimulator.Build.0 = Release|x64
		{15559F86-8BDA-4BAC-B66B-F97EB04AB715}.AppStore|iPhoneSimulator.Deploy.0 = Release|x64
		{15559F86-8BDA-4BAC-B66B-F97EB04AB715}.AppStore|Mixed Platforms.ActiveCfg = Release|x86
		{15559F86-8BDA-4BAC-B66B-F97EB04AB715}.AppStore|Mixed Platforms.Build.0 = Release|x86
		{15559F86-8BDA-4BAC-B66B-F97EB04AB715}.AppStore|Mixed Platforms.Deploy.0 = Release|x86
		{15559F86-8BDA-4BAC-B66B-F97EB04AB715}.AppStore|x64.ActiveCfg = Release|x64
		{15559F86-8BDA-4BAC-B66B-F97EB04AB715}.AppStore|x64.Build.0 = Release|x64
		{15559F86-8BDA-4BAC-B66B-F97EB04AB715}.AppStore|x64.Deploy.0 = Release|x64
		{15559F86-8BDA-4BAC-B66B-F97EB04AB715}.AppStore|x86.ActiveCfg = Release|x86
		{15559F86-8BDA-4BAC-B66B-F97EB04AB715}.AppStore|x86.Build.0 = Release|x86
		{15559F86-8BDA-4BAC-B66B-F97EB04AB715}.AppStore|x86.Deploy.0 = Release|x86
		{15559F86-8BDA-4BAC-B66B-F97EB04AB715}.Debug|Any CPU.ActiveCfg = Debug|x86
		{15559F86-8BDA-4BAC-B66B-F97EB04AB715}.Debug|ARM.ActiveCfg = Debug|ARM
		{15559F86-8BDA-4BAC-B66B-F97EB04AB715}.Debug|ARM.Build.0 = Debug|ARM
		{15559F86-8BDA-4BAC-B66B-F97EB04AB715}.Debug|ARM.Deploy.0 = Debug|ARM
		{15559F86-8BDA-4BAC-B66B-F97EB04AB715}.Debug|iPhone.ActiveCfg = Debug|x86
		{15559F86-8BDA-4BAC-B66B-F97EB04AB715}.Debug|iPhoneSimulator.ActiveCfg = Debug|x86
		{15559F86-8BDA-4BAC-B66B-F97EB04AB715}.Debug|Mixed Platforms.ActiveCfg = Debug|x86
		{15559F86-8BDA-4BAC-B66B-F97EB04AB715}.Debug|Mixed Platforms.Build.0 = Debug|x86
		{15559F86-8BDA-4BAC-B66B-F97EB04AB715}.Debug|Mixed Platforms.Deploy.0 = Debug|x86
		{15559F86-8BDA-4BAC-B66B-F97EB04AB715}.Debug|x64.ActiveCfg = Debug|x64
		{15559F86-8BDA-4BAC-B66B-F97EB04AB715}.Debug|x64.Build.0 = Debug|x64
		{15559F86-8BDA-4BAC-B66B-F97EB04AB715}.Debug|x64.Deploy.0 = Debug|x64
		{15559F86-8BDA-4BAC-B66B-F97EB04AB715}.Debug|x86.ActiveCfg = Debug|x86
		{15559F86-8BDA-4BAC-B66B-F97EB04AB715}.Debug|x86.Build.0 = Debug|x86
		{15559F86-8BDA-4BAC-B66B-F97EB04AB715}.Debug|x86.Deploy.0 = Debug|x86
		{15559F86-8BDA-4BAC-B66B-F97EB04AB715}.Release|Any CPU.ActiveCfg = Release|x86
		{15559F86-8BDA-4BAC-B66B-F97EB04AB715}.Release|ARM.ActiveCfg = Release|ARM
		{15559F86-8BDA-4BAC-B66B-F97EB04AB715}.Release|ARM.Build.0 = Release|ARM
		{15559F86-8BDA-4BAC-B66B-F97EB04AB715}.Release|ARM.Deploy.0 = Release|ARM
		{15559F86-8BDA-4BAC-B66B-F97EB04AB715}.Release|iPhone.ActiveCfg = Release|x86
		{15559F86-8BDA-4BAC-B66B-F97EB04AB715}.Release|iPhoneSimulator.ActiveCfg = Release|x86
		{15559F86-8BDA-4BAC-B66B-F97EB04AB715}.Release|Mixed Platforms.ActiveCfg = Release|x86
		{15559F86-8BDA-4BAC-B66B-F97EB04AB715}.Release|Mixed Platforms.Build.0 = Release|x86
		{15559F86-8BDA-4BAC-B66B-F97EB04AB715}.Release|Mixed Platforms.Deploy.0 = Release|x86
		{15559F86-8BDA-4BAC-B66B-F97EB04AB715}.Release|x64.ActiveCfg = Release|x64
		{15559F86-8BDA-4BAC-B66B-F97EB04AB715}.Release|x64.Build.0 = Release|x64
		{15559F86-8BDA-4BAC-B66B-F97EB04AB715}.Release|x64.Deploy.0 = Release|x64
		{15559F86-8BDA-4BAC-B66B-F97EB04AB715}.Release|x86.ActiveCfg = Release|x86
		{15559F86-8BDA-4BAC-B66B-F97EB04AB715}.Release|x86.Build.0 = Release|x86
		{15559F86-8BDA-4BAC-B66B-F97EB04AB715}.Release|x86.Deploy.0 = Release|x86
	EndGlobalSection
	GlobalSection(SolutionProperties) = preSolution
		HideSolutionNode = FALSE
	EndGlobalSection
EndGlobal
