Microsoft Visual Studio Solution File, Format Version 12.00
# Visual Studio 14
VisualStudioVersion = 14.0.24720.0
MinimumVisualStudioVersion = 10.0.40219.1
Project("{FAE04EC0-301F-11D3-BF4B-00C04F79EFBC}") = "PlatformSpecifics", "PlatformSpecifics\PlatformSpecifics.csproj", "{26EAF3A9-8DD2-46E8-89E1-D9346939BF9E}"
EndProject
Project("{FAE04EC0-301F-11D3-BF4B-00C04F79EFBC}") = "PlatformSpecifics.iOS", "iOS\PlatformSpecifics.iOS.csproj", "{9F4FC6BC-468D-41ED-822F-BC301DE3F326}"
EndProject
Project("{FAE04EC0-301F-11D3-BF4B-00C04F79EFBC}") = "PlatformSpecifics.Droid", "Droid\PlatformSpecifics.Droid.csproj", "{B5C74024-E644-452D-8C49-4ADFD1A7644C}"
EndProject
Project("{FAE04EC0-301F-11D3-BF4B-00C04F79EFBC}") = "PlatformSpecifics.UWP", "UWP\PlatformSpecifics.UWP.csproj", "{D2DF2C5A-32A3-4A11-B754-19993A8F8692}"
EndProject
Global
	GlobalSection(SolutionConfigurationPlatforms) = preSolution
		Debug|Any CPU = Debug|Any CPU
		Debug|ARM = Debug|ARM
		Debug|iPhone = Debug|iPhone
		Debug|iPhoneSimulator = Debug|iPhoneSimulator
		Debug|x64 = Debug|x64
		Debug|x86 = Debug|x86
		Release|Any CPU = Release|Any CPU
		Release|ARM = Release|ARM
		Release|iPhone = Release|iPhone
		Release|iPhoneSimulator = Release|iPhoneSimulator
		Release|x64 = Release|x64
		Release|x86 = Release|x86
	EndGlobalSection
	GlobalSection(ProjectConfigurationPlatforms) = postSolution
		{26EAF3A9-8DD2-46E8-89E1-D9346939BF9E}.Debug|Any CPU.ActiveCfg = Debug|Any CPU
		{26EAF3A9-8DD2-46E8-89E1-D9346939BF9E}.Debug|Any CPU.Build.0 = Debug|Any CPU
		{26EAF3A9-8DD2-46E8-89E1-D9346939BF9E}.Debug|ARM.ActiveCfg = Debug|Any CPU
		{26EAF3A9-8DD2-46E8-89E1-D9346939BF9E}.Debug|ARM.Build.0 = Debug|Any CPU
		{26EAF3A9-8DD2-46E8-89E1-D9346939BF9E}.Debug|iPhone.ActiveCfg = Debug|Any CPU
		{26EAF3A9-8DD2-46E8-89E1-D9346939BF9E}.Debug|iPhone.Build.0 = Debug|Any CPU
		{26EAF3A9-8DD2-46E8-89E1-D9346939BF9E}.Debug|iPhoneSimulator.ActiveCfg = Debug|Any CPU
		{26EAF3A9-8DD2-46E8-89E1-D9346939BF9E}.Debug|iPhoneSimulator.Build.0 = Debug|Any CPU
		{26EAF3A9-8DD2-46E8-89E1-D9346939BF9E}.Debug|x64.ActiveCfg = Debug|Any CPU
		{26EAF3A9-8DD2-46E8-89E1-D9346939BF9E}.Debug|x64.Build.0 = Debug|Any CPU
		{26EAF3A9-8DD2-46E8-89E1-D9346939BF9E}.Debug|x86.ActiveCfg = Debug|Any CPU
		{26EAF3A9-8DD2-46E8-89E1-D9346939BF9E}.Debug|x86.Build.0 = Debug|Any CPU
		{26EAF3A9-8DD2-46E8-89E1-D9346939BF9E}.Release|Any CPU.ActiveCfg = Release|Any CPU
		{26EAF3A9-8DD2-46E8-89E1-D9346939BF9E}.Release|Any CPU.Build.0 = Release|Any CPU
		{26EAF3A9-8DD2-46E8-89E1-D9346939BF9E}.Release|ARM.ActiveCfg = Release|Any CPU
		{26EAF3A9-8DD2-46E8-89E1-D9346939BF9E}.Release|ARM.Build.0 = Release|Any CPU
		{26EAF3A9-8DD2-46E8-89E1-D9346939BF9E}.Release|iPhone.ActiveCfg = Release|Any CPU
		{26EAF3A9-8DD2-46E8-89E1-D9346939BF9E}.Release|iPhone.Build.0 = Release|Any CPU
		{26EAF3A9-8DD2-46E8-89E1-D9346939BF9E}.Release|iPhoneSimulator.ActiveCfg = Release|Any CPU
		{26EAF3A9-8DD2-46E8-89E1-D9346939BF9E}.Release|iPhoneSimulator.Build.0 = Release|Any CPU
		{26EAF3A9-8DD2-46E8-89E1-D9346939BF9E}.Release|x64.ActiveCfg = Release|Any CPU
		{26EAF3A9-8DD2-46E8-89E1-D9346939BF9E}.Release|x64.Build.0 = Release|Any CPU
		{26EAF3A9-8DD2-46E8-89E1-D9346939BF9E}.Release|x86.ActiveCfg = Release|Any CPU
		{26EAF3A9-8DD2-46E8-89E1-D9346939BF9E}.Release|x86.Build.0 = Release|Any CPU
		{9F4FC6BC-468D-41ED-822F-BC301DE3F326}.Debug|Any CPU.ActiveCfg = Debug|iPhoneSimulator
		{9F4FC6BC-468D-41ED-822F-BC301DE3F326}.Debug|Any CPU.Build.0 = Debug|iPhoneSimulator
		{9F4FC6BC-468D-41ED-822F-BC301DE3F326}.Debug|ARM.ActiveCfg = Debug|iPhone
		{9F4FC6BC-468D-41ED-822F-BC301DE3F326}.Debug|iPhone.ActiveCfg = Debug|iPhone
		{9F4FC6BC-468D-41ED-822F-BC301DE3F326}.Debug|iPhone.Build.0 = Debug|iPhone
		{9F4FC6BC-468D-41ED-822F-BC301DE3F326}.Debug|iPhoneSimulator.ActiveCfg = Debug|iPhoneSimulator
		{9F4FC6BC-468D-41ED-822F-BC301DE3F326}.Debug|iPhoneSimulator.Build.0 = Debug|iPhoneSimulator
		{9F4FC6BC-468D-41ED-822F-BC301DE3F326}.Debug|x64.ActiveCfg = Debug|iPhone
		{9F4FC6BC-468D-41ED-822F-BC301DE3F326}.Debug|x86.ActiveCfg = Debug|iPhone
		{9F4FC6BC-468D-41ED-822F-BC301DE3F326}.Release|Any CPU.ActiveCfg = Release|iPhone
		{9F4FC6BC-468D-41ED-822F-BC301DE3F326}.Release|Any CPU.Build.0 = Release|iPhone
		{9F4FC6BC-468D-41ED-822F-BC301DE3F326}.Release|ARM.ActiveCfg = Release|iPhoneSimulator
		{9F4FC6BC-468D-41ED-822F-BC301DE3F326}.Release|iPhone.ActiveCfg = Release|iPhone
		{9F4FC6BC-468D-41ED-822F-BC301DE3F326}.Release|iPhone.Build.0 = Release|iPhone
		{9F4FC6BC-468D-41ED-822F-BC301DE3F326}.Release|iPhoneSimulator.ActiveCfg = Release|iPhoneSimulator
		{9F4FC6BC-468D-41ED-822F-BC301DE3F326}.Release|iPhoneSimulator.Build.0 = Release|iPhoneSimulator
		{9F4FC6BC-468D-41ED-822F-BC301DE3F326}.Release|x64.ActiveCfg = Release|iPhoneSimulator
		{9F4FC6BC-468D-41ED-822F-BC301DE3F326}.Release|x86.ActiveCfg = Release|iPhoneSimulator
		{B5C74024-E644-452D-8C49-4ADFD1A7644C}.Debug|Any CPU.ActiveCfg = Debug|Any CPU
		{B5C74024-E644-452D-8C49-4ADFD1A7644C}.Debug|Any CPU.Build.0 = Debug|Any CPU
		{B5C74024-E644-452D-8C49-4ADFD1A7644C}.Debug|ARM.ActiveCfg = Debug|Any CPU
		{B5C74024-E644-452D-8C49-4ADFD1A7644C}.Debug|ARM.Build.0 = Debug|Any CPU
		{B5C74024-E644-452D-8C49-4ADFD1A7644C}.Debug|ARM.Deploy.0 = Debug|Any CPU
		{B5C74024-E644-452D-8C49-4ADFD1A7644C}.Debug|iPhone.ActiveCfg = Debug|Any CPU
		{B5C74024-E644-452D-8C49-4ADFD1A7644C}.Debug|iPhone.Build.0 = Debug|Any CPU
		{B5C74024-E644-452D-8C49-4ADFD1A7644C}.Debug|iPhoneSimulator.ActiveCfg = Debug|Any CPU
		{B5C74024-E644-452D-8C49-4ADFD1A7644C}.Debug|iPhoneSimulator.Build.0 = Debug|Any CPU
		{B5C74024-E644-452D-8C49-4ADFD1A7644C}.Debug|x64.ActiveCfg = Debug|Any CPU
		{B5C74024-E644-452D-8C49-4ADFD1A7644C}.Debug|x64.Build.0 = Debug|Any CPU
		{B5C74024-E644-452D-8C49-4ADFD1A7644C}.Debug|x64.Deploy.0 = Debug|Any CPU
		{B5C74024-E644-452D-8C49-4ADFD1A7644C}.Debug|x86.ActiveCfg = Debug|Any CPU
		{B5C74024-E644-452D-8C49-4ADFD1A7644C}.Debug|x86.Build.0 = Debug|Any CPU
		{B5C74024-E644-452D-8C49-4ADFD1A7644C}.Debug|x86.Deploy.0 = Debug|Any CPU
		{B5C74024-E644-452D-8C49-4ADFD1A7644C}.Release|Any CPU.ActiveCfg = Release|Any CPU
		{B5C74024-E644-452D-8C49-4ADFD1A7644C}.Release|Any CPU.Build.0 = Release|Any CPU
		{B5C74024-E644-452D-8C49-4ADFD1A7644C}.Release|ARM.ActiveCfg = Release|Any CPU
		{B5C74024-E644-452D-8C49-4ADFD1A7644C}.Release|ARM.Build.0 = Release|Any CPU
		{B5C74024-E644-452D-8C49-4ADFD1A7644C}.Release|ARM.Deploy.0 = Release|Any CPU
		{B5C74024-E644-452D-8C49-4ADFD1A7644C}.Release|iPhone.ActiveCfg = Release|Any CPU
		{B5C74024-E644-452D-8C49-4ADFD1A7644C}.Release|iPhone.Build.0 = Release|Any CPU
		{B5C74024-E644-452D-8C49-4ADFD1A7644C}.Release|iPhoneSimulator.ActiveCfg = Release|Any CPU
		{B5C74024-E644-452D-8C49-4ADFD1A7644C}.Release|iPhoneSimulator.Build.0 = Release|Any CPU
		{B5C74024-E644-452D-8C49-4ADFD1A7644C}.Release|x64.ActiveCfg = Release|Any CPU
		{B5C74024-E644-452D-8C49-4ADFD1A7644C}.Release|x64.Build.0 = Release|Any CPU
		{B5C74024-E644-452D-8C49-4ADFD1A7644C}.Release|x64.Deploy.0 = Release|Any CPU
		{B5C74024-E644-452D-8C49-4ADFD1A7644C}.Release|x86.ActiveCfg = Release|Any CPU
		{B5C74024-E644-452D-8C49-4ADFD1A7644C}.Release|x86.Build.0 = Release|Any CPU
		{B5C74024-E644-452D-8C49-4ADFD1A7644C}.Release|x86.Deploy.0 = Release|Any CPU
		{D2DF2C5A-32A3-4A11-B754-19993A8F8692}.Debug|Any CPU.ActiveCfg = Debug|x86
		{D2DF2C5A-32A3-4A11-B754-19993A8F8692}.Debug|Any CPU.Build.0 = Debug|x86
		{D2DF2C5A-32A3-4A11-B754-19993A8F8692}.Debug|Any CPU.Deploy.0 = Debug|x86
		{D2DF2C5A-32A3-4A11-B754-19993A8F8692}.Debug|ARM.ActiveCfg = Debug|ARM
		{D2DF2C5A-32A3-4A11-B754-19993A8F8692}.Debug|ARM.Build.0 = Debug|ARM
		{D2DF2C5A-32A3-4A11-B754-19993A8F8692}.Debug|ARM.Deploy.0 = Debug|ARM
		{D2DF2C5A-32A3-4A11-B754-19993A8F8692}.Debug|iPhone.ActiveCfg = Debug|x86
		{D2DF2C5A-32A3-4A11-B754-19993A8F8692}.Debug|iPhoneSimulator.ActiveCfg = Debug|x86
		{D2DF2C5A-32A3-4A11-B754-19993A8F8692}.Debug|x64.ActiveCfg = Debug|x64
		{D2DF2C5A-32A3-4A11-B754-19993A8F8692}.Debug|x64.Build.0 = Debug|x64
		{D2DF2C5A-32A3-4A11-B754-19993A8F8692}.Debug|x64.Deploy.0 = Debug|x64
		{D2DF2C5A-32A3-4A11-B754-19993A8F8692}.Debug|x86.ActiveCfg = Debug|x86
		{D2DF2C5A-32A3-4A11-B754-19993A8F8692}.Debug|x86.Build.0 = Debug|x86
		{D2DF2C5A-32A3-4A11-B754-19993A8F8692}.Debug|x86.Deploy.0 = Debug|x86
		{D2DF2C5A-32A3-4A11-B754-19993A8F8692}.Release|Any CPU.ActiveCfg = Release|x86
		{D2DF2C5A-32A3-4A11-B754-19993A8F8692}.Release|ARM.ActiveCfg = Release|ARM
		{D2DF2C5A-32A3-4A11-B754-19993A8F8692}.Release|ARM.Build.0 = Release|ARM
		{D2DF2C5A-32A3-4A11-B754-19993A8F8692}.Release|ARM.Deploy.0 = Release|ARM
		{D2DF2C5A-32A3-4A11-B754-19993A8F8692}.Release|iPhone.ActiveCfg = Release|x86
		{D2DF2C5A-32A3-4A11-B754-19993A8F8692}.Release|iPhoneSimulator.ActiveCfg = Release|x86
		{D2DF2C5A-32A3-4A11-B754-19993A8F8692}.Release|x64.ActiveCfg = Release|x64
		{D2DF2C5A-32A3-4A11-B754-19993A8F8692}.Release|x64.Build.0 = Release|x64
		{D2DF2C5A-32A3-4A11-B754-19993A8F8692}.Release|x64.Deploy.0 = Release|x64
		{D2DF2C5A-32A3-4A11-B754-19993A8F8692}.Release|x86.ActiveCfg = Release|x86
		{D2DF2C5A-32A3-4A11-B754-19993A8F8692}.Release|x86.Build.0 = Release|x86
		{D2DF2C5A-32A3-4A11-B754-19993A8F8692}.Release|x86.Deploy.0 = Release|x86
	EndGlobalSection
	GlobalSection(SolutionProperties) = preSolution
		HideSolutionNode = FALSE
	EndGlobalSection
EndGlobal
