
Microsoft Visual Studio Solution File, Format Version 12.00
# Visual Studio Version 16
VisualStudioVersion = 16.0.29920.165
MinimumVisualStudioVersion = 10.0.40219.1
Project("{9A19103F-16F7-4668-BE54-9A1E7A4F7556}") = "WorkingWithPopups", "WorkingWithPopups\WorkingWithPopups.csproj", "{D0BE2D9F-6571-48E9-80FA-021AFBCE6792}"
EndProject
Project("{FAE04EC0-301F-11D3-BF4B-00C04F79EFBC}") = "WorkingWithPopups.iOS", "iOS\WorkingWithPopups.iOS.csproj", "{A6EEA9BF-F77D-4945-9AE8-C187D0F6EDAF}"
EndProject
Project("{FAE04EC0-301F-11D3-BF4B-00C04F79EFBC}") = "WorkingWithPopups.Android", "Android\WorkingWithPopups.Android.csproj", "{8237AFB3-2FFB-42D4-9C0E-63367DBBA78D}"
EndProject
Project("{FAE04EC0-301F-11D3-BF4B-00C04F79EFBC}") = "WorkingWithPopups.UWP", "UWP\WorkingWithPopups.UWP.csproj", "{01ECA43C-9AB0-4731-94E5-CE15E8C380D6}"
EndProject
Global
	GlobalSection(SolutionConfigurationPlatforms) = preSolution
		Ad-Hoc|Any CPU = Ad-Hoc|Any CPU
		Ad-Hoc|ARM = Ad-Hoc|ARM
		Ad-Hoc|iPhone = Ad-Hoc|iPhone
		Ad-Hoc|iPhoneSimulator = Ad-Hoc|iPhoneSimulator
		Ad-Hoc|x64 = Ad-Hoc|x64
		Ad-Hoc|x86 = Ad-Hoc|x86
		AppStore|Any CPU = AppStore|Any CPU
		AppStore|ARM = AppStore|ARM
		AppStore|iPhone = AppStore|iPhone
		AppStore|iPhoneSimulator = AppStore|iPhoneSimulator
		AppStore|x64 = AppStore|x64
		AppStore|x86 = AppStore|x86
		Debug|Any CPU = Debug|Any CPU
		Debug|ARM = Debug|ARM
		Debug|iPhone = Debug|iPhone
		Debug|iPhoneSimulator = Debug|iPhoneSimulator
		Debug|x64 = Debug|x64
		Debug|x86 = Debug|x86
		Release|Any CPU = Release|Any CPU
		Release|ARM = Release|ARM
		Release|iPhone = Release|iPhone
		Release|iPhoneSimulator = Release|iPhoneSimulator
		Release|x64 = Release|x64
		Release|x86 = Release|x86
	EndGlobalSection
	GlobalSection(ProjectConfigurationPlatforms) = postSolution
		{D0BE2D9F-6571-48E9-80FA-021AFBCE6792}.Ad-Hoc|Any CPU.ActiveCfg = Debug|Any CPU
		{D0BE2D9F-6571-48E9-80FA-021AFBCE6792}.Ad-Hoc|Any CPU.Build.0 = Debug|Any CPU
		{D0BE2D9F-6571-48E9-80FA-021AFBCE6792}.Ad-Hoc|Any CPU.Deploy.0 = Debug|Any CPU
		{D0BE2D9F-6571-48E9-80FA-021AFBCE6792}.Ad-Hoc|ARM.ActiveCfg = Debug|Any CPU
		{D0BE2D9F-6571-48E9-80FA-021AFBCE6792}.Ad-Hoc|ARM.Build.0 = Debug|Any CPU
		{D0BE2D9F-6571-48E9-80FA-021AFBCE6792}.Ad-Hoc|ARM.Deploy.0 = Debug|Any CPU
		{D0BE2D9F-6571-48E9-80FA-021AFBCE6792}.Ad-Hoc|iPhone.ActiveCfg = Debug|Any CPU
		{D0BE2D9F-6571-48E9-80FA-021AFBCE6792}.Ad-Hoc|iPhone.Build.0 = Debug|Any CPU
		{D0BE2D9F-6571-48E9-80FA-021AFBCE6792}.Ad-Hoc|iPhone.Deploy.0 = Debug|Any CPU
		{D0BE2D9F-6571-48E9-80FA-021AFBCE6792}.Ad-Hoc|iPhoneSimulator.ActiveCfg = Debug|Any CPU
		{D0BE2D9F-6571-48E9-80FA-021AFBCE6792}.Ad-Hoc|iPhoneSimulator.Build.0 = Debug|Any CPU
		{D0BE2D9F-6571-48E9-80FA-021AFBCE6792}.Ad-Hoc|iPhoneSimulator.Deploy.0 = Debug|Any CPU
		{D0BE2D9F-6571-48E9-80FA-021AFBCE6792}.Ad-Hoc|x64.ActiveCfg = Debug|Any CPU
		{D0BE2D9F-6571-48E9-80FA-021AFBCE6792}.Ad-Hoc|x64.Build.0 = Debug|Any CPU
		{D0BE2D9F-6571-48E9-80FA-021AFBCE6792}.Ad-Hoc|x64.Deploy.0 = Debug|Any CPU
		{D0BE2D9F-6571-48E9-80FA-021AFBCE6792}.Ad-Hoc|x86.ActiveCfg = Debug|Any CPU
		{D0BE2D9F-6571-48E9-80FA-021AFBCE6792}.Ad-Hoc|x86.Build.0 = Debug|Any CPU
		{D0BE2D9F-6571-48E9-80FA-021AFBCE6792}.Ad-Hoc|x86.Deploy.0 = Debug|Any CPU
		{D0BE2D9F-6571-48E9-80FA-021AFBCE6792}.AppStore|Any CPU.ActiveCfg = Debug|Any CPU
		{D0BE2D9F-6571-48E9-80FA-021AFBCE6792}.AppStore|Any CPU.Build.0 = Debug|Any CPU
		{D0BE2D9F-6571-48E9-80FA-021AFBCE6792}.AppStore|Any CPU.Deploy.0 = Debug|Any CPU
		{D0BE2D9F-6571-48E9-80FA-021AFBCE6792}.AppStore|ARM.ActiveCfg = Debug|Any CPU
		{D0BE2D9F-6571-48E9-80FA-021AFBCE6792}.AppStore|ARM.Build.0 = Debug|Any CPU
		{D0BE2D9F-6571-48E9-80FA-021AFBCE6792}.AppStore|ARM.Deploy.0 = Debug|Any CPU
		{D0BE2D9F-6571-48E9-80FA-021AFBCE6792}.AppStore|iPhone.ActiveCfg = Debug|Any CPU
		{D0BE2D9F-6571-48E9-80FA-021AFBCE6792}.AppStore|iPhone.Build.0 = Debug|Any CPU
		{D0BE2D9F-6571-48E9-80FA-021AFBCE6792}.AppStore|iPhone.Deploy.0 = Debug|Any CPU
		{D0BE2D9F-6571-48E9-80FA-021AFBCE6792}.AppStore|iPhoneSimulator.ActiveCfg = Debug|Any CPU
		{D0BE2D9F-6571-48E9-80FA-021AFBCE6792}.AppStore|iPhoneSimulator.Build.0 = Debug|Any CPU
		{D0BE2D9F-6571-48E9-80FA-021AFBCE6792}.AppStore|iPhoneSimulator.Deploy.0 = Debug|Any CPU
		{D0BE2D9F-6571-48E9-80FA-021AFBCE6792}.AppStore|x64.ActiveCfg = Debug|Any CPU
		{D0BE2D9F-6571-48E9-80FA-021AFBCE6792}.AppStore|x64.Build.0 = Debug|Any CPU
		{D0BE2D9F-6571-48E9-80FA-021AFBCE6792}.AppStore|x64.Deploy.0 = Debug|Any CPU
		{D0BE2D9F-6571-48E9-80FA-021AFBCE6792}.AppStore|x86.ActiveCfg = Debug|Any CPU
		{D0BE2D9F-6571-48E9-80FA-021AFBCE6792}.AppStore|x86.Build.0 = Debug|Any CPU
		{D0BE2D9F-6571-48E9-80FA-021AFBCE6792}.AppStore|x86.Deploy.0 = Debug|Any CPU
		{D0BE2D9F-6571-48E9-80FA-021AFBCE6792}.Debug|Any CPU.ActiveCfg = Debug|Any CPU
		{D0BE2D9F-6571-48E9-80FA-021AFBCE6792}.Debug|Any CPU.Build.0 = Debug|Any CPU
		{D0BE2D9F-6571-48E9-80FA-021AFBCE6792}.Debug|Any CPU.Deploy.0 = Debug|Any CPU
		{D0BE2D9F-6571-48E9-80FA-021AFBCE6792}.Debug|ARM.ActiveCfg = Debug|Any CPU
		{D0BE2D9F-6571-48E9-80FA-021AFBCE6792}.Debug|ARM.Build.0 = Debug|Any CPU
		{D0BE2D9F-6571-48E9-80FA-021AFBCE6792}.Debug|ARM.Deploy.0 = Debug|Any CPU
		{D0BE2D9F-6571-48E9-80FA-021AFBCE6792}.Debug|iPhone.ActiveCfg = Debug|Any CPU
		{D0BE2D9F-6571-48E9-80FA-021AFBCE6792}.Debug|iPhone.Build.0 = Debug|Any CPU
		{D0BE2D9F-6571-48E9-80FA-021AFBCE6792}.Debug|iPhone.Deploy.0 = Debug|Any CPU
		{D0BE2D9F-6571-48E9-80FA-021AFBCE6792}.Debug|iPhoneSimulator.ActiveCfg = Debug|Any CPU
		{D0BE2D9F-6571-48E9-80FA-021AFBCE6792}.Debug|iPhoneSimulator.Build.0 = Debug|Any CPU
		{D0BE2D9F-6571-48E9-80FA-021AFBCE6792}.Debug|iPhoneSimulator.Deploy.0 = Debug|Any CPU
		{D0BE2D9F-6571-48E9-80FA-021AFBCE6792}.Debug|x64.ActiveCfg = Debug|Any CPU
		{D0BE2D9F-6571-48E9-80FA-021AFBCE6792}.Debug|x64.Build.0 = Debug|Any CPU
		{D0BE2D9F-6571-48E9-80FA-021AFBCE6792}.Debug|x64.Deploy.0 = Debug|Any CPU
		{D0BE2D9F-6571-48E9-80FA-021AFBCE6792}.Debug|x86.ActiveCfg = Debug|Any CPU
		{D0BE2D9F-6571-48E9-80FA-021AFBCE6792}.Debug|x86.Build.0 = Debug|Any CPU
		{D0BE2D9F-6571-48E9-80FA-021AFBCE6792}.Debug|x86.Deploy.0 = Debug|Any CPU
		{D0BE2D9F-6571-48E9-80FA-021AFBCE6792}.Release|Any CPU.ActiveCfg = Release|Any CPU
		{D0BE2D9F-6571-48E9-80FA-021AFBCE6792}.Release|Any CPU.Build.0 = Release|Any CPU
		{D0BE2D9F-6571-48E9-80FA-021AFBCE6792}.Release|Any CPU.Deploy.0 = Release|Any CPU
		{D0BE2D9F-6571-48E9-80FA-021AFBCE6792}.Release|ARM.ActiveCfg = Release|Any CPU
		{D0BE2D9F-6571-48E9-80FA-021AFBCE6792}.Release|ARM.Build.0 = Release|Any CPU
		{D0BE2D9F-6571-48E9-80FA-021AFBCE6792}.Release|ARM.Deploy.0 = Release|Any CPU
		{D0BE2D9F-6571-48E9-80FA-021AFBCE6792}.Release|iPhone.ActiveCfg = Release|Any CPU
		{D0BE2D9F-6571-48E9-80FA-021AFBCE6792}.Release|iPhone.Build.0 = Release|Any CPU
		{D0BE2D9F-6571-48E9-80FA-021AFBCE6792}.Release|iPhone.Deploy.0 = Release|Any CPU
		{D0BE2D9F-6571-48E9-80FA-021AFBCE6792}.Release|iPhoneSimulator.ActiveCfg = Release|Any CPU
		{D0BE2D9F-6571-48E9-80FA-021AFBCE6792}.Release|iPhoneSimulator.Build.0 = Release|Any CPU
		{D0BE2D9F-6571-48E9-80FA-021AFBCE6792}.Release|iPhoneSimulator.Deploy.0 = Release|Any CPU
		{D0BE2D9F-6571-48E9-80FA-021AFBCE6792}.Release|x64.ActiveCfg = Release|Any CPU
		{D0BE2D9F-6571-48E9-80FA-021AFBCE6792}.Release|x64.Build.0 = Release|Any CPU
		{D0BE2D9F-6571-48E9-80FA-021AFBCE6792}.Release|x64.Deploy.0 = Release|Any CPU
		{D0BE2D9F-6571-48E9-80FA-021AFBCE6792}.Release|x86.ActiveCfg = Release|Any CPU
		{D0BE2D9F-6571-48E9-80FA-021AFBCE6792}.Release|x86.Build.0 = Release|Any CPU
		{D0BE2D9F-6571-48E9-80FA-021AFBCE6792}.Release|x86.Deploy.0 = Release|Any CPU
		{A6EEA9BF-F77D-4945-9AE8-C187D0F6EDAF}.Ad-Hoc|Any CPU.ActiveCfg = Ad-Hoc|iPhone
		{A6EEA9BF-F77D-4945-9AE8-C187D0F6EDAF}.Ad-Hoc|Any CPU.Build.0 = Ad-Hoc|iPhone
		{A6EEA9BF-F77D-4945-9AE8-C187D0F6EDAF}.Ad-Hoc|Any CPU.Deploy.0 = Ad-Hoc|iPhone
		{A6EEA9BF-F77D-4945-9AE8-C187D0F6EDAF}.Ad-Hoc|ARM.ActiveCfg = Ad-Hoc|iPhone
		{A6EEA9BF-F77D-4945-9AE8-C187D0F6EDAF}.Ad-Hoc|ARM.Build.0 = Ad-Hoc|iPhone
		{A6EEA9BF-F77D-4945-9AE8-C187D0F6EDAF}.Ad-Hoc|ARM.Deploy.0 = Ad-Hoc|iPhone
		{A6EEA9BF-F77D-4945-9AE8-C187D0F6EDAF}.Ad-Hoc|iPhone.ActiveCfg = Ad-Hoc|iPhone
		{A6EEA9BF-F77D-4945-9AE8-C187D0F6EDAF}.Ad-Hoc|iPhone.Build.0 = Ad-Hoc|iPhone
		{A6EEA9BF-F77D-4945-9AE8-C187D0F6EDAF}.Ad-Hoc|iPhone.Deploy.0 = Ad-Hoc|iPhone
		{A6EEA9BF-F77D-4945-9AE8-C187D0F6EDAF}.Ad-Hoc|iPhoneSimulator.ActiveCfg = Ad-Hoc|iPhoneSimulator
		{A6EEA9BF-F77D-4945-9AE8-C187D0F6EDAF}.Ad-Hoc|iPhoneSimulator.Build.0 = Ad-Hoc|iPhoneSimulator
		{A6EEA9BF-F77D-4945-9AE8-C187D0F6EDAF}.Ad-Hoc|iPhoneSimulator.Deploy.0 = Ad-Hoc|iPhoneSimulator
		{A6EEA9BF-F77D-4945-9AE8-C187D0F6EDAF}.Ad-Hoc|x64.ActiveCfg = Ad-Hoc|iPhone
		{A6EEA9BF-F77D-4945-9AE8-C187D0F6EDAF}.Ad-Hoc|x64.Build.0 = Ad-Hoc|iPhone
		{A6EEA9BF-F77D-4945-9AE8-C187D0F6EDAF}.Ad-Hoc|x64.Deploy.0 = Ad-Hoc|iPhone
		{A6EEA9BF-F77D-4945-9AE8-C187D0F6EDAF}.Ad-Hoc|x86.ActiveCfg = Ad-Hoc|iPhone
		{A6EEA9BF-F77D-4945-9AE8-C187D0F6EDAF}.Ad-Hoc|x86.Build.0 = Ad-Hoc|iPhone
		{A6EEA9BF-F77D-4945-9AE8-C187D0F6EDAF}.Ad-Hoc|x86.Deploy.0 = Ad-Hoc|iPhone
		{A6EEA9BF-F77D-4945-9AE8-C187D0F6EDAF}.AppStore|Any CPU.ActiveCfg = AppStore|iPhone
		{A6EEA9BF-F77D-4945-9AE8-C187D0F6EDAF}.AppStore|Any CPU.Build.0 = AppStore|iPhone
		{A6EEA9BF-F77D-4945-9AE8-C187D0F6EDAF}.AppStore|Any CPU.Deploy.0 = AppStore|iPhone
		{A6EEA9BF-F77D-4945-9AE8-C187D0F6EDAF}.AppStore|ARM.ActiveCfg = AppStore|iPhone
		{A6EEA9BF-F77D-4945-9AE8-C187D0F6EDAF}.AppStore|ARM.Build.0 = AppStore|iPhone
		{A6EEA9BF-F77D-4945-9AE8-C187D0F6EDAF}.AppStore|ARM.Deploy.0 = AppStore|iPhone
		{A6EEA9BF-F77D-4945-9AE8-C187D0F6EDAF}.AppStore|iPhone.ActiveCfg = AppStore|iPhone
		{A6EEA9BF-F77D-4945-9AE8-C187D0F6EDAF}.AppStore|iPhone.Build.0 = AppStore|iPhone
		{A6EEA9BF-F77D-4945-9AE8-C187D0F6EDAF}.AppStore|iPhone.Deploy.0 = AppStore|iPhone
		{A6EEA9BF-F77D-4945-9AE8-C187D0F6EDAF}.AppStore|iPhoneSimulator.ActiveCfg = AppStore|iPhoneSimulator
		{A6EEA9BF-F77D-4945-9AE8-C187D0F6EDAF}.AppStore|iPhoneSimulator.Build.0 = AppStore|iPhoneSimulator
		{A6EEA9BF-F77D-4945-9AE8-C187D0F6EDAF}.AppStore|iPhoneSimulator.Deploy.0 = AppStore|iPhoneSimulator
		{A6EEA9BF-F77D-4945-9AE8-C187D0F6EDAF}.AppStore|x64.ActiveCfg = AppStore|iPhone
		{A6EEA9BF-F77D-4945-9AE8-C187D0F6EDAF}.AppStore|x64.Build.0 = AppStore|iPhone
		{A6EEA9BF-F77D-4945-9AE8-C187D0F6EDAF}.AppStore|x64.Deploy.0 = AppStore|iPhone
		{A6EEA9BF-F77D-4945-9AE8-C187D0F6EDAF}.AppStore|x86.ActiveCfg = AppStore|iPhone
		{A6EEA9BF-F77D-4945-9AE8-C187D0F6EDAF}.AppStore|x86.Build.0 = AppStore|iPhone
		{A6EEA9BF-F77D-4945-9AE8-C187D0F6EDAF}.AppStore|x86.Deploy.0 = AppStore|iPhone
		{A6EEA9BF-F77D-4945-9AE8-C187D0F6EDAF}.Debug|Any CPU.ActiveCfg = Debug|iPhoneSimulator
		{A6EEA9BF-F77D-4945-9AE8-C187D0F6EDAF}.Debug|Any CPU.Build.0 = Debug|iPhoneSimulator
		{A6EEA9BF-F77D-4945-9AE8-C187D0F6EDAF}.Debug|Any CPU.Deploy.0 = Debug|iPhoneSimulator
		{A6EEA9BF-F77D-4945-9AE8-C187D0F6EDAF}.Debug|ARM.ActiveCfg = Debug|iPhone
		{A6EEA9BF-F77D-4945-9AE8-C187D0F6EDAF}.Debug|ARM.Build.0 = Debug|iPhone
		{A6EEA9BF-F77D-4945-9AE8-C187D0F6EDAF}.Debug|ARM.Deploy.0 = Debug|iPhone
		{A6EEA9BF-F77D-4945-9AE8-C187D0F6EDAF}.Debug|iPhone.ActiveCfg = Debug|iPhone
		{A6EEA9BF-F77D-4945-9AE8-C187D0F6EDAF}.Debug|iPhone.Build.0 = Debug|iPhone
		{A6EEA9BF-F77D-4945-9AE8-C187D0F6EDAF}.Debug|iPhone.Deploy.0 = Debug|iPhone
		{A6EEA9BF-F77D-4945-9AE8-C187D0F6EDAF}.Debug|iPhoneSimulator.ActiveCfg = Debug|iPhoneSimulator
		{A6EEA9BF-F77D-4945-9AE8-C187D0F6EDAF}.Debug|iPhoneSimulator.Build.0 = Debug|iPhoneSimulator
		{A6EEA9BF-F77D-4945-9AE8-C187D0F6EDAF}.Debug|iPhoneSimulator.Deploy.0 = Debug|iPhoneSimulator
		{A6EEA9BF-F77D-4945-9AE8-C187D0F6EDAF}.Debug|x64.ActiveCfg = Debug|iPhone
		{A6EEA9BF-F77D-4945-9AE8-C187D0F6EDAF}.Debug|x64.Build.0 = Debug|iPhone
		{A6EEA9BF-F77D-4945-9AE8-C187D0F6EDAF}.Debug|x64.Deploy.0 = Debug|iPhone
		{A6EEA9BF-F77D-4945-9AE8-C187D0F6EDAF}.Debug|x86.ActiveCfg = Debug|iPhone
		{A6EEA9BF-F77D-4945-9AE8-C187D0F6EDAF}.Debug|x86.Build.0 = Debug|iPhone
		{A6EEA9BF-F77D-4945-9AE8-C187D0F6EDAF}.Debug|x86.Deploy.0 = Debug|iPhone
		{A6EEA9BF-F77D-4945-9AE8-C187D0F6EDAF}.Release|Any CPU.ActiveCfg = Release|iPhone
		{A6EEA9BF-F77D-4945-9AE8-C187D0F6EDAF}.Release|Any CPU.Build.0 = Release|iPhone
		{A6EEA9BF-F77D-4945-9AE8-C187D0F6EDAF}.Release|Any CPU.Deploy.0 = Release|iPhone
		{A6EEA9BF-F77D-4945-9AE8-C187D0F6EDAF}.Release|ARM.ActiveCfg = Release|iPhone
		{A6EEA9BF-F77D-4945-9AE8-C187D0F6EDAF}.Release|ARM.Build.0 = Release|iPhone
		{A6EEA9BF-F77D-4945-9AE8-C187D0F6EDAF}.Release|ARM.Deploy.0 = Release|iPhone
		{A6EEA9BF-F77D-4945-9AE8-C187D0F6EDAF}.Release|iPhone.ActiveCfg = Release|iPhone
		{A6EEA9BF-F77D-4945-9AE8-C187D0F6EDAF}.Release|iPhone.Build.0 = Release|iPhone
		{A6EEA9BF-F77D-4945-9AE8-C187D0F6EDAF}.Release|iPhone.Deploy.0 = Release|iPhone
		{A6EEA9BF-F77D-4945-9AE8-C187D0F6EDAF}.Release|iPhoneSimulator.ActiveCfg = Release|iPhoneSimulator
		{A6EEA9BF-F77D-4945-9AE8-C187D0F6EDAF}.Release|iPhoneSimulator.Build.0 = Release|iPhoneSimulator
		{A6EEA9BF-F77D-4945-9AE8-C187D0F6EDAF}.Release|iPhoneSimulator.Deploy.0 = Release|iPhoneSimulator
		{A6EEA9BF-F77D-4945-9AE8-C187D0F6EDAF}.Release|x64.ActiveCfg = Release|iPhone
		{A6EEA9BF-F77D-4945-9AE8-C187D0F6EDAF}.Release|x64.Build.0 = Release|iPhone
		{A6EEA9BF-F77D-4945-9AE8-C187D0F6EDAF}.Release|x64.Deploy.0 = Release|iPhone
		{A6EEA9BF-F77D-4945-9AE8-C187D0F6EDAF}.Release|x86.ActiveCfg = Release|iPhone
		{A6EEA9BF-F77D-4945-9AE8-C187D0F6EDAF}.Release|x86.Build.0 = Release|iPhone
		{A6EEA9BF-F77D-4945-9AE8-C187D0F6EDAF}.Release|x86.Deploy.0 = Release|iPhone
		{8237AFB3-2FFB-42D4-9C0E-63367DBBA78D}.Ad-Hoc|Any CPU.ActiveCfg = Release|Any CPU
		{8237AFB3-2FFB-42D4-9C0E-63367DBBA78D}.Ad-Hoc|Any CPU.Build.0 = Release|Any CPU
		{8237AFB3-2FFB-42D4-9C0E-63367DBBA78D}.Ad-Hoc|Any CPU.Deploy.0 = Release|Any CPU
		{8237AFB3-2FFB-42D4-9C0E-63367DBBA78D}.Ad-Hoc|ARM.ActiveCfg = Release|Any CPU
		{8237AFB3-2FFB-42D4-9C0E-63367DBBA78D}.Ad-Hoc|ARM.Build.0 = Release|Any CPU
		{8237AFB3-2FFB-42D4-9C0E-63367DBBA78D}.Ad-Hoc|ARM.Deploy.0 = Release|Any CPU
		{8237AFB3-2FFB-42D4-9C0E-63367DBBA78D}.Ad-Hoc|iPhone.ActiveCfg = Release|Any CPU
		{8237AFB3-2FFB-42D4-9C0E-63367DBBA78D}.Ad-Hoc|iPhone.Build.0 = Release|Any CPU
		{8237AFB3-2FFB-42D4-9C0E-63367DBBA78D}.Ad-Hoc|iPhone.Deploy.0 = Release|Any CPU
		{8237AFB3-2FFB-42D4-9C0E-63367DBBA78D}.Ad-Hoc|iPhoneSimulator.ActiveCfg = Release|Any CPU
		{8237AFB3-2FFB-42D4-9C0E-63367DBBA78D}.Ad-Hoc|iPhoneSimulator.Build.0 = Release|Any CPU
		{8237AFB3-2FFB-42D4-9C0E-63367DBBA78D}.Ad-Hoc|iPhoneSimulator.Deploy.0 = Release|Any CPU
		{8237AFB3-2FFB-42D4-9C0E-63367DBBA78D}.Ad-Hoc|x64.ActiveCfg = Release|Any CPU
		{8237AFB3-2FFB-42D4-9C0E-63367DBBA78D}.Ad-Hoc|x64.Build.0 = Release|Any CPU
		{8237AFB3-2FFB-42D4-9C0E-63367DBBA78D}.Ad-Hoc|x64.Deploy.0 = Release|Any CPU
		{8237AFB3-2FFB-42D4-9C0E-63367DBBA78D}.Ad-Hoc|x86.ActiveCfg = Release|Any CPU
		{8237AFB3-2FFB-42D4-9C0E-63367DBBA78D}.Ad-Hoc|x86.Build.0 = Release|Any CPU
		{8237AFB3-2FFB-42D4-9C0E-63367DBBA78D}.Ad-Hoc|x86.Deploy.0 = Release|Any CPU
		{8237AFB3-2FFB-42D4-9C0E-63367DBBA78D}.AppStore|Any CPU.ActiveCfg = Release|Any CPU
		{8237AFB3-2FFB-42D4-9C0E-63367DBBA78D}.AppStore|Any CPU.Build.0 = Release|Any CPU
		{8237AFB3-2FFB-42D4-9C0E-63367DBBA78D}.AppStore|Any CPU.Deploy.0 = Release|Any CPU
		{8237AFB3-2FFB-42D4-9C0E-63367DBBA78D}.AppStore|ARM.ActiveCfg = Release|Any CPU
		{8237AFB3-2FFB-42D4-9C0E-63367DBBA78D}.AppStore|ARM.Build.0 = Release|Any CPU
		{8237AFB3-2FFB-42D4-9C0E-63367DBBA78D}.AppStore|ARM.Deploy.0 = Release|Any CPU
		{8237AFB3-2FFB-42D4-9C0E-63367DBBA78D}.AppStore|iPhone.ActiveCfg = Release|Any CPU
		{8237AFB3-2FFB-42D4-9C0E-63367DBBA78D}.AppStore|iPhone.Build.0 = Release|Any CPU
		{8237AFB3-2FFB-42D4-9C0E-63367DBBA78D}.AppStore|iPhone.Deploy.0 = Release|Any CPU
		{8237AFB3-2FFB-42D4-9C0E-63367DBBA78D}.AppStore|iPhoneSimulator.ActiveCfg = Release|Any CPU
		{8237AFB3-2FFB-42D4-9C0E-63367DBBA78D}.AppStore|iPhoneSimulator.Build.0 = Release|Any CPU
		{8237AFB3-2FFB-42D4-9C0E-63367DBBA78D}.AppStore|iPhoneSimulator.Deploy.0 = Release|Any CPU
		{8237AFB3-2FFB-42D4-9C0E-63367DBBA78D}.AppStore|x64.ActiveCfg = Release|Any CPU
		{8237AFB3-2FFB-42D4-9C0E-63367DBBA78D}.AppStore|x64.Build.0 = Release|Any CPU
		{8237AFB3-2FFB-42D4-9C0E-63367DBBA78D}.AppStore|x64.Deploy.0 = Release|Any CPU
		{8237AFB3-2FFB-42D4-9C0E-63367DBBA78D}.AppStore|x86.ActiveCfg = Release|Any CPU
		{8237AFB3-2FFB-42D4-9C0E-63367DBBA78D}.AppStore|x86.Build.0 = Release|Any CPU
		{8237AFB3-2FFB-42D4-9C0E-63367DBBA78D}.AppStore|x86.Deploy.0 = Release|Any CPU
		{8237AFB3-2FFB-42D4-9C0E-63367DBBA78D}.Debug|Any CPU.ActiveCfg = Debug|Any CPU
		{8237AFB3-2FFB-42D4-9C0E-63367DBBA78D}.Debug|Any CPU.Build.0 = Debug|Any CPU
		{8237AFB3-2FFB-42D4-9C0E-63367DBBA78D}.Debug|Any CPU.Deploy.0 = Debug|Any CPU
		{8237AFB3-2FFB-42D4-9C0E-63367DBBA78D}.Debug|ARM.ActiveCfg = Debug|Any CPU
		{8237AFB3-2FFB-42D4-9C0E-63367DBBA78D}.Debug|ARM.Build.0 = Debug|Any CPU
		{8237AFB3-2FFB-42D4-9C0E-63367DBBA78D}.Debug|ARM.Deploy.0 = Debug|Any CPU
		{8237AFB3-2FFB-42D4-9C0E-63367DBBA78D}.Debug|iPhone.ActiveCfg = Debug|Any CPU
		{8237AFB3-2FFB-42D4-9C0E-63367DBBA78D}.Debug|iPhone.Build.0 = Debug|Any CPU
		{8237AFB3-2FFB-42D4-9C0E-63367DBBA78D}.Debug|iPhone.Deploy.0 = Debug|Any CPU
		{8237AFB3-2FFB-42D4-9C0E-63367DBBA78D}.Debug|iPhoneSimulator.ActiveCfg = Debug|Any CPU
		{8237AFB3-2FFB-42D4-9C0E-63367DBBA78D}.Debug|iPhoneSimulator.Build.0 = Debug|Any CPU
		{8237AFB3-2FFB-42D4-9C0E-63367DBBA78D}.Debug|iPhoneSimulator.Deploy.0 = Debug|Any CPU
		{8237AFB3-2FFB-42D4-9C0E-63367DBBA78D}.Debug|x64.ActiveCfg = Debug|Any CPU
		{8237AFB3-2FFB-42D4-9C0E-63367DBBA78D}.Debug|x64.Build.0 = Debug|Any CPU
		{8237AFB3-2FFB-42D4-9C0E-63367DBBA78D}.Debug|x64.Deploy.0 = Debug|Any CPU
		{8237AFB3-2FFB-42D4-9C0E-63367DBBA78D}.Debug|x86.ActiveCfg = Debug|Any CPU
		{8237AFB3-2FFB-42D4-9C0E-63367DBBA78D}.Debug|x86.Build.0 = Debug|Any CPU
		{8237AFB3-2FFB-42D4-9C0E-63367DBBA78D}.Debug|x86.Deploy.0 = Debug|Any CPU
		{8237AFB3-2FFB-42D4-9C0E-63367DBBA78D}.Release|Any CPU.ActiveCfg = Release|Any CPU
		{8237AFB3-2FFB-42D4-9C0E-63367DBBA78D}.Release|Any CPU.Build.0 = Release|Any CPU
		{8237AFB3-2FFB-42D4-9C0E-63367DBBA78D}.Release|Any CPU.Deploy.0 = Release|Any CPU
		{8237AFB3-2FFB-42D4-9C0E-63367DBBA78D}.Release|ARM.ActiveCfg = Release|Any CPU
		{8237AFB3-2FFB-42D4-9C0E-63367DBBA78D}.Release|ARM.Build.0 = Release|Any CPU
		{8237AFB3-2FFB-42D4-9C0E-63367DBBA78D}.Release|ARM.Deploy.0 = Release|Any CPU
		{8237AFB3-2FFB-42D4-9C0E-63367DBBA78D}.Release|iPhone.ActiveCfg = Release|Any CPU
		{8237AFB3-2FFB-42D4-9C0E-63367DBBA78D}.Release|iPhone.Build.0 = Release|Any CPU
		{8237AFB3-2FFB-42D4-9C0E-63367DBBA78D}.Release|iPhone.Deploy.0 = Release|Any CPU
		{8237AFB3-2FFB-42D4-9C0E-63367DBBA78D}.Release|iPhoneSimulator.ActiveCfg = Release|Any CPU
		{8237AFB3-2FFB-42D4-9C0E-63367DBBA78D}.Release|iPhoneSimulator.Build.0 = Release|Any CPU
		{8237AFB3-2FFB-42D4-9C0E-63367DBBA78D}.Release|iPhoneSimulator.Deploy.0 = Release|Any CPU
		{8237AFB3-2FFB-42D4-9C0E-63367DBBA78D}.Release|x64.ActiveCfg = Release|Any CPU
		{8237AFB3-2FFB-42D4-9C0E-63367DBBA78D}.Release|x64.Build.0 = Release|Any CPU
		{8237AFB3-2FFB-42D4-9C0E-63367DBBA78D}.Release|x64.Deploy.0 = Release|Any CPU
		{8237AFB3-2FFB-42D4-9C0E-63367DBBA78D}.Release|x86.ActiveCfg = Release|Any CPU
		{8237AFB3-2FFB-42D4-9C0E-63367DBBA78D}.Release|x86.Build.0 = Release|Any CPU
		{8237AFB3-2FFB-42D4-9C0E-63367DBBA78D}.Release|x86.Deploy.0 = Release|Any CPU
		{01ECA43C-9AB0-4731-94E5-CE15E8C380D6}.Ad-Hoc|Any CPU.ActiveCfg = Release|x64
		{01ECA43C-9AB0-4731-94E5-CE15E8C380D6}.Ad-Hoc|Any CPU.Build.0 = Release|x64
		{01ECA43C-9AB0-4731-94E5-CE15E8C380D6}.Ad-Hoc|Any CPU.Deploy.0 = Release|x64
		{01ECA43C-9AB0-4731-94E5-CE15E8C380D6}.Ad-Hoc|ARM.ActiveCfg = Release|ARM
		{01ECA43C-9AB0-4731-94E5-CE15E8C380D6}.Ad-Hoc|ARM.Build.0 = Release|ARM
		{01ECA43C-9AB0-4731-94E5-CE15E8C380D6}.Ad-Hoc|ARM.Deploy.0 = Release|ARM
		{01ECA43C-9AB0-4731-94E5-CE15E8C380D6}.Ad-Hoc|iPhone.ActiveCfg = Release|x64
		{01ECA43C-9AB0-4731-94E5-CE15E8C380D6}.Ad-Hoc|iPhone.Build.0 = Release|x64
		{01ECA43C-9AB0-4731-94E5-CE15E8C380D6}.Ad-Hoc|iPhone.Deploy.0 = Release|x64
		{01ECA43C-9AB0-4731-94E5-CE15E8C380D6}.Ad-Hoc|iPhoneSimulator.ActiveCfg = Release|x64
		{01ECA43C-9AB0-4731-94E5-CE15E8C380D6}.Ad-Hoc|iPhoneSimulator.Build.0 = Release|x64
		{01ECA43C-9AB0-4731-94E5-CE15E8C380D6}.Ad-Hoc|iPhoneSimulator.Deploy.0 = Release|x64
		{01ECA43C-9AB0-4731-94E5-CE15E8C380D6}.Ad-Hoc|x64.ActiveCfg = Release|x64
		{01ECA43C-9AB0-4731-94E5-CE15E8C380D6}.Ad-Hoc|x64.Build.0 = Release|x64
		{01ECA43C-9AB0-4731-94E5-CE15E8C380D6}.Ad-Hoc|x64.Deploy.0 = Release|x64
		{01ECA43C-9AB0-4731-94E5-CE15E8C380D6}.Ad-Hoc|x86.ActiveCfg = Release|x86
		{01ECA43C-9AB0-4731-94E5-CE15E8C380D6}.Ad-Hoc|x86.Build.0 = Release|x86
		{01ECA43C-9AB0-4731-94E5-CE15E8C380D6}.Ad-Hoc|x86.Deploy.0 = Release|x86
		{01ECA43C-9AB0-4731-94E5-CE15E8C380D6}.AppStore|Any CPU.ActiveCfg = Release|x64
		{01ECA43C-9AB0-4731-94E5-CE15E8C380D6}.AppStore|Any CPU.Build.0 = Release|x64
		{01ECA43C-9AB0-4731-94E5-CE15E8C380D6}.AppStore|Any CPU.Deploy.0 = Release|x64
		{01ECA43C-9AB0-4731-94E5-CE15E8C380D6}.AppStore|ARM.ActiveCfg = Release|ARM
		{01ECA43C-9AB0-4731-94E5-CE15E8C380D6}.AppStore|ARM.Build.0 = Release|ARM
		{01ECA43C-9AB0-4731-94E5-CE15E8C380D6}.AppStore|ARM.Deploy.0 = Release|ARM
		{01ECA43C-9AB0-4731-94E5-CE15E8C380D6}.AppStore|iPhone.ActiveCfg = Release|x64
		{01ECA43C-9AB0-4731-94E5-CE15E8C380D6}.AppStore|iPhone.Build.0 = Release|x64
		{01ECA43C-9AB0-4731-94E5-CE15E8C380D6}.AppStore|iPhone.Deploy.0 = Release|x64
		{01ECA43C-9AB0-4731-94E5-CE15E8C380D6}.AppStore|iPhoneSimulator.ActiveCfg = Release|x64
		{01ECA43C-9AB0-4731-94E5-CE15E8C380D6}.AppStore|iPhoneSimulator.Build.0 = Release|x64
		{01ECA43C-9AB0-4731-94E5-CE15E8C380D6}.AppStore|iPhoneSimulator.Deploy.0 = Release|x64
		{01ECA43C-9AB0-4731-94E5-CE15E8C380D6}.AppStore|x64.ActiveCfg = Release|x64
		{01ECA43C-9AB0-4731-94E5-CE15E8C380D6}.AppStore|x64.Build.0 = Release|x64
		{01ECA43C-9AB0-4731-94E5-CE15E8C380D6}.AppStore|x64.Deploy.0 = Release|x64
		{01ECA43C-9AB0-4731-94E5-CE15E8C380D6}.AppStore|x86.ActiveCfg = Release|x86
		{01ECA43C-9AB0-4731-94E5-CE15E8C380D6}.AppStore|x86.Build.0 = Release|x86
		{01ECA43C-9AB0-4731-94E5-CE15E8C380D6}.AppStore|x86.Deploy.0 = Release|x86
		{01ECA43C-9AB0-4731-94E5-CE15E8C380D6}.Debug|Any CPU.ActiveCfg = Debug|x86
		{01ECA43C-9AB0-4731-94E5-CE15E8C380D6}.Debug|Any CPU.Build.0 = Debug|x86
		{01ECA43C-9AB0-4731-94E5-CE15E8C380D6}.Debug|Any CPU.Deploy.0 = Debug|x86
		{01ECA43C-9AB0-4731-94E5-CE15E8C380D6}.Debug|ARM.ActiveCfg = Debug|ARM
		{01ECA43C-9AB0-4731-94E5-CE15E8C380D6}.Debug|ARM.Build.0 = Debug|ARM
		{01ECA43C-9AB0-4731-94E5-CE15E8C380D6}.Debug|ARM.Deploy.0 = Debug|ARM
		{01ECA43C-9AB0-4731-94E5-CE15E8C380D6}.Debug|iPhone.ActiveCfg = Debug|x86
		{01ECA43C-9AB0-4731-94E5-CE15E8C380D6}.Debug|iPhoneSimulator.ActiveCfg = Debug|x86
		{01ECA43C-9AB0-4731-94E5-CE15E8C380D6}.Debug|x64.ActiveCfg = Debug|x64
		{01ECA43C-9AB0-4731-94E5-CE15E8C380D6}.Debug|x64.Build.0 = Debug|x64
		{01ECA43C-9AB0-4731-94E5-CE15E8C380D6}.Debug|x64.Deploy.0 = Debug|x64
		{01ECA43C-9AB0-4731-94E5-CE15E8C380D6}.Debug|x86.ActiveCfg = Debug|x86
		{01ECA43C-9AB0-4731-94E5-CE15E8C380D6}.Debug|x86.Build.0 = Debug|x86
		{01ECA43C-9AB0-4731-94E5-CE15E8C380D6}.Debug|x86.Deploy.0 = Debug|x86
		{01ECA43C-9AB0-4731-94E5-CE15E8C380D6}.Release|Any CPU.ActiveCfg = Release|x86
		{01ECA43C-9AB0-4731-94E5-CE15E8C380D6}.Release|Any CPU.Build.0 = Release|x86
		{01ECA43C-9AB0-4731-94E5-CE15E8C380D6}.Release|Any CPU.Deploy.0 = Release|x86
		{01ECA43C-9AB0-4731-94E5-CE15E8C380D6}.Release|ARM.ActiveCfg = Release|ARM
		{01ECA43C-9AB0-4731-94E5-CE15E8C380D6}.Release|ARM.Build.0 = Release|ARM
		{01ECA43C-9AB0-4731-94E5-CE15E8C380D6}.Release|ARM.Deploy.0 = Release|ARM
		{01ECA43C-9AB0-4731-94E5-CE15E8C380D6}.Release|iPhone.ActiveCfg = Release|x86
		{01ECA43C-9AB0-4731-94E5-CE15E8C380D6}.Release|iPhoneSimulator.ActiveCfg = Release|x86
		{01ECA43C-9AB0-4731-94E5-CE15E8C380D6}.Release|x64.ActiveCfg = Release|x64
		{01ECA43C-9AB0-4731-94E5-CE15E8C380D6}.Release|x64.Build.0 = Release|x64
		{01ECA43C-9AB0-4731-94E5-CE15E8C380D6}.Release|x64.Deploy.0 = Release|x64
		{01ECA43C-9AB0-4731-94E5-CE15E8C380D6}.Release|x86.ActiveCfg = Release|x86
		{01ECA43C-9AB0-4731-94E5-CE15E8C380D6}.Release|x86.Build.0 = Release|x86
		{01ECA43C-9AB0-4731-94E5-CE15E8C380D6}.Release|x86.Deploy.0 = Release|x86
	EndGlobalSection
	GlobalSection(SolutionProperties) = preSolution
		HideSolutionNode = FALSE
	EndGlobalSection
	GlobalSection(ExtensibilityGlobals) = postSolution
		SolutionGuid = {6B7896D5-E534-44CB-95D6-8FD08BFA01B6}
	EndGlobalSection
EndGlobal
