Microsoft Visual Studio Solution File, Format Version 12.00
# Visual Studio Version 16
VisualStudioVersion = 16.0.29613.14
MinimumVisualStudioVersion = 10.0.40219.1
Project("{FAE04EC0-301F-11D3-BF4B-00C04F79EFBC}") = "ControlTemplateDemos.Android", "ControlTemplateDemos.Android\ControlTemplateDemos.Android.csproj", "{2F75B89A-0DB1-4B92-99AB-5764B84085C8}"
EndProject
Project("{FAE04EC0-301F-11D3-BF4B-00C04F79EFBC}") = "ControlTemplateDemos.iOS", "ControlTemplateDemos.iOS\ControlTemplateDemos.iOS.csproj", "{F84CD903-F2C1-40CD-9BA7-194565C031E6}"
EndProject
Project("{9A19103F-16F7-4668-BE54-9A1E7A4F7556}") = "ControlTemplateDemos", "ControlTemplateDemos\ControlTemplateDemos.csproj", "{528BACF6-28BD-4708-88F1-EC5B41754531}"
EndProject
Project("{FAE04EC0-301F-11D3-BF4B-00C04F79EFBC}") = "ControlTemplateDemos.UWP", "ControlTemplateDemos.UWP\ControlTemplateDemos.UWP.csproj", "{78CFB606-9DC0-4BF8-B4CB-2F01DF8339B7}"
EndProject
Global
	GlobalSection(SolutionConfigurationPlatforms) = preSolution
		Debug|Any CPU = Debug|Any CPU
		Debug|ARM = Debug|ARM
		Debug|ARM64 = Debug|ARM64
		Debug|iPhone = Debug|iPhone
		Debug|iPhoneSimulator = Debug|iPhoneSimulator
		Debug|x64 = Debug|x64
		Debug|x86 = Debug|x86
		Release|Any CPU = Release|Any CPU
		Release|ARM = Release|ARM
		Release|ARM64 = Release|ARM64
		Release|iPhone = Release|iPhone
		Release|iPhoneSimulator = Release|iPhoneSimulator
		Release|x64 = Release|x64
		Release|x86 = Release|x86
	EndGlobalSection
	GlobalSection(ProjectConfigurationPlatforms) = postSolution
		{2F75B89A-0DB1-4B92-99AB-5764B84085C8}.Debug|Any CPU.ActiveCfg = Debug|Any CPU
		{2F75B89A-0DB1-4B92-99AB-5764B84085C8}.Debug|Any CPU.Build.0 = Debug|Any CPU
		{2F75B89A-0DB1-4B92-99AB-5764B84085C8}.Debug|Any CPU.Deploy.0 = Debug|Any CPU
		{2F75B89A-0DB1-4B92-99AB-5764B84085C8}.Debug|ARM.ActiveCfg = Debug|Any CPU
		{2F75B89A-0DB1-4B92-99AB-5764B84085C8}.Debug|ARM.Build.0 = Debug|Any CPU
		{2F75B89A-0DB1-4B92-99AB-5764B84085C8}.Debug|ARM.Deploy.0 = Debug|Any CPU
		{2F75B89A-0DB1-4B92-99AB-5764B84085C8}.Debug|ARM64.ActiveCfg = Debug|Any CPU
		{2F75B89A-0DB1-4B92-99AB-5764B84085C8}.Debug|ARM64.Build.0 = Debug|Any CPU
		{2F75B89A-0DB1-4B92-99AB-5764B84085C8}.Debug|ARM64.Deploy.0 = Debug|Any CPU
		{2F75B89A-0DB1-4B92-99AB-5764B84085C8}.Debug|iPhone.ActiveCfg = Debug|Any CPU
		{2F75B89A-0DB1-4B92-99AB-5764B84085C8}.Debug|iPhone.Build.0 = Debug|Any CPU
		{2F75B89A-0DB1-4B92-99AB-5764B84085C8}.Debug|iPhoneSimulator.ActiveCfg = Debug|Any CPU
		{2F75B89A-0DB1-4B92-99AB-5764B84085C8}.Debug|iPhoneSimulator.Build.0 = Debug|Any CPU
		{2F75B89A-0DB1-4B92-99AB-5764B84085C8}.Debug|x64.ActiveCfg = Debug|Any CPU
		{2F75B89A-0DB1-4B92-99AB-5764B84085C8}.Debug|x64.Build.0 = Debug|Any CPU
		{2F75B89A-0DB1-4B92-99AB-5764B84085C8}.Debug|x64.Deploy.0 = Debug|Any CPU
		{2F75B89A-0DB1-4B92-99AB-5764B84085C8}.Debug|x86.ActiveCfg = Debug|Any CPU
		{2F75B89A-0DB1-4B92-99AB-5764B84085C8}.Debug|x86.Build.0 = Debug|Any CPU
		{2F75B89A-0DB1-4B92-99AB-5764B84085C8}.Debug|x86.Deploy.0 = Debug|Any CPU
		{2F75B89A-0DB1-4B92-99AB-5764B84085C8}.Release|Any CPU.ActiveCfg = Release|Any CPU
		{2F75B89A-0DB1-4B92-99AB-5764B84085C8}.Release|Any CPU.Build.0 = Release|Any CPU
		{2F75B89A-0DB1-4B92-99AB-5764B84085C8}.Release|Any CPU.Deploy.0 = Release|Any CPU
		{2F75B89A-0DB1-4B92-99AB-5764B84085C8}.Release|ARM.ActiveCfg = Release|Any CPU
		{2F75B89A-0DB1-4B92-99AB-5764B84085C8}.Release|ARM.Build.0 = Release|Any CPU
		{2F75B89A-0DB1-4B92-99AB-5764B84085C8}.Release|ARM.Deploy.0 = Release|Any CPU
		{2F75B89A-0DB1-4B92-99AB-5764B84085C8}.Release|ARM64.ActiveCfg = Release|Any CPU
		{2F75B89A-0DB1-4B92-99AB-5764B84085C8}.Release|ARM64.Build.0 = Release|Any CPU
		{2F75B89A-0DB1-4B92-99AB-5764B84085C8}.Release|ARM64.Deploy.0 = Release|Any CPU
		{2F75B89A-0DB1-4B92-99AB-5764B84085C8}.Release|iPhone.ActiveCfg = Release|Any CPU
		{2F75B89A-0DB1-4B92-99AB-5764B84085C8}.Release|iPhone.Build.0 = Release|Any CPU
		{2F75B89A-0DB1-4B92-99AB-5764B84085C8}.Release|iPhoneSimulator.ActiveCfg = Release|Any CPU
		{2F75B89A-0DB1-4B92-99AB-5764B84085C8}.Release|iPhoneSimulator.Build.0 = Release|Any CPU
		{2F75B89A-0DB1-4B92-99AB-5764B84085C8}.Release|x64.ActiveCfg = Release|Any CPU
		{2F75B89A-0DB1-4B92-99AB-5764B84085C8}.Release|x64.Build.0 = Release|Any CPU
		{2F75B89A-0DB1-4B92-99AB-5764B84085C8}.Release|x64.Deploy.0 = Release|Any CPU
		{2F75B89A-0DB1-4B92-99AB-5764B84085C8}.Release|x86.ActiveCfg = Release|Any CPU
		{2F75B89A-0DB1-4B92-99AB-5764B84085C8}.Release|x86.Build.0 = Release|Any CPU
		{2F75B89A-0DB1-4B92-99AB-5764B84085C8}.Release|x86.Deploy.0 = Release|Any CPU
		{F84CD903-F2C1-40CD-9BA7-194565C031E6}.Debug|Any CPU.ActiveCfg = Debug|iPhoneSimulator
		{F84CD903-F2C1-40CD-9BA7-194565C031E6}.Debug|Any CPU.Build.0 = Debug|iPhoneSimulator
		{F84CD903-F2C1-40CD-9BA7-194565C031E6}.Debug|ARM.ActiveCfg = Debug|iPhone
		{F84CD903-F2C1-40CD-9BA7-194565C031E6}.Debug|ARM64.ActiveCfg = Debug|iPhone
		{F84CD903-F2C1-40CD-9BA7-194565C031E6}.Debug|iPhone.ActiveCfg = Debug|iPhone
		{F84CD903-F2C1-40CD-9BA7-194565C031E6}.Debug|iPhone.Build.0 = Debug|iPhone
		{F84CD903-F2C1-40CD-9BA7-194565C031E6}.Debug|iPhoneSimulator.ActiveCfg = Debug|iPhoneSimulator
		{F84CD903-F2C1-40CD-9BA7-194565C031E6}.Debug|iPhoneSimulator.Build.0 = Debug|iPhoneSimulator
		{F84CD903-F2C1-40CD-9BA7-194565C031E6}.Debug|x64.ActiveCfg = Debug|iPhone
		{F84CD903-F2C1-40CD-9BA7-194565C031E6}.Debug|x86.ActiveCfg = Debug|iPhone
		{F84CD903-F2C1-40CD-9BA7-194565C031E6}.Release|Any CPU.ActiveCfg = Release|iPhoneSimulator
		{F84CD903-F2C1-40CD-9BA7-194565C031E6}.Release|Any CPU.Build.0 = Release|iPhoneSimulator
		{F84CD903-F2C1-40CD-9BA7-194565C031E6}.Release|ARM.ActiveCfg = Release|iPhone
		{F84CD903-F2C1-40CD-9BA7-194565C031E6}.Release|ARM64.ActiveCfg = Release|iPhone
		{F84CD903-F2C1-40CD-9BA7-194565C031E6}.Release|iPhone.ActiveCfg = Release|iPhone
		{F84CD903-F2C1-40CD-9BA7-194565C031E6}.Release|iPhone.Build.0 = Release|iPhone
		{F84CD903-F2C1-40CD-9BA7-194565C031E6}.Release|iPhoneSimulator.ActiveCfg = Release|iPhoneSimulator
		{F84CD903-F2C1-40CD-9BA7-194565C031E6}.Release|iPhoneSimulator.Build.0 = Release|iPhoneSimulator
		{F84CD903-F2C1-40CD-9BA7-194565C031E6}.Release|x64.ActiveCfg = Release|iPhone
		{F84CD903-F2C1-40CD-9BA7-194565C031E6}.Release|x86.ActiveCfg = Release|iPhone
		{528BACF6-28BD-4708-88F1-EC5B41754531}.Debug|Any CPU.ActiveCfg = Debug|Any CPU
		{528BACF6-28BD-4708-88F1-EC5B41754531}.Debug|Any CPU.Build.0 = Debug|Any CPU
		{528BACF6-28BD-4708-88F1-EC5B41754531}.Debug|ARM.ActiveCfg = Debug|Any CPU
		{528BACF6-28BD-4708-88F1-EC5B41754531}.Debug|ARM.Build.0 = Debug|Any CPU
		{528BACF6-28BD-4708-88F1-EC5B41754531}.Debug|ARM64.ActiveCfg = Debug|Any CPU
		{528BACF6-28BD-4708-88F1-EC5B41754531}.Debug|ARM64.Build.0 = Debug|Any CPU
		{528BACF6-28BD-4708-88F1-EC5B41754531}.Debug|iPhone.ActiveCfg = Debug|Any CPU
		{528BACF6-28BD-4708-88F1-EC5B41754531}.Debug|iPhone.Build.0 = Debug|Any CPU
		{528BACF6-28BD-4708-88F1-EC5B41754531}.Debug|iPhoneSimulator.ActiveCfg = Debug|Any CPU
		{528BACF6-28BD-4708-88F1-EC5B41754531}.Debug|iPhoneSimulator.Build.0 = Debug|Any CPU
		{528BACF6-28BD-4708-88F1-EC5B41754531}.Debug|x64.ActiveCfg = Debug|Any CPU
		{528BACF6-28BD-4708-88F1-EC5B41754531}.Debug|x64.Build.0 = Debug|Any CPU
		{528BACF6-28BD-4708-88F1-EC5B41754531}.Debug|x86.ActiveCfg = Debug|Any CPU
		{528BACF6-28BD-4708-88F1-EC5B41754531}.Debug|x86.Build.0 = Debug|Any CPU
		{528BACF6-28BD-4708-88F1-EC5B41754531}.Release|Any CPU.ActiveCfg = Release|Any CPU
		{528BACF6-28BD-4708-88F1-EC5B41754531}.Release|Any CPU.Build.0 = Release|Any CPU
		{528BACF6-28BD-4708-88F1-EC5B41754531}.Release|ARM.ActiveCfg = Release|Any CPU
		{528BACF6-28BD-4708-88F1-EC5B41754531}.Release|ARM.Build.0 = Release|Any CPU
		{528BACF6-28BD-4708-88F1-EC5B41754531}.Release|ARM64.ActiveCfg = Release|Any CPU
		{528BACF6-28BD-4708-88F1-EC5B41754531}.Release|ARM64.Build.0 = Release|Any CPU
		{528BACF6-28BD-4708-88F1-EC5B41754531}.Release|iPhone.ActiveCfg = Release|Any CPU
		{528BACF6-28BD-4708-88F1-EC5B41754531}.Release|iPhone.Build.0 = Release|Any CPU
		{528BACF6-28BD-4708-88F1-EC5B41754531}.Release|iPhoneSimulator.ActiveCfg = Release|Any CPU
		{528BACF6-28BD-4708-88F1-EC5B41754531}.Release|iPhoneSimulator.Build.0 = Release|Any CPU
		{528BACF6-28BD-4708-88F1-EC5B41754531}.Release|x64.ActiveCfg = Release|Any CPU
		{528BACF6-28BD-4708-88F1-EC5B41754531}.Release|x64.Build.0 = Release|Any CPU
		{528BACF6-28BD-4708-88F1-EC5B41754531}.Release|x86.ActiveCfg = Release|Any CPU
		{528BACF6-28BD-4708-88F1-EC5B41754531}.Release|x86.Build.0 = Release|Any CPU
		{78CFB606-9DC0-4BF8-B4CB-2F01DF8339B7}.Debug|Any CPU.ActiveCfg = Debug|x86
		{78CFB606-9DC0-4BF8-B4CB-2F01DF8339B7}.Debug|Any CPU.Build.0 = Debug|x86
		{78CFB606-9DC0-4BF8-B4CB-2F01DF8339B7}.Debug|Any CPU.Deploy.0 = Debug|x86
		{78CFB606-9DC0-4BF8-B4CB-2F01DF8339B7}.Debug|ARM.ActiveCfg = Debug|ARM
		{78CFB606-9DC0-4BF8-B4CB-2F01DF8339B7}.Debug|ARM.Build.0 = Debug|ARM
		{78CFB606-9DC0-4BF8-B4CB-2F01DF8339B7}.Debug|ARM.Deploy.0 = Debug|ARM
		{78CFB606-9DC0-4BF8-B4CB-2F01DF8339B7}.Debug|ARM64.ActiveCfg = Debug|ARM64
		{78CFB606-9DC0-4BF8-B4CB-2F01DF8339B7}.Debug|ARM64.Build.0 = Debug|ARM64
		{78CFB606-9DC0-4BF8-B4CB-2F01DF8339B7}.Debug|ARM64.Deploy.0 = Debug|ARM64
		{78CFB606-9DC0-4BF8-B4CB-2F01DF8339B7}.Debug|iPhone.ActiveCfg = Debug|x86
		{78CFB606-9DC0-4BF8-B4CB-2F01DF8339B7}.Debug|iPhoneSimulator.ActiveCfg = Debug|x86
		{78CFB606-9DC0-4BF8-B4CB-2F01DF8339B7}.Debug|x64.ActiveCfg = Debug|x64
		{78CFB606-9DC0-4BF8-B4CB-2F01DF8339B7}.Debug|x64.Build.0 = Debug|x64
		{78CFB606-9DC0-4BF8-B4CB-2F01DF8339B7}.Debug|x64.Deploy.0 = Debug|x64
		{78CFB606-9DC0-4BF8-B4CB-2F01DF8339B7}.Debug|x86.ActiveCfg = Debug|x86
		{78CFB606-9DC0-4BF8-B4CB-2F01DF8339B7}.Debug|x86.Build.0 = Debug|x86
		{78CFB606-9DC0-4BF8-B4CB-2F01DF8339B7}.Debug|x86.Deploy.0 = Debug|x86
		{78CFB606-9DC0-4BF8-B4CB-2F01DF8339B7}.Release|Any CPU.ActiveCfg = Release|x86
		{78CFB606-9DC0-4BF8-B4CB-2F01DF8339B7}.Release|Any CPU.Build.0 = Release|x86
		{78CFB606-9DC0-4BF8-B4CB-2F01DF8339B7}.Release|Any CPU.Deploy.0 = Release|x86
		{78CFB606-9DC0-4BF8-B4CB-2F01DF8339B7}.Release|ARM.ActiveCfg = Release|ARM
		{78CFB606-9DC0-4BF8-B4CB-2F01DF8339B7}.Release|ARM.Build.0 = Release|ARM
		{78CFB606-9DC0-4BF8-B4CB-2F01DF8339B7}.Release|ARM.Deploy.0 = Release|ARM
		{78CFB606-9DC0-4BF8-B4CB-2F01DF8339B7}.Release|ARM64.ActiveCfg = Release|ARM64
		{78CFB606-9DC0-4BF8-B4CB-2F01DF8339B7}.Release|ARM64.Build.0 = Release|ARM64
		{78CFB606-9DC0-4BF8-B4CB-2F01DF8339B7}.Release|ARM64.Deploy.0 = Release|ARM64
		{78CFB606-9DC0-4BF8-B4CB-2F01DF8339B7}.Release|iPhone.ActiveCfg = Release|x86
		{78CFB606-9DC0-4BF8-B4CB-2F01DF8339B7}.Release|iPhoneSimulator.ActiveCfg = Release|x86
		{78CFB606-9DC0-4BF8-B4CB-2F01DF8339B7}.Release|x64.ActiveCfg = Release|x64
		{78CFB606-9DC0-4BF8-B4CB-2F01DF8339B7}.Release|x64.Build.0 = Release|x64
		{78CFB606-9DC0-4BF8-B4CB-2F01DF8339B7}.Release|x64.Deploy.0 = Release|x64
		{78CFB606-9DC0-4BF8-B4CB-2F01DF8339B7}.Release|x86.ActiveCfg = Release|x86
		{78CFB606-9DC0-4BF8-B4CB-2F01DF8339B7}.Release|x86.Build.0 = Release|x86
		{78CFB606-9DC0-4BF8-B4CB-2F01DF8339B7}.Release|x86.Deploy.0 = Release|x86
	EndGlobalSection
	GlobalSection(SolutionProperties) = preSolution
		HideSolutionNode = FALSE
	EndGlobalSection
	GlobalSection(ExtensibilityGlobals) = postSolution
		SolutionGuid = {B2418292-9879-4F7E-B4E5-7B54C39644C2}
	EndGlobalSection
EndGlobal
