
Microsoft Visual Studio Solution File, Format Version 12.00
# Visual Studio Version 16
VisualStudioVersion = 16.0.29102.190
MinimumVisualStudioVersion = 10.0.40219.1
Project("{FAE04EC0-301F-11D3-BF4B-00C04F79EFBC}") = "FrameDemos.UWP", "FrameDemos\FrameDemos.UWP\FrameDemos.UWP.csproj", "{E842CA79-0D19-4CBB-B250-BF8C790BD005}"
EndProject
Project("{FAE04EC0-301F-11D3-BF4B-00C04F79EFBC}") = "FrameDemos.Android", "FrameDemos\FrameDemos.Android\FrameDemos.Android.csproj", "{A644D75F-35C1-47CA-9376-8854A0816840}"
EndProject
Project("{FAE04EC0-301F-11D3-BF4B-00C04F79EFBC}") = "FrameDemos.iOS", "FrameDemos\FrameDemos.iOS\FrameDemos.iOS.csproj", "{7A6C3272-A9C2-47E9-9FAE-97988AA6EB8D}"
EndProject
Project("{FAE04EC0-301F-11D3-BF4B-00C04F79EFBC}") = "FrameDemos", "FrameDemos\FrameDemos\FrameDemos.csproj", "{5792B1D7-2770-4F43-A1B4-2864C0718A3F}"
EndProject
Global
	GlobalSection(SolutionConfigurationPlatforms) = preSolution
		Debug|Any CPU = Debug|Any CPU
		Debug|ARM = Debug|ARM
		Debug|iPhone = Debug|iPhone
		Debug|iPhoneSimulator = Debug|iPhoneSimulator
		Debug|x64 = Debug|x64
		Debug|x86 = Debug|x86
		Release|Any CPU = Release|Any CPU
		Release|ARM = Release|ARM
		Release|iPhone = Release|iPhone
		Release|iPhoneSimulator = Release|iPhoneSimulator
		Release|x64 = Release|x64
		Release|x86 = Release|x86
	EndGlobalSection
	GlobalSection(ProjectConfigurationPlatforms) = postSolution
		{E842CA79-0D19-4CBB-B250-BF8C790BD005}.Debug|Any CPU.ActiveCfg = Debug|x86
		{E842CA79-0D19-4CBB-B250-BF8C790BD005}.Debug|Any CPU.Build.0 = Debug|x86
		{E842CA79-0D19-4CBB-B250-BF8C790BD005}.Debug|Any CPU.Deploy.0 = Debug|x86
		{E842CA79-0D19-4CBB-B250-BF8C790BD005}.Debug|ARM.ActiveCfg = Debug|ARM
		{E842CA79-0D19-4CBB-B250-BF8C790BD005}.Debug|ARM.Build.0 = Debug|ARM
		{E842CA79-0D19-4CBB-B250-BF8C790BD005}.Debug|ARM.Deploy.0 = Debug|ARM
		{E842CA79-0D19-4CBB-B250-BF8C790BD005}.Debug|iPhone.ActiveCfg = Debug|x86
		{E842CA79-0D19-4CBB-B250-BF8C790BD005}.Debug|iPhone.Build.0 = Debug|x86
		{E842CA79-0D19-4CBB-B250-BF8C790BD005}.Debug|iPhone.Deploy.0 = Debug|x86
		{E842CA79-0D19-4CBB-B250-BF8C790BD005}.Debug|iPhoneSimulator.ActiveCfg = Debug|x86
		{E842CA79-0D19-4CBB-B250-BF8C790BD005}.Debug|iPhoneSimulator.Build.0 = Debug|x86
		{E842CA79-0D19-4CBB-B250-BF8C790BD005}.Debug|iPhoneSimulator.Deploy.0 = Debug|x86
		{E842CA79-0D19-4CBB-B250-BF8C790BD005}.Debug|x64.ActiveCfg = Debug|x64
		{E842CA79-0D19-4CBB-B250-BF8C790BD005}.Debug|x64.Build.0 = Debug|x64
		{E842CA79-0D19-4CBB-B250-BF8C790BD005}.Debug|x64.Deploy.0 = Debug|x64
		{E842CA79-0D19-4CBB-B250-BF8C790BD005}.Debug|x86.ActiveCfg = Debug|x86
		{E842CA79-0D19-4CBB-B250-BF8C790BD005}.Debug|x86.Build.0 = Debug|x86
		{E842CA79-0D19-4CBB-B250-BF8C790BD005}.Debug|x86.Deploy.0 = Debug|x86
		{E842CA79-0D19-4CBB-B250-BF8C790BD005}.Release|Any CPU.ActiveCfg = Release|x86
		{E842CA79-0D19-4CBB-B250-BF8C790BD005}.Release|Any CPU.Build.0 = Release|x86
		{E842CA79-0D19-4CBB-B250-BF8C790BD005}.Release|Any CPU.Deploy.0 = Release|x86
		{E842CA79-0D19-4CBB-B250-BF8C790BD005}.Release|ARM.ActiveCfg = Release|ARM
		{E842CA79-0D19-4CBB-B250-BF8C790BD005}.Release|ARM.Build.0 = Release|ARM
		{E842CA79-0D19-4CBB-B250-BF8C790BD005}.Release|ARM.Deploy.0 = Release|ARM
		{E842CA79-0D19-4CBB-B250-BF8C790BD005}.Release|iPhone.ActiveCfg = Release|x86
		{E842CA79-0D19-4CBB-B250-BF8C790BD005}.Release|iPhone.Build.0 = Release|x86
		{E842CA79-0D19-4CBB-B250-BF8C790BD005}.Release|iPhone.Deploy.0 = Release|x86
		{E842CA79-0D19-4CBB-B250-BF8C790BD005}.Release|iPhoneSimulator.ActiveCfg = Release|x86
		{E842CA79-0D19-4CBB-B250-BF8C790BD005}.Release|iPhoneSimulator.Build.0 = Release|x86
		{E842CA79-0D19-4CBB-B250-BF8C790BD005}.Release|iPhoneSimulator.Deploy.0 = Release|x86
		{E842CA79-0D19-4CBB-B250-BF8C790BD005}.Release|x64.ActiveCfg = Release|x64
		{E842CA79-0D19-4CBB-B250-BF8C790BD005}.Release|x64.Build.0 = Release|x64
		{E842CA79-0D19-4CBB-B250-BF8C790BD005}.Release|x64.Deploy.0 = Release|x64
		{E842CA79-0D19-4CBB-B250-BF8C790BD005}.Release|x86.ActiveCfg = Release|x86
		{E842CA79-0D19-4CBB-B250-BF8C790BD005}.Release|x86.Build.0 = Release|x86
		{E842CA79-0D19-4CBB-B250-BF8C790BD005}.Release|x86.Deploy.0 = Release|x86
		{A644D75F-35C1-47CA-9376-8854A0816840}.Debug|Any CPU.ActiveCfg = Debug|Any CPU
		{A644D75F-35C1-47CA-9376-8854A0816840}.Debug|Any CPU.Build.0 = Debug|Any CPU
		{A644D75F-35C1-47CA-9376-8854A0816840}.Debug|Any CPU.Deploy.0 = Debug|Any CPU
		{A644D75F-35C1-47CA-9376-8854A0816840}.Debug|ARM.ActiveCfg = Debug|Any CPU
		{A644D75F-35C1-47CA-9376-8854A0816840}.Debug|ARM.Build.0 = Debug|Any CPU
		{A644D75F-35C1-47CA-9376-8854A0816840}.Debug|ARM.Deploy.0 = Debug|Any CPU
		{A644D75F-35C1-47CA-9376-8854A0816840}.Debug|iPhone.ActiveCfg = Debug|Any CPU
		{A644D75F-35C1-47CA-9376-8854A0816840}.Debug|iPhone.Build.0 = Debug|Any CPU
		{A644D75F-35C1-47CA-9376-8854A0816840}.Debug|iPhone.Deploy.0 = Debug|Any CPU
		{A644D75F-35C1-47CA-9376-8854A0816840}.Debug|iPhoneSimulator.ActiveCfg = Debug|Any CPU
		{A644D75F-35C1-47CA-9376-8854A0816840}.Debug|iPhoneSimulator.Build.0 = Debug|Any CPU
		{A644D75F-35C1-47CA-9376-8854A0816840}.Debug|iPhoneSimulator.Deploy.0 = Debug|Any CPU
		{A644D75F-35C1-47CA-9376-8854A0816840}.Debug|x64.ActiveCfg = Debug|Any CPU
		{A644D75F-35C1-47CA-9376-8854A0816840}.Debug|x64.Build.0 = Debug|Any CPU
		{A644D75F-35C1-47CA-9376-8854A0816840}.Debug|x64.Deploy.0 = Debug|Any CPU
		{A644D75F-35C1-47CA-9376-8854A0816840}.Debug|x86.ActiveCfg = Debug|Any CPU
		{A644D75F-35C1-47CA-9376-8854A0816840}.Debug|x86.Build.0 = Debug|Any CPU
		{A644D75F-35C1-47CA-9376-8854A0816840}.Debug|x86.Deploy.0 = Debug|Any CPU
		{A644D75F-35C1-47CA-9376-8854A0816840}.Release|Any CPU.ActiveCfg = Release|Any CPU
		{A644D75F-35C1-47CA-9376-8854A0816840}.Release|Any CPU.Build.0 = Release|Any CPU
		{A644D75F-35C1-47CA-9376-8854A0816840}.Release|Any CPU.Deploy.0 = Release|Any CPU
		{A644D75F-35C1-47CA-9376-8854A0816840}.Release|ARM.ActiveCfg = Release|Any CPU
		{A644D75F-35C1-47CA-9376-8854A0816840}.Release|ARM.Build.0 = Release|Any CPU
		{A644D75F-35C1-47CA-9376-8854A0816840}.Release|ARM.Deploy.0 = Release|Any CPU
		{A644D75F-35C1-47CA-9376-8854A0816840}.Release|iPhone.ActiveCfg = Release|Any CPU
		{A644D75F-35C1-47CA-9376-8854A0816840}.Release|iPhone.Build.0 = Release|Any CPU
		{A644D75F-35C1-47CA-9376-8854A0816840}.Release|iPhone.Deploy.0 = Release|Any CPU
		{A644D75F-35C1-47CA-9376-8854A0816840}.Release|iPhoneSimulator.ActiveCfg = Release|Any CPU
		{A644D75F-35C1-47CA-9376-8854A0816840}.Release|iPhoneSimulator.Build.0 = Release|Any CPU
		{A644D75F-35C1-47CA-9376-8854A0816840}.Release|iPhoneSimulator.Deploy.0 = Release|Any CPU
		{A644D75F-35C1-47CA-9376-8854A0816840}.Release|x64.ActiveCfg = Release|Any CPU
		{A644D75F-35C1-47CA-9376-8854A0816840}.Release|x64.Build.0 = Release|Any CPU
		{A644D75F-35C1-47CA-9376-8854A0816840}.Release|x64.Deploy.0 = Release|Any CPU
		{A644D75F-35C1-47CA-9376-8854A0816840}.Release|x86.ActiveCfg = Release|Any CPU
		{A644D75F-35C1-47CA-9376-8854A0816840}.Release|x86.Build.0 = Release|Any CPU
		{A644D75F-35C1-47CA-9376-8854A0816840}.Release|x86.Deploy.0 = Release|Any CPU
		{7A6C3272-A9C2-47E9-9FAE-97988AA6EB8D}.Debug|Any CPU.ActiveCfg = Debug|iPhone
		{7A6C3272-A9C2-47E9-9FAE-97988AA6EB8D}.Debug|Any CPU.Build.0 = Debug|iPhone
		{7A6C3272-A9C2-47E9-9FAE-97988AA6EB8D}.Debug|Any CPU.Deploy.0 = Debug|iPhone
		{7A6C3272-A9C2-47E9-9FAE-97988AA6EB8D}.Debug|ARM.ActiveCfg = Debug|iPhoneSimulator
		{7A6C3272-A9C2-47E9-9FAE-97988AA6EB8D}.Debug|ARM.Build.0 = Debug|iPhoneSimulator
		{7A6C3272-A9C2-47E9-9FAE-97988AA6EB8D}.Debug|ARM.Deploy.0 = Debug|iPhoneSimulator
		{7A6C3272-A9C2-47E9-9FAE-97988AA6EB8D}.Debug|iPhone.ActiveCfg = Debug|iPhone
		{7A6C3272-A9C2-47E9-9FAE-97988AA6EB8D}.Debug|iPhone.Build.0 = Debug|iPhone
		{7A6C3272-A9C2-47E9-9FAE-97988AA6EB8D}.Debug|iPhone.Deploy.0 = Debug|iPhone
		{7A6C3272-A9C2-47E9-9FAE-97988AA6EB8D}.Debug|iPhoneSimulator.ActiveCfg = Debug|iPhoneSimulator
		{7A6C3272-A9C2-47E9-9FAE-97988AA6EB8D}.Debug|iPhoneSimulator.Build.0 = Debug|iPhoneSimulator
		{7A6C3272-A9C2-47E9-9FAE-97988AA6EB8D}.Debug|iPhoneSimulator.Deploy.0 = Debug|iPhoneSimulator
		{7A6C3272-A9C2-47E9-9FAE-97988AA6EB8D}.Debug|x64.ActiveCfg = Debug|iPhone
		{7A6C3272-A9C2-47E9-9FAE-97988AA6EB8D}.Debug|x64.Build.0 = Debug|iPhone
		{7A6C3272-A9C2-47E9-9FAE-97988AA6EB8D}.Debug|x64.Deploy.0 = Debug|iPhone
		{7A6C3272-A9C2-47E9-9FAE-97988AA6EB8D}.Debug|x86.ActiveCfg = Debug|iPhone
		{7A6C3272-A9C2-47E9-9FAE-97988AA6EB8D}.Debug|x86.Build.0 = Debug|iPhone
		{7A6C3272-A9C2-47E9-9FAE-97988AA6EB8D}.Debug|x86.Deploy.0 = Debug|iPhone
		{7A6C3272-A9C2-47E9-9FAE-97988AA6EB8D}.Release|Any CPU.ActiveCfg = Release|iPhone
		{7A6C3272-A9C2-47E9-9FAE-97988AA6EB8D}.Release|Any CPU.Build.0 = Release|iPhone
		{7A6C3272-A9C2-47E9-9FAE-97988AA6EB8D}.Release|Any CPU.Deploy.0 = Release|iPhone
		{7A6C3272-A9C2-47E9-9FAE-97988AA6EB8D}.Release|ARM.ActiveCfg = Release|iPhone
		{7A6C3272-A9C2-47E9-9FAE-97988AA6EB8D}.Release|ARM.Build.0 = Release|iPhone
		{7A6C3272-A9C2-47E9-9FAE-97988AA6EB8D}.Release|ARM.Deploy.0 = Release|iPhone
		{7A6C3272-A9C2-47E9-9FAE-97988AA6EB8D}.Release|iPhone.ActiveCfg = Release|iPhone
		{7A6C3272-A9C2-47E9-9FAE-97988AA6EB8D}.Release|iPhone.Build.0 = Release|iPhone
		{7A6C3272-A9C2-47E9-9FAE-97988AA6EB8D}.Release|iPhone.Deploy.0 = Release|iPhone
		{7A6C3272-A9C2-47E9-9FAE-97988AA6EB8D}.Release|iPhoneSimulator.ActiveCfg = Release|iPhoneSimulator
		{7A6C3272-A9C2-47E9-9FAE-97988AA6EB8D}.Release|iPhoneSimulator.Build.0 = Release|iPhoneSimulator
		{7A6C3272-A9C2-47E9-9FAE-97988AA6EB8D}.Release|iPhoneSimulator.Deploy.0 = Release|iPhoneSimulator
		{7A6C3272-A9C2-47E9-9FAE-97988AA6EB8D}.Release|x64.ActiveCfg = Release|iPhone
		{7A6C3272-A9C2-47E9-9FAE-97988AA6EB8D}.Release|x64.Build.0 = Release|iPhone
		{7A6C3272-A9C2-47E9-9FAE-97988AA6EB8D}.Release|x64.Deploy.0 = Release|iPhone
		{7A6C3272-A9C2-47E9-9FAE-97988AA6EB8D}.Release|x86.ActiveCfg = Release|iPhone
		{7A6C3272-A9C2-47E9-9FAE-97988AA6EB8D}.Release|x86.Build.0 = Release|iPhone
		{7A6C3272-A9C2-47E9-9FAE-97988AA6EB8D}.Release|x86.Deploy.0 = Release|iPhone
		{5792B1D7-2770-4F43-A1B4-2864C0718A3F}.Debug|Any CPU.ActiveCfg = Debug|Any CPU
		{5792B1D7-2770-4F43-A1B4-2864C0718A3F}.Debug|Any CPU.Build.0 = Debug|Any CPU
		{5792B1D7-2770-4F43-A1B4-2864C0718A3F}.Debug|Any CPU.Deploy.0 = Debug|Any CPU
		{5792B1D7-2770-4F43-A1B4-2864C0718A3F}.Debug|ARM.ActiveCfg = Debug|Any CPU
		{5792B1D7-2770-4F43-A1B4-2864C0718A3F}.Debug|ARM.Build.0 = Debug|Any CPU
		{5792B1D7-2770-4F43-A1B4-2864C0718A3F}.Debug|ARM.Deploy.0 = Debug|Any CPU
		{5792B1D7-2770-4F43-A1B4-2864C0718A3F}.Debug|iPhone.ActiveCfg = Debug|Any CPU
		{5792B1D7-2770-4F43-A1B4-2864C0718A3F}.Debug|iPhone.Build.0 = Debug|Any CPU
		{5792B1D7-2770-4F43-A1B4-2864C0718A3F}.Debug|iPhone.Deploy.0 = Debug|Any CPU
		{5792B1D7-2770-4F43-A1B4-2864C0718A3F}.Debug|iPhoneSimulator.ActiveCfg = Debug|Any CPU
		{5792B1D7-2770-4F43-A1B4-2864C0718A3F}.Debug|iPhoneSimulator.Build.0 = Debug|Any CPU
		{5792B1D7-2770-4F43-A1B4-2864C0718A3F}.Debug|iPhoneSimulator.Deploy.0 = Debug|Any CPU
		{5792B1D7-2770-4F43-A1B4-2864C0718A3F}.Debug|x64.ActiveCfg = Debug|Any CPU
		{5792B1D7-2770-4F43-A1B4-2864C0718A3F}.Debug|x64.Build.0 = Debug|Any CPU
		{5792B1D7-2770-4F43-A1B4-2864C0718A3F}.Debug|x64.Deploy.0 = Debug|Any CPU
		{5792B1D7-2770-4F43-A1B4-2864C0718A3F}.Debug|x86.ActiveCfg = Debug|Any CPU
		{5792B1D7-2770-4F43-A1B4-2864C0718A3F}.Debug|x86.Build.0 = Debug|Any CPU
		{5792B1D7-2770-4F43-A1B4-2864C0718A3F}.Debug|x86.Deploy.0 = Debug|Any CPU
		{5792B1D7-2770-4F43-A1B4-2864C0718A3F}.Release|Any CPU.ActiveCfg = Release|Any CPU
		{5792B1D7-2770-4F43-A1B4-2864C0718A3F}.Release|Any CPU.Build.0 = Release|Any CPU
		{5792B1D7-2770-4F43-A1B4-2864C0718A3F}.Release|Any CPU.Deploy.0 = Release|Any CPU
		{5792B1D7-2770-4F43-A1B4-2864C0718A3F}.Release|ARM.ActiveCfg = Release|Any CPU
		{5792B1D7-2770-4F43-A1B4-2864C0718A3F}.Release|ARM.Build.0 = Release|Any CPU
		{5792B1D7-2770-4F43-A1B4-2864C0718A3F}.Release|ARM.Deploy.0 = Release|Any CPU
		{5792B1D7-2770-4F43-A1B4-2864C0718A3F}.Release|iPhone.ActiveCfg = Release|Any CPU
		{5792B1D7-2770-4F43-A1B4-2864C0718A3F}.Release|iPhone.Build.0 = Release|Any CPU
		{5792B1D7-2770-4F43-A1B4-2864C0718A3F}.Release|iPhone.Deploy.0 = Release|Any CPU
		{5792B1D7-2770-4F43-A1B4-2864C0718A3F}.Release|iPhoneSimulator.ActiveCfg = Release|Any CPU
		{5792B1D7-2770-4F43-A1B4-2864C0718A3F}.Release|iPhoneSimulator.Build.0 = Release|Any CPU
		{5792B1D7-2770-4F43-A1B4-2864C0718A3F}.Release|iPhoneSimulator.Deploy.0 = Release|Any CPU
		{5792B1D7-2770-4F43-A1B4-2864C0718A3F}.Release|x64.ActiveCfg = Release|Any CPU
		{5792B1D7-2770-4F43-A1B4-2864C0718A3F}.Release|x64.Build.0 = Release|Any CPU
		{5792B1D7-2770-4F43-A1B4-2864C0718A3F}.Release|x64.Deploy.0 = Release|Any CPU
		{5792B1D7-2770-4F43-A1B4-2864C0718A3F}.Release|x86.ActiveCfg = Release|Any CPU
		{5792B1D7-2770-4F43-A1B4-2864C0718A3F}.Release|x86.Build.0 = Release|Any CPU
		{5792B1D7-2770-4F43-A1B4-2864C0718A3F}.Release|x86.Deploy.0 = Release|Any CPU
	EndGlobalSection
	GlobalSection(SolutionProperties) = preSolution
		HideSolutionNode = FALSE
	EndGlobalSection
	GlobalSection(ExtensibilityGlobals) = postSolution
		SolutionGuid = {5376C058-9215-453A-AB9F-F7F94C4A32AC}
	EndGlobalSection
EndGlobal
