Microsoft Visual Studio Solution File, Format Version 12.00
# Visual Studio Version 16
VisualStudioVersion = 16.0.29920.165
MinimumVisualStudioVersion = 10.0.40219.1
Project("{FAE04EC0-301F-11D3-BF4B-00C04F79EFBC}") = "ListViewTutorial.Android", "ListViewTutorial.Android\ListViewTutorial.Android.csproj", "{0F8C4C61-4691-4F62-90BD-904D5F1DB3ED}"
EndProject
Project("{FAE04EC0-301F-11D3-BF4B-00C04F79EFBC}") = "ListViewTutorial.iOS", "ListViewTutorial.iOS\ListViewTutorial.iOS.csproj", "{B6636AD3-8210-45F7-BAFA-8A8AE795EF54}"
EndProject
Project("{9A19103F-16F7-4668-BE54-9A1E7A4F7556}") = "ListViewTutorial", "ListViewTutorial\ListViewTutorial.csproj", "{E1E62E36-922D-43CF-98E5-F7A3C6A0F584}"
EndProject
Global
	GlobalSection(SolutionConfigurationPlatforms) = preSolution
		Ad-Hoc|Any CPU = Ad-Hoc|Any CPU
		Ad-Hoc|iPhone = Ad-Hoc|iPhone
		Ad-Hoc|iPhoneSimulator = Ad-Hoc|iPhoneSimulator
		AppStore|Any CPU = AppStore|Any CPU
		AppStore|iPhone = AppStore|iPhone
		AppStore|iPhoneSimulator = AppStore|iPhoneSimulator
		Debug|Any CPU = Debug|Any CPU
		Debug|iPhone = Debug|iPhone
		Debug|iPhoneSimulator = Debug|iPhoneSimulator
		Release|Any CPU = Release|Any CPU
		Release|iPhone = Release|iPhone
		Release|iPhoneSimulator = Release|iPhoneSimulator
	EndGlobalSection
	GlobalSection(ProjectConfigurationPlatforms) = postSolution
		{0F8C4C61-4691-4F62-90BD-904D5F1DB3ED}.Ad-Hoc|Any CPU.ActiveCfg = Release|Any CPU
		{0F8C4C61-4691-4F62-90BD-904D5F1DB3ED}.Ad-Hoc|Any CPU.Build.0 = Release|Any CPU
		{0F8C4C61-4691-4F62-90BD-904D5F1DB3ED}.Ad-Hoc|Any CPU.Deploy.0 = Release|Any CPU
		{0F8C4C61-4691-4F62-90BD-904D5F1DB3ED}.Ad-Hoc|iPhone.ActiveCfg = Debug|Any CPU
		{0F8C4C61-4691-4F62-90BD-904D5F1DB3ED}.Ad-Hoc|iPhone.Build.0 = Debug|Any CPU
		{0F8C4C61-4691-4F62-90BD-904D5F1DB3ED}.Ad-Hoc|iPhoneSimulator.ActiveCfg = Release|Any CPU
		{0F8C4C61-4691-4F62-90BD-904D5F1DB3ED}.Ad-Hoc|iPhoneSimulator.Build.0 = Release|Any CPU
		{0F8C4C61-4691-4F62-90BD-904D5F1DB3ED}.Ad-Hoc|iPhoneSimulator.Deploy.0 = Release|Any CPU
		{0F8C4C61-4691-4F62-90BD-904D5F1DB3ED}.AppStore|Any CPU.ActiveCfg = Release|Any CPU
		{0F8C4C61-4691-4F62-90BD-904D5F1DB3ED}.AppStore|Any CPU.Build.0 = Release|Any CPU
		{0F8C4C61-4691-4F62-90BD-904D5F1DB3ED}.AppStore|Any CPU.Deploy.0 = Release|Any CPU
		{0F8C4C61-4691-4F62-90BD-904D5F1DB3ED}.AppStore|iPhone.ActiveCfg = Debug|Any CPU
		{0F8C4C61-4691-4F62-90BD-904D5F1DB3ED}.AppStore|iPhone.Build.0 = Debug|Any CPU
		{0F8C4C61-4691-4F62-90BD-904D5F1DB3ED}.AppStore|iPhoneSimulator.ActiveCfg = Release|Any CPU
		{0F8C4C61-4691-4F62-90BD-904D5F1DB3ED}.AppStore|iPhoneSimulator.Build.0 = Release|Any CPU
		{0F8C4C61-4691-4F62-90BD-904D5F1DB3ED}.AppStore|iPhoneSimulator.Deploy.0 = Release|Any CPU
		{0F8C4C61-4691-4F62-90BD-904D5F1DB3ED}.Debug|Any CPU.ActiveCfg = Debug|Any CPU
		{0F8C4C61-4691-4F62-90BD-904D5F1DB3ED}.Debug|Any CPU.Build.0 = Debug|Any CPU
		{0F8C4C61-4691-4F62-90BD-904D5F1DB3ED}.Debug|Any CPU.Deploy.0 = Debug|Any CPU
		{0F8C4C61-4691-4F62-90BD-904D5F1DB3ED}.Debug|iPhone.ActiveCfg = Debug|Any CPU
		{0F8C4C61-4691-4F62-90BD-904D5F1DB3ED}.Debug|iPhone.Build.0 = Debug|Any CPU
		{0F8C4C61-4691-4F62-90BD-904D5F1DB3ED}.Debug|iPhoneSimulator.ActiveCfg = Debug|Any CPU
		{0F8C4C61-4691-4F62-90BD-904D5F1DB3ED}.Debug|iPhoneSimulator.Build.0 = Debug|Any CPU
		{0F8C4C61-4691-4F62-90BD-904D5F1DB3ED}.Release|Any CPU.ActiveCfg = Release|Any CPU
		{0F8C4C61-4691-4F62-90BD-904D5F1DB3ED}.Release|Any CPU.Build.0 = Release|Any CPU
		{0F8C4C61-4691-4F62-90BD-904D5F1DB3ED}.Release|Any CPU.Deploy.0 = Release|Any CPU
		{0F8C4C61-4691-4F62-90BD-904D5F1DB3ED}.Release|iPhone.ActiveCfg = Release|Any CPU
		{0F8C4C61-4691-4F62-90BD-904D5F1DB3ED}.Release|iPhone.Build.0 = Release|Any CPU
		{0F8C4C61-4691-4F62-90BD-904D5F1DB3ED}.Release|iPhoneSimulator.ActiveCfg = Release|Any CPU
		{0F8C4C61-4691-4F62-90BD-904D5F1DB3ED}.Release|iPhoneSimulator.Build.0 = Release|Any CPU
		{B6636AD3-8210-45F7-BAFA-8A8AE795EF54}.Ad-Hoc|Any CPU.ActiveCfg = Ad-Hoc|iPhoneSimulator
		{B6636AD3-8210-45F7-BAFA-8A8AE795EF54}.Ad-Hoc|iPhone.ActiveCfg = Ad-Hoc|iPhone
		{B6636AD3-8210-45F7-BAFA-8A8AE795EF54}.Ad-Hoc|iPhone.Build.0 = Ad-Hoc|iPhone
		{B6636AD3-8210-45F7-BAFA-8A8AE795EF54}.Ad-Hoc|iPhoneSimulator.ActiveCfg = Ad-Hoc|iPhoneSimulator
		{B6636AD3-8210-45F7-BAFA-8A8AE795EF54}.Ad-Hoc|iPhoneSimulator.Build.0 = Ad-Hoc|iPhoneSimulator
		{B6636AD3-8210-45F7-BAFA-8A8AE795EF54}.AppStore|Any CPU.ActiveCfg = AppStore|iPhoneSimulator
		{B6636AD3-8210-45F7-BAFA-8A8AE795EF54}.AppStore|iPhone.ActiveCfg = AppStore|iPhone
		{B6636AD3-8210-45F7-BAFA-8A8AE795EF54}.AppStore|iPhone.Build.0 = AppStore|iPhone
		{B6636AD3-8210-45F7-BAFA-8A8AE795EF54}.AppStore|iPhoneSimulator.ActiveCfg = AppStore|iPhoneSimulator
		{B6636AD3-8210-45F7-BAFA-8A8AE795EF54}.AppStore|iPhoneSimulator.Build.0 = AppStore|iPhoneSimulator
		{B6636AD3-8210-45F7-BAFA-8A8AE795EF54}.Debug|Any CPU.ActiveCfg = Debug|iPhoneSimulator
		{B6636AD3-8210-45F7-BAFA-8A8AE795EF54}.Debug|Any CPU.Build.0 = Debug|iPhoneSimulator
		{B6636AD3-8210-45F7-BAFA-8A8AE795EF54}.Debug|iPhone.ActiveCfg = Debug|iPhone
		{B6636AD3-8210-45F7-BAFA-8A8AE795EF54}.Debug|iPhone.Build.0 = Debug|iPhone
		{B6636AD3-8210-45F7-BAFA-8A8AE795EF54}.Debug|iPhoneSimulator.ActiveCfg = Debug|iPhoneSimulator
		{B6636AD3-8210-45F7-BAFA-8A8AE795EF54}.Debug|iPhoneSimulator.Build.0 = Debug|iPhoneSimulator
		{B6636AD3-8210-45F7-BAFA-8A8AE795EF54}.Release|Any CPU.ActiveCfg = Release|iPhoneSimulator
		{B6636AD3-8210-45F7-BAFA-8A8AE795EF54}.Release|Any CPU.Build.0 = Release|iPhoneSimulator
		{B6636AD3-8210-45F7-BAFA-8A8AE795EF54}.Release|iPhone.ActiveCfg = Release|iPhone
		{B6636AD3-8210-45F7-BAFA-8A8AE795EF54}.Release|iPhone.Build.0 = Release|iPhone
		{B6636AD3-8210-45F7-BAFA-8A8AE795EF54}.Release|iPhoneSimulator.ActiveCfg = Release|iPhoneSimulator
		{B6636AD3-8210-45F7-BAFA-8A8AE795EF54}.Release|iPhoneSimulator.Build.0 = Release|iPhoneSimulator
		{E1E62E36-922D-43CF-98E5-F7A3C6A0F584}.Ad-Hoc|Any CPU.ActiveCfg = Release|Any CPU
		{E1E62E36-922D-43CF-98E5-F7A3C6A0F584}.Ad-Hoc|Any CPU.Build.0 = Release|Any CPU
		{E1E62E36-922D-43CF-98E5-F7A3C6A0F584}.Ad-Hoc|iPhone.ActiveCfg = Debug|Any CPU
		{E1E62E36-922D-43CF-98E5-F7A3C6A0F584}.Ad-Hoc|iPhone.Build.0 = Debug|Any CPU
		{E1E62E36-922D-43CF-98E5-F7A3C6A0F584}.Ad-Hoc|iPhoneSimulator.ActiveCfg = Release|Any CPU
		{E1E62E36-922D-43CF-98E5-F7A3C6A0F584}.Ad-Hoc|iPhoneSimulator.Build.0 = Release|Any CPU
		{E1E62E36-922D-43CF-98E5-F7A3C6A0F584}.AppStore|Any CPU.ActiveCfg = Release|Any CPU
		{E1E62E36-922D-43CF-98E5-F7A3C6A0F584}.AppStore|Any CPU.Build.0 = Release|Any CPU
		{E1E62E36-922D-43CF-98E5-F7A3C6A0F584}.AppStore|iPhone.ActiveCfg = Debug|Any CPU
		{E1E62E36-922D-43CF-98E5-F7A3C6A0F584}.AppStore|iPhone.Build.0 = Debug|Any CPU
		{E1E62E36-922D-43CF-98E5-F7A3C6A0F584}.AppStore|iPhoneSimulator.ActiveCfg = Release|Any CPU
		{E1E62E36-922D-43CF-98E5-F7A3C6A0F584}.AppStore|iPhoneSimulator.Build.0 = Release|Any CPU
		{E1E62E36-922D-43CF-98E5-F7A3C6A0F584}.Debug|Any CPU.ActiveCfg = Debug|Any CPU
		{E1E62E36-922D-43CF-98E5-F7A3C6A0F584}.Debug|Any CPU.Build.0 = Debug|Any CPU
		{E1E62E36-922D-43CF-98E5-F7A3C6A0F584}.Debug|iPhone.ActiveCfg = Debug|Any CPU
		{E1E62E36-922D-43CF-98E5-F7A3C6A0F584}.Debug|iPhone.Build.0 = Debug|Any CPU
		{E1E62E36-922D-43CF-98E5-F7A3C6A0F584}.Debug|iPhoneSimulator.ActiveCfg = Debug|Any CPU
		{E1E62E36-922D-43CF-98E5-F7A3C6A0F584}.Debug|iPhoneSimulator.Build.0 = Debug|Any CPU
		{E1E62E36-922D-43CF-98E5-F7A3C6A0F584}.Release|Any CPU.ActiveCfg = Release|Any CPU
		{E1E62E36-922D-43CF-98E5-F7A3C6A0F584}.Release|Any CPU.Build.0 = Release|Any CPU
		{E1E62E36-922D-43CF-98E5-F7A3C6A0F584}.Release|iPhone.ActiveCfg = Release|Any CPU
		{E1E62E36-922D-43CF-98E5-F7A3C6A0F584}.Release|iPhone.Build.0 = Release|Any CPU
		{E1E62E36-922D-43CF-98E5-F7A3C6A0F584}.Release|iPhoneSimulator.ActiveCfg = Release|Any CPU
		{E1E62E36-922D-43CF-98E5-F7A3C6A0F584}.Release|iPhoneSimulator.Build.0 = Release|Any CPU
	EndGlobalSection
	GlobalSection(SolutionProperties) = preSolution
		HideSolutionNode = FALSE
	EndGlobalSection
	GlobalSection(ExtensibilityGlobals) = postSolution
		SolutionGuid = {B263030B-35E9-4727-B322-EDE727C389C2}
	EndGlobalSection
EndGlobal
