
Microsoft Visual Studio Solution File, Format Version 12.00
# Visual Studio 14
VisualStudioVersion = 14.0.24720.0
MinimumVisualStudioVersion = 10.0.40219.1
Project("{FAE04EC0-301F-11D3-BF4B-00C04F79EFBC}") = "SimpleTheme", "SimpleTheme\SimpleTheme.csproj", "{6480A0C2-E44E-4FC9-B8CD-3A95BA8EACCD}"
EndProject
Project("{FAE04EC0-301F-11D3-BF4B-00C04F79EFBC}") = "SimpleTheme.iOS", "iOS\SimpleTheme.iOS.csproj", "{2F2EDEC4-2987-4CA7-87AC-1E4F869DDF1B}"
EndProject
Project("{FAE04EC0-301F-11D3-BF4B-00C04F79EFBC}") = "SimpleTheme.Droid", "Droid\SimpleTheme.Droid.csproj", "{9DB18799-C32C-4054-811C-3EAEDAF9BC0A}"
EndProject
Project("{FAE04EC0-301F-11D3-BF4B-00C04F79EFBC}") = "SimpleTheme.UWP", "UWP\SimpleTheme.UWP.csproj", "{DBD61CE6-92A0-44F7-80C1-60FFE515F7D6}"
EndProject
Global
	GlobalSection(SolutionConfigurationPlatforms) = preSolution
		Ad-Hoc|Any CPU = Ad-Hoc|Any CPU
		Ad-Hoc|ARM = Ad-Hoc|ARM
		Ad-Hoc|iPhone = Ad-Hoc|iPhone
		Ad-Hoc|iPhoneSimulator = Ad-Hoc|iPhoneSimulator
		Ad-Hoc|x64 = Ad-Hoc|x64
		Ad-Hoc|x86 = Ad-Hoc|x86
		AppStore|Any CPU = AppStore|Any CPU
		AppStore|ARM = AppStore|ARM
		AppStore|iPhone = AppStore|iPhone
		AppStore|iPhoneSimulator = AppStore|iPhoneSimulator
		AppStore|x64 = AppStore|x64
		AppStore|x86 = AppStore|x86
		Debug|Any CPU = Debug|Any CPU
		Debug|ARM = Debug|ARM
		Debug|iPhone = Debug|iPhone
		Debug|iPhoneSimulator = Debug|iPhoneSimulator
		Debug|x64 = Debug|x64
		Debug|x86 = Debug|x86
		Release|Any CPU = Release|Any CPU
		Release|ARM = Release|ARM
		Release|iPhone = Release|iPhone
		Release|iPhoneSimulator = Release|iPhoneSimulator
		Release|x64 = Release|x64
		Release|x86 = Release|x86
	EndGlobalSection
	GlobalSection(ProjectConfigurationPlatforms) = postSolution
		{6480A0C2-E44E-4FC9-B8CD-3A95BA8EACCD}.Ad-Hoc|Any CPU.ActiveCfg = Debug|Any CPU
		{6480A0C2-E44E-4FC9-B8CD-3A95BA8EACCD}.Ad-Hoc|Any CPU.Build.0 = Debug|Any CPU
		{6480A0C2-E44E-4FC9-B8CD-3A95BA8EACCD}.Ad-Hoc|Any CPU.Deploy.0 = Debug|Any CPU
		{6480A0C2-E44E-4FC9-B8CD-3A95BA8EACCD}.Ad-Hoc|ARM.ActiveCfg = Debug|Any CPU
		{6480A0C2-E44E-4FC9-B8CD-3A95BA8EACCD}.Ad-Hoc|ARM.Build.0 = Debug|Any CPU
		{6480A0C2-E44E-4FC9-B8CD-3A95BA8EACCD}.Ad-Hoc|ARM.Deploy.0 = Debug|Any CPU
		{6480A0C2-E44E-4FC9-B8CD-3A95BA8EACCD}.Ad-Hoc|iPhone.ActiveCfg = Debug|Any CPU
		{6480A0C2-E44E-4FC9-B8CD-3A95BA8EACCD}.Ad-Hoc|iPhone.Build.0 = Debug|Any CPU
		{6480A0C2-E44E-4FC9-B8CD-3A95BA8EACCD}.Ad-Hoc|iPhone.Deploy.0 = Debug|Any CPU
		{6480A0C2-E44E-4FC9-B8CD-3A95BA8EACCD}.Ad-Hoc|iPhoneSimulator.ActiveCfg = Debug|Any CPU
		{6480A0C2-E44E-4FC9-B8CD-3A95BA8EACCD}.Ad-Hoc|iPhoneSimulator.Build.0 = Debug|Any CPU
		{6480A0C2-E44E-4FC9-B8CD-3A95BA8EACCD}.Ad-Hoc|iPhoneSimulator.Deploy.0 = Debug|Any CPU
		{6480A0C2-E44E-4FC9-B8CD-3A95BA8EACCD}.Ad-Hoc|x64.ActiveCfg = Debug|Any CPU
		{6480A0C2-E44E-4FC9-B8CD-3A95BA8EACCD}.Ad-Hoc|x64.Build.0 = Debug|Any CPU
		{6480A0C2-E44E-4FC9-B8CD-3A95BA8EACCD}.Ad-Hoc|x64.Deploy.0 = Debug|Any CPU
		{6480A0C2-E44E-4FC9-B8CD-3A95BA8EACCD}.Ad-Hoc|x86.ActiveCfg = Debug|Any CPU
		{6480A0C2-E44E-4FC9-B8CD-3A95BA8EACCD}.Ad-Hoc|x86.Build.0 = Debug|Any CPU
		{6480A0C2-E44E-4FC9-B8CD-3A95BA8EACCD}.Ad-Hoc|x86.Deploy.0 = Debug|Any CPU
		{6480A0C2-E44E-4FC9-B8CD-3A95BA8EACCD}.AppStore|Any CPU.ActiveCfg = Debug|Any CPU
		{6480A0C2-E44E-4FC9-B8CD-3A95BA8EACCD}.AppStore|Any CPU.Build.0 = Debug|Any CPU
		{6480A0C2-E44E-4FC9-B8CD-3A95BA8EACCD}.AppStore|Any CPU.Deploy.0 = Debug|Any CPU
		{6480A0C2-E44E-4FC9-B8CD-3A95BA8EACCD}.AppStore|ARM.ActiveCfg = Debug|Any CPU
		{6480A0C2-E44E-4FC9-B8CD-3A95BA8EACCD}.AppStore|ARM.Build.0 = Debug|Any CPU
		{6480A0C2-E44E-4FC9-B8CD-3A95BA8EACCD}.AppStore|ARM.Deploy.0 = Debug|Any CPU
		{6480A0C2-E44E-4FC9-B8CD-3A95BA8EACCD}.AppStore|iPhone.ActiveCfg = Debug|Any CPU
		{6480A0C2-E44E-4FC9-B8CD-3A95BA8EACCD}.AppStore|iPhone.Build.0 = Debug|Any CPU
		{6480A0C2-E44E-4FC9-B8CD-3A95BA8EACCD}.AppStore|iPhone.Deploy.0 = Debug|Any CPU
		{6480A0C2-E44E-4FC9-B8CD-3A95BA8EACCD}.AppStore|iPhoneSimulator.ActiveCfg = Debug|Any CPU
		{6480A0C2-E44E-4FC9-B8CD-3A95BA8EACCD}.AppStore|iPhoneSimulator.Build.0 = Debug|Any CPU
		{6480A0C2-E44E-4FC9-B8CD-3A95BA8EACCD}.AppStore|iPhoneSimulator.Deploy.0 = Debug|Any CPU
		{6480A0C2-E44E-4FC9-B8CD-3A95BA8EACCD}.AppStore|x64.ActiveCfg = Debug|Any CPU
		{6480A0C2-E44E-4FC9-B8CD-3A95BA8EACCD}.AppStore|x64.Build.0 = Debug|Any CPU
		{6480A0C2-E44E-4FC9-B8CD-3A95BA8EACCD}.AppStore|x64.Deploy.0 = Debug|Any CPU
		{6480A0C2-E44E-4FC9-B8CD-3A95BA8EACCD}.AppStore|x86.ActiveCfg = Debug|Any CPU
		{6480A0C2-E44E-4FC9-B8CD-3A95BA8EACCD}.AppStore|x86.Build.0 = Debug|Any CPU
		{6480A0C2-E44E-4FC9-B8CD-3A95BA8EACCD}.AppStore|x86.Deploy.0 = Debug|Any CPU
		{6480A0C2-E44E-4FC9-B8CD-3A95BA8EACCD}.Debug|Any CPU.ActiveCfg = Debug|Any CPU
		{6480A0C2-E44E-4FC9-B8CD-3A95BA8EACCD}.Debug|Any CPU.Build.0 = Debug|Any CPU
		{6480A0C2-E44E-4FC9-B8CD-3A95BA8EACCD}.Debug|Any CPU.Deploy.0 = Debug|Any CPU
		{6480A0C2-E44E-4FC9-B8CD-3A95BA8EACCD}.Debug|ARM.ActiveCfg = Debug|Any CPU
		{6480A0C2-E44E-4FC9-B8CD-3A95BA8EACCD}.Debug|ARM.Build.0 = Debug|Any CPU
		{6480A0C2-E44E-4FC9-B8CD-3A95BA8EACCD}.Debug|ARM.Deploy.0 = Debug|Any CPU
		{6480A0C2-E44E-4FC9-B8CD-3A95BA8EACCD}.Debug|iPhone.ActiveCfg = Debug|Any CPU
		{6480A0C2-E44E-4FC9-B8CD-3A95BA8EACCD}.Debug|iPhone.Build.0 = Debug|Any CPU
		{6480A0C2-E44E-4FC9-B8CD-3A95BA8EACCD}.Debug|iPhone.Deploy.0 = Debug|Any CPU
		{6480A0C2-E44E-4FC9-B8CD-3A95BA8EACCD}.Debug|iPhoneSimulator.ActiveCfg = Debug|Any CPU
		{6480A0C2-E44E-4FC9-B8CD-3A95BA8EACCD}.Debug|iPhoneSimulator.Build.0 = Debug|Any CPU
		{6480A0C2-E44E-4FC9-B8CD-3A95BA8EACCD}.Debug|iPhoneSimulator.Deploy.0 = Debug|Any CPU
		{6480A0C2-E44E-4FC9-B8CD-3A95BA8EACCD}.Debug|x64.ActiveCfg = Debug|Any CPU
		{6480A0C2-E44E-4FC9-B8CD-3A95BA8EACCD}.Debug|x64.Build.0 = Debug|Any CPU
		{6480A0C2-E44E-4FC9-B8CD-3A95BA8EACCD}.Debug|x64.Deploy.0 = Debug|Any CPU
		{6480A0C2-E44E-4FC9-B8CD-3A95BA8EACCD}.Debug|x86.ActiveCfg = Debug|Any CPU
		{6480A0C2-E44E-4FC9-B8CD-3A95BA8EACCD}.Debug|x86.Build.0 = Debug|Any CPU
		{6480A0C2-E44E-4FC9-B8CD-3A95BA8EACCD}.Debug|x86.Deploy.0 = Debug|Any CPU
		{6480A0C2-E44E-4FC9-B8CD-3A95BA8EACCD}.Release|Any CPU.ActiveCfg = Release|Any CPU
		{6480A0C2-E44E-4FC9-B8CD-3A95BA8EACCD}.Release|Any CPU.Build.0 = Release|Any CPU
		{6480A0C2-E44E-4FC9-B8CD-3A95BA8EACCD}.Release|Any CPU.Deploy.0 = Release|Any CPU
		{6480A0C2-E44E-4FC9-B8CD-3A95BA8EACCD}.Release|ARM.ActiveCfg = Release|Any CPU
		{6480A0C2-E44E-4FC9-B8CD-3A95BA8EACCD}.Release|ARM.Build.0 = Release|Any CPU
		{6480A0C2-E44E-4FC9-B8CD-3A95BA8EACCD}.Release|ARM.Deploy.0 = Release|Any CPU
		{6480A0C2-E44E-4FC9-B8CD-3A95BA8EACCD}.Release|iPhone.ActiveCfg = Release|Any CPU
		{6480A0C2-E44E-4FC9-B8CD-3A95BA8EACCD}.Release|iPhone.Build.0 = Release|Any CPU
		{6480A0C2-E44E-4FC9-B8CD-3A95BA8EACCD}.Release|iPhone.Deploy.0 = Release|Any CPU
		{6480A0C2-E44E-4FC9-B8CD-3A95BA8EACCD}.Release|iPhoneSimulator.ActiveCfg = Release|Any CPU
		{6480A0C2-E44E-4FC9-B8CD-3A95BA8EACCD}.Release|iPhoneSimulator.Build.0 = Release|Any CPU
		{6480A0C2-E44E-4FC9-B8CD-3A95BA8EACCD}.Release|iPhoneSimulator.Deploy.0 = Release|Any CPU
		{6480A0C2-E44E-4FC9-B8CD-3A95BA8EACCD}.Release|x64.ActiveCfg = Release|Any CPU
		{6480A0C2-E44E-4FC9-B8CD-3A95BA8EACCD}.Release|x64.Build.0 = Release|Any CPU
		{6480A0C2-E44E-4FC9-B8CD-3A95BA8EACCD}.Release|x64.Deploy.0 = Release|Any CPU
		{6480A0C2-E44E-4FC9-B8CD-3A95BA8EACCD}.Release|x86.ActiveCfg = Release|Any CPU
		{6480A0C2-E44E-4FC9-B8CD-3A95BA8EACCD}.Release|x86.Build.0 = Release|Any CPU
		{6480A0C2-E44E-4FC9-B8CD-3A95BA8EACCD}.Release|x86.Deploy.0 = Release|Any CPU
		{2F2EDEC4-2987-4CA7-87AC-1E4F869DDF1B}.Ad-Hoc|Any CPU.ActiveCfg = Ad-Hoc|iPhone
		{2F2EDEC4-2987-4CA7-87AC-1E4F869DDF1B}.Ad-Hoc|Any CPU.Build.0 = Ad-Hoc|iPhone
		{2F2EDEC4-2987-4CA7-87AC-1E4F869DDF1B}.Ad-Hoc|Any CPU.Deploy.0 = Ad-Hoc|iPhone
		{2F2EDEC4-2987-4CA7-87AC-1E4F869DDF1B}.Ad-Hoc|ARM.ActiveCfg = Ad-Hoc|iPhone
		{2F2EDEC4-2987-4CA7-87AC-1E4F869DDF1B}.Ad-Hoc|ARM.Build.0 = Ad-Hoc|iPhone
		{2F2EDEC4-2987-4CA7-87AC-1E4F869DDF1B}.Ad-Hoc|ARM.Deploy.0 = Ad-Hoc|iPhone
		{2F2EDEC4-2987-4CA7-87AC-1E4F869DDF1B}.Ad-Hoc|iPhone.ActiveCfg = Ad-Hoc|iPhone
		{2F2EDEC4-2987-4CA7-87AC-1E4F869DDF1B}.Ad-Hoc|iPhone.Build.0 = Ad-Hoc|iPhone
		{2F2EDEC4-2987-4CA7-87AC-1E4F869DDF1B}.Ad-Hoc|iPhone.Deploy.0 = Ad-Hoc|iPhone
		{2F2EDEC4-2987-4CA7-87AC-1E4F869DDF1B}.Ad-Hoc|iPhoneSimulator.ActiveCfg = Ad-Hoc|iPhoneSimulator
		{2F2EDEC4-2987-4CA7-87AC-1E4F869DDF1B}.Ad-Hoc|iPhoneSimulator.Build.0 = Ad-Hoc|iPhoneSimulator
		{2F2EDEC4-2987-4CA7-87AC-1E4F869DDF1B}.Ad-Hoc|iPhoneSimulator.Deploy.0 = Ad-Hoc|iPhoneSimulator
		{2F2EDEC4-2987-4CA7-87AC-1E4F869DDF1B}.Ad-Hoc|x64.ActiveCfg = Ad-Hoc|iPhone
		{2F2EDEC4-2987-4CA7-87AC-1E4F869DDF1B}.Ad-Hoc|x64.Build.0 = Ad-Hoc|iPhone
		{2F2EDEC4-2987-4CA7-87AC-1E4F869DDF1B}.Ad-Hoc|x64.Deploy.0 = Ad-Hoc|iPhone
		{2F2EDEC4-2987-4CA7-87AC-1E4F869DDF1B}.Ad-Hoc|x86.ActiveCfg = Ad-Hoc|iPhone
		{2F2EDEC4-2987-4CA7-87AC-1E4F869DDF1B}.Ad-Hoc|x86.Build.0 = Ad-Hoc|iPhone
		{2F2EDEC4-2987-4CA7-87AC-1E4F869DDF1B}.Ad-Hoc|x86.Deploy.0 = Ad-Hoc|iPhone
		{2F2EDEC4-2987-4CA7-87AC-1E4F869DDF1B}.AppStore|Any CPU.ActiveCfg = AppStore|iPhone
		{2F2EDEC4-2987-4CA7-87AC-1E4F869DDF1B}.AppStore|Any CPU.Build.0 = AppStore|iPhone
		{2F2EDEC4-2987-4CA7-87AC-1E4F869DDF1B}.AppStore|Any CPU.Deploy.0 = AppStore|iPhone
		{2F2EDEC4-2987-4CA7-87AC-1E4F869DDF1B}.AppStore|ARM.ActiveCfg = AppStore|iPhone
		{2F2EDEC4-2987-4CA7-87AC-1E4F869DDF1B}.AppStore|ARM.Build.0 = AppStore|iPhone
		{2F2EDEC4-2987-4CA7-87AC-1E4F869DDF1B}.AppStore|ARM.Deploy.0 = AppStore|iPhone
		{2F2EDEC4-2987-4CA7-87AC-1E4F869DDF1B}.AppStore|iPhone.ActiveCfg = AppStore|iPhone
		{2F2EDEC4-2987-4CA7-87AC-1E4F869DDF1B}.AppStore|iPhone.Build.0 = AppStore|iPhone
		{2F2EDEC4-2987-4CA7-87AC-1E4F869DDF1B}.AppStore|iPhone.Deploy.0 = AppStore|iPhone
		{2F2EDEC4-2987-4CA7-87AC-1E4F869DDF1B}.AppStore|iPhoneSimulator.ActiveCfg = AppStore|iPhoneSimulator
		{2F2EDEC4-2987-4CA7-87AC-1E4F869DDF1B}.AppStore|iPhoneSimulator.Build.0 = AppStore|iPhoneSimulator
		{2F2EDEC4-2987-4CA7-87AC-1E4F869DDF1B}.AppStore|iPhoneSimulator.Deploy.0 = AppStore|iPhoneSimulator
		{2F2EDEC4-2987-4CA7-87AC-1E4F869DDF1B}.AppStore|x64.ActiveCfg = AppStore|iPhone
		{2F2EDEC4-2987-4CA7-87AC-1E4F869DDF1B}.AppStore|x64.Build.0 = AppStore|iPhone
		{2F2EDEC4-2987-4CA7-87AC-1E4F869DDF1B}.AppStore|x64.Deploy.0 = AppStore|iPhone
		{2F2EDEC4-2987-4CA7-87AC-1E4F869DDF1B}.AppStore|x86.ActiveCfg = AppStore|iPhone
		{2F2EDEC4-2987-4CA7-87AC-1E4F869DDF1B}.AppStore|x86.Build.0 = AppStore|iPhone
		{2F2EDEC4-2987-4CA7-87AC-1E4F869DDF1B}.AppStore|x86.Deploy.0 = AppStore|iPhone
		{2F2EDEC4-2987-4CA7-87AC-1E4F869DDF1B}.Debug|Any CPU.ActiveCfg = Debug|iPhoneSimulator
		{2F2EDEC4-2987-4CA7-87AC-1E4F869DDF1B}.Debug|Any CPU.Build.0 = Debug|iPhoneSimulator
		{2F2EDEC4-2987-4CA7-87AC-1E4F869DDF1B}.Debug|Any CPU.Deploy.0 = Debug|iPhoneSimulator
		{2F2EDEC4-2987-4CA7-87AC-1E4F869DDF1B}.Debug|ARM.ActiveCfg = Debug|iPhone
		{2F2EDEC4-2987-4CA7-87AC-1E4F869DDF1B}.Debug|ARM.Build.0 = Debug|iPhone
		{2F2EDEC4-2987-4CA7-87AC-1E4F869DDF1B}.Debug|ARM.Deploy.0 = Debug|iPhone
		{2F2EDEC4-2987-4CA7-87AC-1E4F869DDF1B}.Debug|iPhone.ActiveCfg = Debug|iPhone
		{2F2EDEC4-2987-4CA7-87AC-1E4F869DDF1B}.Debug|iPhone.Build.0 = Debug|iPhone
		{2F2EDEC4-2987-4CA7-87AC-1E4F869DDF1B}.Debug|iPhone.Deploy.0 = Debug|iPhone
		{2F2EDEC4-2987-4CA7-87AC-1E4F869DDF1B}.Debug|iPhoneSimulator.ActiveCfg = Debug|iPhoneSimulator
		{2F2EDEC4-2987-4CA7-87AC-1E4F869DDF1B}.Debug|iPhoneSimulator.Build.0 = Debug|iPhoneSimulator
		{2F2EDEC4-2987-4CA7-87AC-1E4F869DDF1B}.Debug|iPhoneSimulator.Deploy.0 = Debug|iPhoneSimulator
		{2F2EDEC4-2987-4CA7-87AC-1E4F869DDF1B}.Debug|x64.ActiveCfg = Debug|iPhone
		{2F2EDEC4-2987-4CA7-87AC-1E4F869DDF1B}.Debug|x64.Build.0 = Debug|iPhone
		{2F2EDEC4-2987-4CA7-87AC-1E4F869DDF1B}.Debug|x64.Deploy.0 = Debug|iPhone
		{2F2EDEC4-2987-4CA7-87AC-1E4F869DDF1B}.Debug|x86.ActiveCfg = Debug|iPhone
		{2F2EDEC4-2987-4CA7-87AC-1E4F869DDF1B}.Debug|x86.Build.0 = Debug|iPhone
		{2F2EDEC4-2987-4CA7-87AC-1E4F869DDF1B}.Debug|x86.Deploy.0 = Debug|iPhone
		{2F2EDEC4-2987-4CA7-87AC-1E4F869DDF1B}.Release|Any CPU.ActiveCfg = Release|iPhone
		{2F2EDEC4-2987-4CA7-87AC-1E4F869DDF1B}.Release|Any CPU.Build.0 = Release|iPhone
		{2F2EDEC4-2987-4CA7-87AC-1E4F869DDF1B}.Release|Any CPU.Deploy.0 = Release|iPhone
		{2F2EDEC4-2987-4CA7-87AC-1E4F869DDF1B}.Release|ARM.ActiveCfg = Release|iPhone
		{2F2EDEC4-2987-4CA7-87AC-1E4F869DDF1B}.Release|ARM.Build.0 = Release|iPhone
		{2F2EDEC4-2987-4CA7-87AC-1E4F869DDF1B}.Release|ARM.Deploy.0 = Release|iPhone
		{2F2EDEC4-2987-4CA7-87AC-1E4F869DDF1B}.Release|iPhone.ActiveCfg = Release|iPhone
		{2F2EDEC4-2987-4CA7-87AC-1E4F869DDF1B}.Release|iPhone.Build.0 = Release|iPhone
		{2F2EDEC4-2987-4CA7-87AC-1E4F869DDF1B}.Release|iPhone.Deploy.0 = Release|iPhone
		{2F2EDEC4-2987-4CA7-87AC-1E4F869DDF1B}.Release|iPhoneSimulator.ActiveCfg = Release|iPhoneSimulator
		{2F2EDEC4-2987-4CA7-87AC-1E4F869DDF1B}.Release|iPhoneSimulator.Build.0 = Release|iPhoneSimulator
		{2F2EDEC4-2987-4CA7-87AC-1E4F869DDF1B}.Release|iPhoneSimulator.Deploy.0 = Release|iPhoneSimulator
		{2F2EDEC4-2987-4CA7-87AC-1E4F869DDF1B}.Release|x64.ActiveCfg = Release|iPhone
		{2F2EDEC4-2987-4CA7-87AC-1E4F869DDF1B}.Release|x64.Build.0 = Release|iPhone
		{2F2EDEC4-2987-4CA7-87AC-1E4F869DDF1B}.Release|x64.Deploy.0 = Release|iPhone
		{2F2EDEC4-2987-4CA7-87AC-1E4F869DDF1B}.Release|x86.ActiveCfg = Release|iPhone
		{2F2EDEC4-2987-4CA7-87AC-1E4F869DDF1B}.Release|x86.Build.0 = Release|iPhone
		{2F2EDEC4-2987-4CA7-87AC-1E4F869DDF1B}.Release|x86.Deploy.0 = Release|iPhone
		{9DB18799-C32C-4054-811C-3EAEDAF9BC0A}.Ad-Hoc|Any CPU.ActiveCfg = Release|Any CPU
		{9DB18799-C32C-4054-811C-3EAEDAF9BC0A}.Ad-Hoc|Any CPU.Build.0 = Release|Any CPU
		{9DB18799-C32C-4054-811C-3EAEDAF9BC0A}.Ad-Hoc|Any CPU.Deploy.0 = Release|Any CPU
		{9DB18799-C32C-4054-811C-3EAEDAF9BC0A}.Ad-Hoc|ARM.ActiveCfg = Release|Any CPU
		{9DB18799-C32C-4054-811C-3EAEDAF9BC0A}.Ad-Hoc|ARM.Build.0 = Release|Any CPU
		{9DB18799-C32C-4054-811C-3EAEDAF9BC0A}.Ad-Hoc|ARM.Deploy.0 = Release|Any CPU
		{9DB18799-C32C-4054-811C-3EAEDAF9BC0A}.Ad-Hoc|iPhone.ActiveCfg = Release|Any CPU
		{9DB18799-C32C-4054-811C-3EAEDAF9BC0A}.Ad-Hoc|iPhone.Build.0 = Release|Any CPU
		{9DB18799-C32C-4054-811C-3EAEDAF9BC0A}.Ad-Hoc|iPhone.Deploy.0 = Release|Any CPU
		{9DB18799-C32C-4054-811C-3EAEDAF9BC0A}.Ad-Hoc|iPhoneSimulator.ActiveCfg = Release|Any CPU
		{9DB18799-C32C-4054-811C-3EAEDAF9BC0A}.Ad-Hoc|iPhoneSimulator.Build.0 = Release|Any CPU
		{9DB18799-C32C-4054-811C-3EAEDAF9BC0A}.Ad-Hoc|iPhoneSimulator.Deploy.0 = Release|Any CPU
		{9DB18799-C32C-4054-811C-3EAEDAF9BC0A}.Ad-Hoc|x64.ActiveCfg = Release|Any CPU
		{9DB18799-C32C-4054-811C-3EAEDAF9BC0A}.Ad-Hoc|x64.Build.0 = Release|Any CPU
		{9DB18799-C32C-4054-811C-3EAEDAF9BC0A}.Ad-Hoc|x64.Deploy.0 = Release|Any CPU
		{9DB18799-C32C-4054-811C-3EAEDAF9BC0A}.Ad-Hoc|x86.ActiveCfg = Release|Any CPU
		{9DB18799-C32C-4054-811C-3EAEDAF9BC0A}.Ad-Hoc|x86.Build.0 = Release|Any CPU
		{9DB18799-C32C-4054-811C-3EAEDAF9BC0A}.Ad-Hoc|x86.Deploy.0 = Release|Any CPU
		{9DB18799-C32C-4054-811C-3EAEDAF9BC0A}.AppStore|Any CPU.ActiveCfg = Release|Any CPU
		{9DB18799-C32C-4054-811C-3EAEDAF9BC0A}.AppStore|Any CPU.Build.0 = Release|Any CPU
		{9DB18799-C32C-4054-811C-3EAEDAF9BC0A}.AppStore|Any CPU.Deploy.0 = Release|Any CPU
		{9DB18799-C32C-4054-811C-3EAEDAF9BC0A}.AppStore|ARM.ActiveCfg = Release|Any CPU
		{9DB18799-C32C-4054-811C-3EAEDAF9BC0A}.AppStore|ARM.Build.0 = Release|Any CPU
		{9DB18799-C32C-4054-811C-3EAEDAF9BC0A}.AppStore|ARM.Deploy.0 = Release|Any CPU
		{9DB18799-C32C-4054-811C-3EAEDAF9BC0A}.AppStore|iPhone.ActiveCfg = Release|Any CPU
		{9DB18799-C32C-4054-811C-3EAEDAF9BC0A}.AppStore|iPhone.Build.0 = Release|Any CPU
		{9DB18799-C32C-4054-811C-3EAEDAF9BC0A}.AppStore|iPhone.Deploy.0 = Release|Any CPU
		{9DB18799-C32C-4054-811C-3EAEDAF9BC0A}.AppStore|iPhoneSimulator.ActiveCfg = Release|Any CPU
		{9DB18799-C32C-4054-811C-3EAEDAF9BC0A}.AppStore|iPhoneSimulator.Build.0 = Release|Any CPU
		{9DB18799-C32C-4054-811C-3EAEDAF9BC0A}.AppStore|iPhoneSimulator.Deploy.0 = Release|Any CPU
		{9DB18799-C32C-4054-811C-3EAEDAF9BC0A}.AppStore|x64.ActiveCfg = Release|Any CPU
		{9DB18799-C32C-4054-811C-3EAEDAF9BC0A}.AppStore|x64.Build.0 = Release|Any CPU
		{9DB18799-C32C-4054-811C-3EAEDAF9BC0A}.AppStore|x64.Deploy.0 = Release|Any CPU
		{9DB18799-C32C-4054-811C-3EAEDAF9BC0A}.AppStore|x86.ActiveCfg = Release|Any CPU
		{9DB18799-C32C-4054-811C-3EAEDAF9BC0A}.AppStore|x86.Build.0 = Release|Any CPU
		{9DB18799-C32C-4054-811C-3EAEDAF9BC0A}.AppStore|x86.Deploy.0 = Release|Any CPU
		{9DB18799-C32C-4054-811C-3EAEDAF9BC0A}.Debug|Any CPU.ActiveCfg = Debug|Any CPU
		{9DB18799-C32C-4054-811C-3EAEDAF9BC0A}.Debug|Any CPU.Build.0 = Debug|Any CPU
		{9DB18799-C32C-4054-811C-3EAEDAF9BC0A}.Debug|Any CPU.Deploy.0 = Debug|Any CPU
		{9DB18799-C32C-4054-811C-3EAEDAF9BC0A}.Debug|ARM.ActiveCfg = Debug|Any CPU
		{9DB18799-C32C-4054-811C-3EAEDAF9BC0A}.Debug|ARM.Build.0 = Debug|Any CPU
		{9DB18799-C32C-4054-811C-3EAEDAF9BC0A}.Debug|ARM.Deploy.0 = Debug|Any CPU
		{9DB18799-C32C-4054-811C-3EAEDAF9BC0A}.Debug|iPhone.ActiveCfg = Debug|Any CPU
		{9DB18799-C32C-4054-811C-3EAEDAF9BC0A}.Debug|iPhone.Build.0 = Debug|Any CPU
		{9DB18799-C32C-4054-811C-3EAEDAF9BC0A}.Debug|iPhone.Deploy.0 = Debug|Any CPU
		{9DB18799-C32C-4054-811C-3EAEDAF9BC0A}.Debug|iPhoneSimulator.ActiveCfg = Debug|Any CPU
		{9DB18799-C32C-4054-811C-3EAEDAF9BC0A}.Debug|iPhoneSimulator.Build.0 = Debug|Any CPU
		{9DB18799-C32C-4054-811C-3EAEDAF9BC0A}.Debug|iPhoneSimulator.Deploy.0 = Debug|Any CPU
		{9DB18799-C32C-4054-811C-3EAEDAF9BC0A}.Debug|x64.ActiveCfg = Debug|Any CPU
		{9DB18799-C32C-4054-811C-3EAEDAF9BC0A}.Debug|x64.Build.0 = Debug|Any CPU
		{9DB18799-C32C-4054-811C-3EAEDAF9BC0A}.Debug|x64.Deploy.0 = Debug|Any CPU
		{9DB18799-C32C-4054-811C-3EAEDAF9BC0A}.Debug|x86.ActiveCfg = Debug|Any CPU
		{9DB18799-C32C-4054-811C-3EAEDAF9BC0A}.Debug|x86.Build.0 = Debug|Any CPU
		{9DB18799-C32C-4054-811C-3EAEDAF9BC0A}.Debug|x86.Deploy.0 = Debug|Any CPU
		{9DB18799-C32C-4054-811C-3EAEDAF9BC0A}.Release|Any CPU.ActiveCfg = Release|Any CPU
		{9DB18799-C32C-4054-811C-3EAEDAF9BC0A}.Release|Any CPU.Build.0 = Release|Any CPU
		{9DB18799-C32C-4054-811C-3EAEDAF9BC0A}.Release|Any CPU.Deploy.0 = Release|Any CPU
		{9DB18799-C32C-4054-811C-3EAEDAF9BC0A}.Release|ARM.ActiveCfg = Release|Any CPU
		{9DB18799-C32C-4054-811C-3EAEDAF9BC0A}.Release|ARM.Build.0 = Release|Any CPU
		{9DB18799-C32C-4054-811C-3EAEDAF9BC0A}.Release|ARM.Deploy.0 = Release|Any CPU
		{9DB18799-C32C-4054-811C-3EAEDAF9BC0A}.Release|iPhone.ActiveCfg = Release|Any CPU
		{9DB18799-C32C-4054-811C-3EAEDAF9BC0A}.Release|iPhone.Build.0 = Release|Any CPU
		{9DB18799-C32C-4054-811C-3EAEDAF9BC0A}.Release|iPhone.Deploy.0 = Release|Any CPU
		{9DB18799-C32C-4054-811C-3EAEDAF9BC0A}.Release|iPhoneSimulator.ActiveCfg = Release|Any CPU
		{9DB18799-C32C-4054-811C-3EAEDAF9BC0A}.Release|iPhoneSimulator.Build.0 = Release|Any CPU
		{9DB18799-C32C-4054-811C-3EAEDAF9BC0A}.Release|iPhoneSimulator.Deploy.0 = Release|Any CPU
		{9DB18799-C32C-4054-811C-3EAEDAF9BC0A}.Release|x64.ActiveCfg = Release|Any CPU
		{9DB18799-C32C-4054-811C-3EAEDAF9BC0A}.Release|x64.Build.0 = Release|Any CPU
		{9DB18799-C32C-4054-811C-3EAEDAF9BC0A}.Release|x64.Deploy.0 = Release|Any CPU
		{9DB18799-C32C-4054-811C-3EAEDAF9BC0A}.Release|x86.ActiveCfg = Release|Any CPU
		{9DB18799-C32C-4054-811C-3EAEDAF9BC0A}.Release|x86.Build.0 = Release|Any CPU
		{9DB18799-C32C-4054-811C-3EAEDAF9BC0A}.Release|x86.Deploy.0 = Release|Any CPU
		{DBD61CE6-92A0-44F7-80C1-60FFE515F7D6}.Ad-Hoc|Any CPU.ActiveCfg = Release|x86
		{DBD61CE6-92A0-44F7-80C1-60FFE515F7D6}.Ad-Hoc|Any CPU.Build.0 = Release|x86
		{DBD61CE6-92A0-44F7-80C1-60FFE515F7D6}.Ad-Hoc|Any CPU.Deploy.0 = Release|x86
		{DBD61CE6-92A0-44F7-80C1-60FFE515F7D6}.Ad-Hoc|ARM.ActiveCfg = Release|ARM
		{DBD61CE6-92A0-44F7-80C1-60FFE515F7D6}.Ad-Hoc|ARM.Build.0 = Release|ARM
		{DBD61CE6-92A0-44F7-80C1-60FFE515F7D6}.Ad-Hoc|ARM.Deploy.0 = Release|ARM
		{DBD61CE6-92A0-44F7-80C1-60FFE515F7D6}.Ad-Hoc|iPhone.ActiveCfg = Release|x86
		{DBD61CE6-92A0-44F7-80C1-60FFE515F7D6}.Ad-Hoc|iPhone.Build.0 = Release|x86
		{DBD61CE6-92A0-44F7-80C1-60FFE515F7D6}.Ad-Hoc|iPhone.Deploy.0 = Release|x86
		{DBD61CE6-92A0-44F7-80C1-60FFE515F7D6}.Ad-Hoc|iPhoneSimulator.ActiveCfg = Release|x86
		{DBD61CE6-92A0-44F7-80C1-60FFE515F7D6}.Ad-Hoc|iPhoneSimulator.Build.0 = Release|x86
		{DBD61CE6-92A0-44F7-80C1-60FFE515F7D6}.Ad-Hoc|iPhoneSimulator.Deploy.0 = Release|x86
		{DBD61CE6-92A0-44F7-80C1-60FFE515F7D6}.Ad-Hoc|x64.ActiveCfg = Release|x64
		{DBD61CE6-92A0-44F7-80C1-60FFE515F7D6}.Ad-Hoc|x64.Build.0 = Release|x64
		{DBD61CE6-92A0-44F7-80C1-60FFE515F7D6}.Ad-Hoc|x64.Deploy.0 = Release|x64
		{DBD61CE6-92A0-44F7-80C1-60FFE515F7D6}.Ad-Hoc|x86.ActiveCfg = Release|x86
		{DBD61CE6-92A0-44F7-80C1-60FFE515F7D6}.Ad-Hoc|x86.Build.0 = Release|x86
		{DBD61CE6-92A0-44F7-80C1-60FFE515F7D6}.Ad-Hoc|x86.Deploy.0 = Release|x86
		{DBD61CE6-92A0-44F7-80C1-60FFE515F7D6}.AppStore|Any CPU.ActiveCfg = Release|x86
		{DBD61CE6-92A0-44F7-80C1-60FFE515F7D6}.AppStore|Any CPU.Build.0 = Release|x86
		{DBD61CE6-92A0-44F7-80C1-60FFE515F7D6}.AppStore|Any CPU.Deploy.0 = Release|x86
		{DBD61CE6-92A0-44F7-80C1-60FFE515F7D6}.AppStore|ARM.ActiveCfg = Release|ARM
		{DBD61CE6-92A0-44F7-80C1-60FFE515F7D6}.AppStore|ARM.Build.0 = Release|ARM
		{DBD61CE6-92A0-44F7-80C1-60FFE515F7D6}.AppStore|ARM.Deploy.0 = Release|ARM
		{DBD61CE6-92A0-44F7-80C1-60FFE515F7D6}.AppStore|iPhone.ActiveCfg = Release|x86
		{DBD61CE6-92A0-44F7-80C1-60FFE515F7D6}.AppStore|iPhone.Build.0 = Release|x86
		{DBD61CE6-92A0-44F7-80C1-60FFE515F7D6}.AppStore|iPhone.Deploy.0 = Release|x86
		{DBD61CE6-92A0-44F7-80C1-60FFE515F7D6}.AppStore|iPhoneSimulator.ActiveCfg = Release|x86
		{DBD61CE6-92A0-44F7-80C1-60FFE515F7D6}.AppStore|iPhoneSimulator.Build.0 = Release|x86
		{DBD61CE6-92A0-44F7-80C1-60FFE515F7D6}.AppStore|iPhoneSimulator.Deploy.0 = Release|x86
		{DBD61CE6-92A0-44F7-80C1-60FFE515F7D6}.AppStore|x64.ActiveCfg = Release|x64
		{DBD61CE6-92A0-44F7-80C1-60FFE515F7D6}.AppStore|x64.Build.0 = Release|x64
		{DBD61CE6-92A0-44F7-80C1-60FFE515F7D6}.AppStore|x64.Deploy.0 = Release|x64
		{DBD61CE6-92A0-44F7-80C1-60FFE515F7D6}.AppStore|x86.ActiveCfg = Release|x86
		{DBD61CE6-92A0-44F7-80C1-60FFE515F7D6}.AppStore|x86.Build.0 = Release|x86
		{DBD61CE6-92A0-44F7-80C1-60FFE515F7D6}.AppStore|x86.Deploy.0 = Release|x86
		{DBD61CE6-92A0-44F7-80C1-60FFE515F7D6}.Debug|Any CPU.ActiveCfg = Debug|x86
		{DBD61CE6-92A0-44F7-80C1-60FFE515F7D6}.Debug|Any CPU.Build.0 = Debug|x86
		{DBD61CE6-92A0-44F7-80C1-60FFE515F7D6}.Debug|Any CPU.Deploy.0 = Debug|x86
		{DBD61CE6-92A0-44F7-80C1-60FFE515F7D6}.Debug|ARM.ActiveCfg = Debug|ARM
		{DBD61CE6-92A0-44F7-80C1-60FFE515F7D6}.Debug|ARM.Build.0 = Debug|ARM
		{DBD61CE6-92A0-44F7-80C1-60FFE515F7D6}.Debug|ARM.Deploy.0 = Debug|ARM
		{DBD61CE6-92A0-44F7-80C1-60FFE515F7D6}.Debug|iPhone.ActiveCfg = Debug|x86
		{DBD61CE6-92A0-44F7-80C1-60FFE515F7D6}.Debug|iPhone.Build.0 = Debug|x86
		{DBD61CE6-92A0-44F7-80C1-60FFE515F7D6}.Debug|iPhone.Deploy.0 = Debug|x86
		{DBD61CE6-92A0-44F7-80C1-60FFE515F7D6}.Debug|iPhoneSimulator.ActiveCfg = Debug|x86
		{DBD61CE6-92A0-44F7-80C1-60FFE515F7D6}.Debug|iPhoneSimulator.Build.0 = Debug|x86
		{DBD61CE6-92A0-44F7-80C1-60FFE515F7D6}.Debug|iPhoneSimulator.Deploy.0 = Debug|x86
		{DBD61CE6-92A0-44F7-80C1-60FFE515F7D6}.Debug|x64.ActiveCfg = Debug|x64
		{DBD61CE6-92A0-44F7-80C1-60FFE515F7D6}.Debug|x64.Build.0 = Debug|x64
		{DBD61CE6-92A0-44F7-80C1-60FFE515F7D6}.Debug|x64.Deploy.0 = Debug|x64
		{DBD61CE6-92A0-44F7-80C1-60FFE515F7D6}.Debug|x86.ActiveCfg = Debug|x86
		{DBD61CE6-92A0-44F7-80C1-60FFE515F7D6}.Debug|x86.Build.0 = Debug|x86
		{DBD61CE6-92A0-44F7-80C1-60FFE515F7D6}.Debug|x86.Deploy.0 = Debug|x86
		{DBD61CE6-92A0-44F7-80C1-60FFE515F7D6}.Release|Any CPU.ActiveCfg = Release|x86
		{DBD61CE6-92A0-44F7-80C1-60FFE515F7D6}.Release|Any CPU.Build.0 = Release|x86
		{DBD61CE6-92A0-44F7-80C1-60FFE515F7D6}.Release|Any CPU.Deploy.0 = Release|x86
		{DBD61CE6-92A0-44F7-80C1-60FFE515F7D6}.Release|ARM.ActiveCfg = Release|ARM
		{DBD61CE6-92A0-44F7-80C1-60FFE515F7D6}.Release|ARM.Build.0 = Release|ARM
		{DBD61CE6-92A0-44F7-80C1-60FFE515F7D6}.Release|ARM.Deploy.0 = Release|ARM
		{DBD61CE6-92A0-44F7-80C1-60FFE515F7D6}.Release|iPhone.ActiveCfg = Release|x86
		{DBD61CE6-92A0-44F7-80C1-60FFE515F7D6}.Release|iPhone.Build.0 = Release|x86
		{DBD61CE6-92A0-44F7-80C1-60FFE515F7D6}.Release|iPhone.Deploy.0 = Release|x86
		{DBD61CE6-92A0-44F7-80C1-60FFE515F7D6}.Release|iPhoneSimulator.ActiveCfg = Release|x86
		{DBD61CE6-92A0-44F7-80C1-60FFE515F7D6}.Release|iPhoneSimulator.Build.0 = Release|x86
		{DBD61CE6-92A0-44F7-80C1-60FFE515F7D6}.Release|iPhoneSimulator.Deploy.0 = Release|x86
		{DBD61CE6-92A0-44F7-80C1-60FFE515F7D6}.Release|x64.ActiveCfg = Release|x64
		{DBD61CE6-92A0-44F7-80C1-60FFE515F7D6}.Release|x64.Build.0 = Release|x64
		{DBD61CE6-92A0-44F7-80C1-60FFE515F7D6}.Release|x64.Deploy.0 = Release|x64
		{DBD61CE6-92A0-44F7-80C1-60FFE515F7D6}.Release|x86.ActiveCfg = Release|x86
		{DBD61CE6-92A0-44F7-80C1-60FFE515F7D6}.Release|x86.Build.0 = Release|x86
		{DBD61CE6-92A0-44F7-80C1-60FFE515F7D6}.Release|x86.Deploy.0 = Release|x86
	EndGlobalSection
	GlobalSection(SolutionProperties) = preSolution
		HideSolutionNode = FALSE
	EndGlobalSection
EndGlobal
